// !$*UTF8*$!
{
	archiveVersion = 1;
	classes = {
	};
	objectVersion = 50;
	objects = {

/* Begin PBXBuildFile section */
		9E281CF8225A4C790038A5AF /* libreadline.tbd in Frameworks */ = {isa = PBXBuildFile; fileRef = 9E281CF7225A4C790038A5AF /* libreadline.tbd */; };
		9E3A9D4E22568AFC00348529 /* main.m in Sources */ = {isa = PBXBuildFile; fileRef = 9E3A9D4D22568AFC00348529 /* main.m */; };
		9E3F324B227B694400B56B6A /* core.jsl in Resources */ = {isa = PBXBuildFile; fileRef = 9E3F324A227B694300B56B6A /* core.jsl */; };
		9E5D7B4B225B947E00970453 /* Terminal.m in Sources */ = {isa = PBXBuildFile; fileRef = 9E5D7B4A225B947E00970453 /* Terminal.m */; };
		9E5D7B4C225B947E00970453 /* Terminal.m in Sources */ = {isa = PBXBuildFile; fileRef = 9E5D7B4A225B947E00970453 /* Terminal.m */; };
		9E70861A22ACF2A200ADD464 /* test.jsl in Resources */ = {isa = PBXBuildFile; fileRef = 9E70861922ACF29600ADD464 /* test.jsl */; };
		9E741E7B22C12C00009680E8 /* NSArray+JSDataProtocol.m in Sources */ = {isa = PBXBuildFile; fileRef = 9E30554F2261A10F001D4597 /* NSArray+JSDataProtocol.m */; };
		9E741E7C22C12C07009680E8 /* NSDecimalNumber+JSDataProtocol.m in Sources */ = {isa = PBXBuildFile; fileRef = 9E30554B2261A094001D4597 /* NSDecimalNumber+JSDataProtocol.m */; };
		9E741E7D22C12C12009680E8 /* NSMapTable+JSHashMap.m in Sources */ = {isa = PBXBuildFile; fileRef = 9E9458552274EB4400A3D449 /* NSMapTable+JSHashMap.m */; };
		9E741E7E22C12C12009680E8 /* NSMutableArray+JSList.m in Sources */ = {isa = PBXBuildFile; fileRef = 9E30553E22612AF0001D4597 /* NSMutableArray+JSList.m */; };
		9E741E7F22C12C12009680E8 /* NSMutableDictionary+JSHashMap.m in Sources */ = {isa = PBXBuildFile; fileRef = 9E2491E9226C39CA00B9E21C /* NSMutableDictionary+JSHashMap.m */; };
		9E741E8022C12C12009680E8 /* NSNumber+JSDataProtocol.m in Sources */ = {isa = PBXBuildFile; fileRef = 9E30554722619F3F001D4597 /* NSNumber+JSDataProtocol.m */; };
		9E741E8122C12C12009680E8 /* NSString+JSDataProtocol.m in Sources */ = {isa = PBXBuildFile; fileRef = 9E30554322612C34001D4597 /* NSString+JSDataProtocol.m */; };
		9E741E8222C12C23009680E8 /* JSAtom.m in Sources */ = {isa = PBXBuildFile; fileRef = 9E33AACC2275791300A6EB98 /* JSAtom.m */; };
		9E741E8322C12C23009680E8 /* JSBool.m in Sources */ = {isa = PBXBuildFile; fileRef = 9E33AAD42275799200A6EB98 /* JSBool.m */; };
		9E741E8422C12C23009680E8 /* JSFault.m in Sources */ = {isa = PBXBuildFile; fileRef = 9E4F02D62291A1E80064081F /* JSFault.m */; };
		9E741E8522C12C23009680E8 /* JSFunction.m in Sources */ = {isa = PBXBuildFile; fileRef = 9E33AAD8227579C000A6EB98 /* JSFunction.m */; };
		9E741E8622C12C23009680E8 /* JSHashMap.m in Sources */ = {isa = PBXBuildFile; fileRef = 9E94585A2274F04F00A3D449 /* JSHashMap.m */; };
		9E741E8722C12C23009680E8 /* JSKeyword.m in Sources */ = {isa = PBXBuildFile; fileRef = 9E33AAB8227577C000A6EB98 /* JSKeyword.m */; };
		9E741E8822C12C23009680E8 /* JSList.m in Sources */ = {isa = PBXBuildFile; fileRef = 9E33AAC02275786D00A6EB98 /* JSList.m */; };
		9E741E8922C12C23009680E8 /* JSNil.m in Sources */ = {isa = PBXBuildFile; fileRef = 9E33AAD02275796300A6EB98 /* JSNil.m */; };
		9E741E8A22C12C23009680E8 /* JSNumber.m in Sources */ = {isa = PBXBuildFile; fileRef = 9E33AAC8227578E200A6EB98 /* JSNumber.m */; };
		9E741E8B22C12C23009680E8 /* JSString.m in Sources */ = {isa = PBXBuildFile; fileRef = 9E33AAB42275775800A6EB98 /* JSString.m */; };
		9E741E8C22C12C23009680E8 /* JSSymbol.m in Sources */ = {isa = PBXBuildFile; fileRef = 9E33AABC2275783300A6EB98 /* JSSymbol.m */; };
		9E741E8D22C12C23009680E8 /* JSVector.m in Sources */ = {isa = PBXBuildFile; fileRef = 9E33AAC4227578A700A6EB98 /* JSVector.m */; };
		9E741E8E22C12C23009680E8 /* TypeUtils.m in Sources */ = {isa = PBXBuildFile; fileRef = 9E3055532261A162001D4597 /* TypeUtils.m */; };
		9E741E8F22C12C38009680E8 /* CacheTable.m in Sources */ = {isa = PBXBuildFile; fileRef = 9ED5348F22B67FCA004A2CB2 /* CacheTable.m */; };
		9E741E9022C12C38009680E8 /* Const.m in Sources */ = {isa = PBXBuildFile; fileRef = 9E281CED225908480038A5AF /* Const.m */; };
		9E741E9122C12C38009680E8 /* Core.m in Sources */ = {isa = PBXBuildFile; fileRef = 9E3A9D6422568D4B00348529 /* Core.m */; };
		9E741E9222C12C38009680E8 /* Env.m in Sources */ = {isa = PBXBuildFile; fileRef = 9E3A9D6C22568D8D00348529 /* Env.m */; };
		9E741E9322C12C38009680E8 /* FileOps.m in Sources */ = {isa = PBXBuildFile; fileRef = 9E9B6227225B9FC20060DA9A /* FileOps.m */; };
		9E741E9422C12C38009680E8 /* JSError.m in Sources */ = {isa = PBXBuildFile; fileRef = 9E30555F2262633E001D4597 /* JSError.m */; };
		9E741E9522C12C38009680E8 /* JSL.m in Sources */ = {isa = PBXBuildFile; fileRef = 9E6F444722578E5600777A24 /* JSL.m */; };
		9E741E9622C12C38009680E8 /* Logger.m in Sources */ = {isa = PBXBuildFile; fileRef = 9E30553A2260FA8F001D4597 /* Logger.m */; };
		9E741E9722C12C38009680E8 /* ModuleTable.m in Sources */ = {isa = PBXBuildFile; fileRef = 9E250CEB22886ED500EDADEF /* ModuleTable.m */; };
		9E741E9822C12C38009680E8 /* Printer.m in Sources */ = {isa = PBXBuildFile; fileRef = 9E3A9D7022568DB100348529 /* Printer.m */; };
		9E741E9922C12C38009680E8 /* Reader.m in Sources */ = {isa = PBXBuildFile; fileRef = 9E3A9D7422568DBD00348529 /* Reader.m */; };
		9E741E9A22C12C38009680E8 /* State.m in Sources */ = {isa = PBXBuildFile; fileRef = 9E38FC80227F343800405BE5 /* State.m */; };
		9E741E9B22C12C38009680E8 /* SymbolTable.m in Sources */ = {isa = PBXBuildFile; fileRef = 9E43105422BE9C6C00512081 /* SymbolTable.m */; };
		9E741E9C22C12C38009680E8 /* Utils.m in Sources */ = {isa = PBXBuildFile; fileRef = 9E281CE9225890B10038A5AF /* Utils.m */; };
		9E741E9D22C12C42009680E8 /* CacheTableTests.m in Sources */ = {isa = PBXBuildFile; fileRef = 9ED5349222B6991A004A2CB2 /* CacheTableTests.m */; };
		9E741E9E22C12C47009680E8 /* JSLPerfTests.m in Sources */ = {isa = PBXBuildFile; fileRef = 9E36651E22BF6781003DC5EF /* JSLPerfTests.m */; };
		9E741EA022C12D17009680E8 /* JSLTests.m in Sources */ = {isa = PBXBuildFile; fileRef = 9E3A9D5A22568B1300348529 /* JSLTests.m */; };
		9E741EA122C12D98009680E8 /* FileOps.h in Headers */ = {isa = PBXBuildFile; fileRef = 9E9B6226225B9FC20060DA9A /* FileOps.h */; };
		9E741EA222C12D9E009680E8 /* NSArray+JSDataProtocol.h in Headers */ = {isa = PBXBuildFile; fileRef = 9E30554E2261A10F001D4597 /* NSArray+JSDataProtocol.h */; };
		9E741EA322C12DAB009680E8 /* NSDecimalNumber+JSDataProtocol.h in Headers */ = {isa = PBXBuildFile; fileRef = 9E30554A2261A094001D4597 /* NSDecimalNumber+JSDataProtocol.h */; };
		9E741EA422C12DAB009680E8 /* NSMapTable+JSHashMap.h in Headers */ = {isa = PBXBuildFile; fileRef = 9E9458542274EB4400A3D449 /* NSMapTable+JSHashMap.h */; };
		9E741EA522C12DAB009680E8 /* NSMutableArray+JSList.h in Headers */ = {isa = PBXBuildFile; fileRef = 9E30553D22612AF0001D4597 /* NSMutableArray+JSList.h */; };
		9E741EA622C12DAB009680E8 /* NSMutableDictionary+JSHashMap.h in Headers */ = {isa = PBXBuildFile; fileRef = 9E2491E8226C39CA00B9E21C /* NSMutableDictionary+JSHashMap.h */; };
		9E741EA722C12DAB009680E8 /* NSNumber+JSDataProtocol.h in Headers */ = {isa = PBXBuildFile; fileRef = 9E30554622619F3F001D4597 /* NSNumber+JSDataProtocol.h */; };
		9E741EA822C12DAB009680E8 /* NSString+JSDataProtocol.h in Headers */ = {isa = PBXBuildFile; fileRef = 9E30554222612C34001D4597 /* NSString+JSDataProtocol.h */; };
		9E741EA922C12DBA009680E8 /* JSAtom.h in Headers */ = {isa = PBXBuildFile; fileRef = 9E33AACB2275791300A6EB98 /* JSAtom.h */; };
		9E741EAA22C12DBA009680E8 /* JSBool.h in Headers */ = {isa = PBXBuildFile; fileRef = 9E33AAD32275799200A6EB98 /* JSBool.h */; };
		9E741EAB22C12DBA009680E8 /* JSDataProtocol.h in Headers */ = {isa = PBXBuildFile; fileRef = 9E33AAAF2275767800A6EB98 /* JSDataProtocol.h */; };
		9E741EAC22C12DBA009680E8 /* JSFault.h in Headers */ = {isa = PBXBuildFile; fileRef = 9E4F02D52291A1E80064081F /* JSFault.h */; };
		9E741EAD22C12DBA009680E8 /* JSFunction.h in Headers */ = {isa = PBXBuildFile; fileRef = 9E33AAD7227579C000A6EB98 /* JSFunction.h */; };
		9E741EAE22C12DBA009680E8 /* JSHashMap.h in Headers */ = {isa = PBXBuildFile; fileRef = 9E9458592274F04F00A3D449 /* JSHashMap.h */; };
		9E741EAF22C12DBA009680E8 /* JSKeyword.h in Headers */ = {isa = PBXBuildFile; fileRef = 9E33AAB7227577C000A6EB98 /* JSKeyword.h */; };
		9E741EB022C12DBA009680E8 /* JSList.h in Headers */ = {isa = PBXBuildFile; fileRef = 9E33AABF2275786D00A6EB98 /* JSList.h */; };
		9E741EB122C12DBA009680E8 /* JSNil.h in Headers */ = {isa = PBXBuildFile; fileRef = 9E33AACF2275796300A6EB98 /* JSNil.h */; };
		9E741EB222C12DBA009680E8 /* JSNumber.h in Headers */ = {isa = PBXBuildFile; fileRef = 9E33AAC7227578E200A6EB98 /* JSNumber.h */; };
		9E741EB322C12DBA009680E8 /* JSString.h in Headers */ = {isa = PBXBuildFile; fileRef = 9E33AAB32275775800A6EB98 /* JSString.h */; };
		9E741EB422C12DBA009680E8 /* JSSymbol.h in Headers */ = {isa = PBXBuildFile; fileRef = 9E33AABB2275783300A6EB98 /* JSSymbol.h */; };
		9E741EB522C12DBA009680E8 /* JSVector.h in Headers */ = {isa = PBXBuildFile; fileRef = 9E33AAC3227578A700A6EB98 /* JSVector.h */; };
		9E741EB622C12DBA009680E8 /* Types.h in Headers */ = {isa = PBXBuildFile; fileRef = 9E3A9D6722568D7D00348529 /* Types.h */; };
		9E741EB722C12DBA009680E8 /* TypeUtils.h in Headers */ = {isa = PBXBuildFile; fileRef = 9E3055522261A162001D4597 /* TypeUtils.h */; };
		9E741EB822C12DCE009680E8 /* CacheTable.h in Headers */ = {isa = PBXBuildFile; fileRef = 9ED5348E22B67FCA004A2CB2 /* CacheTable.h */; };
		9E741EB922C12DCE009680E8 /* Const.h in Headers */ = {isa = PBXBuildFile; fileRef = 9E281CEC225908480038A5AF /* Const.h */; };
		9E741EBA22C12DCE009680E8 /* Core.h in Headers */ = {isa = PBXBuildFile; fileRef = 9E3A9D6322568D4B00348529 /* Core.h */; };
		9E741EBB22C12DCE009680E8 /* Env.h in Headers */ = {isa = PBXBuildFile; fileRef = 9E3A9D6B22568D8D00348529 /* Env.h */; };
		9E741EBC22C12DCE009680E8 /* JSError.h in Headers */ = {isa = PBXBuildFile; fileRef = 9E30555E2262633E001D4597 /* JSError.h */; };
		9E741EBD22C12DCE009680E8 /* JSL.h in Headers */ = {isa = PBXBuildFile; fileRef = 9E6F444622578E5600777A24 /* JSL.h */; };
		9E741EBE22C12DCE009680E8 /* JSLDelegate.h in Headers */ = {isa = PBXBuildFile; fileRef = 9ED5348A22B54E91004A2CB2 /* JSLDelegate.h */; };
		9E741EBF22C12DCE009680E8 /* Logger.h in Headers */ = {isa = PBXBuildFile; fileRef = 9E3055392260FA8F001D4597 /* Logger.h */; };
		9E741EC022C12DCE009680E8 /* ModuleTable.h in Headers */ = {isa = PBXBuildFile; fileRef = 9E250CEA22886ED500EDADEF /* ModuleTable.h */; };
		9E741EC122C12DCE009680E8 /* Printer.h in Headers */ = {isa = PBXBuildFile; fileRef = 9E3A9D6F22568DB100348529 /* Printer.h */; };
		9E741EC222C12DCE009680E8 /* Reader.h in Headers */ = {isa = PBXBuildFile; fileRef = 9E3A9D7322568DBD00348529 /* Reader.h */; };
		9E741EC322C12DCE009680E8 /* State.h in Headers */ = {isa = PBXBuildFile; fileRef = 9E38FC7F227F343800405BE5 /* State.h */; };
		9E741EC422C12DCE009680E8 /* SymbolTable.h in Headers */ = {isa = PBXBuildFile; fileRef = 9E43105322BE9C6C00512081 /* SymbolTable.h */; };
		9E741EC522C12DCE009680E8 /* Utils.h in Headers */ = {isa = PBXBuildFile; fileRef = 9E281CE8225890B10038A5AF /* Utils.h */; };
		9E741EC822C13257009680E8 /* core.jsl in Resources */ = {isa = PBXBuildFile; fileRef = 9E3F324A227B694300B56B6A /* core.jsl */; };
		9E741EC922C1325C009680E8 /* test.jsl in Resources */ = {isa = PBXBuildFile; fileRef = 9E70861922ACF29600ADD464 /* test.jsl */; };
		9E741ED022C13A13009680E8 /* collatz.jsl in Resources */ = {isa = PBXBuildFile; fileRef = 9E741ECB22C139AA009680E8 /* collatz.jsl */; };
		9E741ED122C13A13009680E8 /* i.test.jsl in Resources */ = {isa = PBXBuildFile; fileRef = 9E741ECD22C139B1009680E8 /* i.test.jsl */; };
		9E741ED222C13A13009680E8 /* module-test.jsl in Resources */ = {isa = PBXBuildFile; fileRef = 9E741ECE22C139B9009680E8 /* module-test.jsl */; };
		9E741ED322C13A13009680E8 /* scope.jsl in Resources */ = {isa = PBXBuildFile; fileRef = 9E741ECF22C139BC009680E8 /* scope.jsl */; };
		9E741ED422C140C0009680E8 /* JSL.framework in Frameworks */ = {isa = PBXBuildFile; fileRef = 9E7942CF22C12A310086A47F /* JSL.framework */; };
		9E741ED522C140CA009680E8 /* JSL.framework in Frameworks */ = {isa = PBXBuildFile; fileRef = 9E7942CF22C12A310086A47F /* JSL.framework */; };
		9E741EDC22C14556009680E8 /* JSLShellTests.m in Sources */ = {isa = PBXBuildFile; fileRef = 9E741EDB22C14556009680E8 /* JSLShellTests.m */; };
		9E741EE322C150DA009680E8 /* ShellConst.m in Sources */ = {isa = PBXBuildFile; fileRef = 9E741EE222C150DA009680E8 /* ShellConst.m */; };
		9E741EE422C150DA009680E8 /* ShellConst.m in Sources */ = {isa = PBXBuildFile; fileRef = 9E741EE222C150DA009680E8 /* ShellConst.m */; };
		9E7942D822C12A310086A47F /* JSL.framework in Frameworks */ = {isa = PBXBuildFile; fileRef = 9E7942CF22C12A310086A47F /* JSL.framework */; };
		9E7942DF22C12A320086A47F /* JSLLib.h in Headers */ = {isa = PBXBuildFile; fileRef = 9E7942D122C12A310086A47F /* JSLLib.h */; settings = {ATTRIBUTES = (Public, ); }; };
		9E9B622B225BAA280060DA9A /* libedit.tbd in Frameworks */ = {isa = PBXBuildFile; fileRef = 9E9B622A225BAA270060DA9A /* libedit.tbd */; };
/* End PBXBuildFile section */

/* Begin PBXContainerItemProxy section */
		9E741ED922C1431F009680E8 /* PBXContainerItemProxy */ = {
			isa = PBXContainerItemProxy;
			containerPortal = 9E3A9D4222568AFC00348529 /* Project object */;
			proxyType = 1;
			remoteGlobalIDString = 9E7942CE22C12A310086A47F;
			remoteInfo = JSL;
		};
		9E7942D922C12A310086A47F /* PBXContainerItemProxy */ = {
			isa = PBXContainerItemProxy;
			containerPortal = 9E3A9D4222568AFC00348529 /* Project object */;
			proxyType = 1;
			remoteGlobalIDString = 9E7942CE22C12A310086A47F;
			remoteInfo = JSL;
		};
/* End PBXContainerItemProxy section */

/* Begin PBXCopyFilesBuildPhase section */
		9E3A9D4822568AFC00348529 /* CopyFiles */ = {
			isa = PBXCopyFilesBuildPhase;
			buildActionMask = 12;
			dstPath = .;
			dstSubfolderSpec = 16;
			files = (
			);
			runOnlyForDeploymentPostprocessing = 0;
		};
/* End PBXCopyFilesBuildPhase section */

/* Begin PBXFileReference section */
		9E2491E8226C39CA00B9E21C /* NSMutableDictionary+JSHashMap.h */ = {isa = PBXFileReference; lastKnownFileType = sourcecode.c.h; path = "NSMutableDictionary+JSHashMap.h"; sourceTree = "<group>"; };
		9E2491E9226C39CA00B9E21C /* NSMutableDictionary+JSHashMap.m */ = {isa = PBXFileReference; lastKnownFileType = sourcecode.c.objc; path = "NSMutableDictionary+JSHashMap.m"; sourceTree = "<group>"; };
		9E250CEA22886ED500EDADEF /* ModuleTable.h */ = {isa = PBXFileReference; lastKnownFileType = sourcecode.c.h; path = ModuleTable.h; sourceTree = "<group>"; };
		9E250CEB22886ED500EDADEF /* ModuleTable.m */ = {isa = PBXFileReference; lastKnownFileType = sourcecode.c.objc; path = ModuleTable.m; sourceTree = "<group>"; };
		9E281CE8225890B10038A5AF /* Utils.h */ = {isa = PBXFileReference; lastKnownFileType = sourcecode.c.h; path = Utils.h; sourceTree = "<group>"; };
		9E281CE9225890B10038A5AF /* Utils.m */ = {isa = PBXFileReference; lastKnownFileType = sourcecode.c.objc; path = Utils.m; sourceTree = "<group>"; };
		9E281CEC225908480038A5AF /* Const.h */ = {isa = PBXFileReference; lastKnownFileType = sourcecode.c.h; path = Const.h; sourceTree = "<group>"; };
		9E281CED225908480038A5AF /* Const.m */ = {isa = PBXFileReference; lastKnownFileType = sourcecode.c.objc; path = Const.m; sourceTree = "<group>"; };
		9E281CF7225A4C790038A5AF /* libreadline.tbd */ = {isa = PBXFileReference; lastKnownFileType = "sourcecode.text-based-dylib-definition"; name = libreadline.tbd; path = usr/lib/libreadline.tbd; sourceTree = SDKROOT; };
		9E281D02225A608D0038A5AF /* test */ = {isa = PBXFileReference; fileEncoding = 4; lastKnownFileType = text.script.sh; path = test; sourceTree = "<group>"; };
		9E3055392260FA8F001D4597 /* Logger.h */ = {isa = PBXFileReference; lastKnownFileType = sourcecode.c.h; path = Logger.h; sourceTree = "<group>"; };
		9E30553A2260FA8F001D4597 /* Logger.m */ = {isa = PBXFileReference; lastKnownFileType = sourcecode.c.objc; path = Logger.m; sourceTree = "<group>"; };
		9E30553D22612AF0001D4597 /* NSMutableArray+JSList.h */ = {isa = PBXFileReference; lastKnownFileType = sourcecode.c.h; path = "NSMutableArray+JSList.h"; sourceTree = "<group>"; };
		9E30553E22612AF0001D4597 /* NSMutableArray+JSList.m */ = {isa = PBXFileReference; lastKnownFileType = sourcecode.c.objc; path = "NSMutableArray+JSList.m"; sourceTree = "<group>"; };
		9E30554222612C34001D4597 /* NSString+JSDataProtocol.h */ = {isa = PBXFileReference; lastKnownFileType = sourcecode.c.h; path = "NSString+JSDataProtocol.h"; sourceTree = "<group>"; };
		9E30554322612C34001D4597 /* NSString+JSDataProtocol.m */ = {isa = PBXFileReference; lastKnownFileType = sourcecode.c.objc; path = "NSString+JSDataProtocol.m"; sourceTree = "<group>"; };
		9E30554622619F3F001D4597 /* NSNumber+JSDataProtocol.h */ = {isa = PBXFileReference; lastKnownFileType = sourcecode.c.h; path = "NSNumber+JSDataProtocol.h"; sourceTree = "<group>"; };
		9E30554722619F3F001D4597 /* NSNumber+JSDataProtocol.m */ = {isa = PBXFileReference; lastKnownFileType = sourcecode.c.objc; path = "NSNumber+JSDataProtocol.m"; sourceTree = "<group>"; };
		9E30554A2261A094001D4597 /* NSDecimalNumber+JSDataProtocol.h */ = {isa = PBXFileReference; lastKnownFileType = sourcecode.c.h; path = "NSDecimalNumber+JSDataProtocol.h"; sourceTree = "<group>"; };
		9E30554B2261A094001D4597 /* NSDecimalNumber+JSDataProtocol.m */ = {isa = PBXFileReference; lastKnownFileType = sourcecode.c.objc; path = "NSDecimalNumber+JSDataProtocol.m"; sourceTree = "<group>"; };
		9E30554E2261A10F001D4597 /* NSArray+JSDataProtocol.h */ = {isa = PBXFileReference; lastKnownFileType = sourcecode.c.h; path = "NSArray+JSDataProtocol.h"; sourceTree = "<group>"; };
		9E30554F2261A10F001D4597 /* NSArray+JSDataProtocol.m */ = {isa = PBXFileReference; lastKnownFileType = sourcecode.c.objc; path = "NSArray+JSDataProtocol.m"; sourceTree = "<group>"; };
		9E3055522261A162001D4597 /* TypeUtils.h */ = {isa = PBXFileReference; lastKnownFileType = sourcecode.c.h; path = TypeUtils.h; sourceTree = "<group>"; };
		9E3055532261A162001D4597 /* TypeUtils.m */ = {isa = PBXFileReference; lastKnownFileType = sourcecode.c.objc; path = TypeUtils.m; sourceTree = "<group>"; };
		9E30555C2261C4DC001D4597 /* build */ = {isa = PBXFileReference; fileEncoding = 4; lastKnownFileType = text.script.sh; path = build; sourceTree = "<group>"; };
		9E30555E2262633E001D4597 /* JSError.h */ = {isa = PBXFileReference; lastKnownFileType = sourcecode.c.h; path = JSError.h; sourceTree = "<group>"; };
		9E30555F2262633E001D4597 /* JSError.m */ = {isa = PBXFileReference; lastKnownFileType = sourcecode.c.objc; path = JSError.m; sourceTree = "<group>"; };
		9E33AAAF2275767800A6EB98 /* JSDataProtocol.h */ = {isa = PBXFileReference; lastKnownFileType = sourcecode.c.h; path = JSDataProtocol.h; sourceTree = "<group>"; };
		9E33AAB32275775800A6EB98 /* JSString.h */ = {isa = PBXFileReference; lastKnownFileType = sourcecode.c.h; path = JSString.h; sourceTree = "<group>"; };
		9E33AAB42275775800A6EB98 /* JSString.m */ = {isa = PBXFileReference; lastKnownFileType = sourcecode.c.objc; path = JSString.m; sourceTree = "<group>"; };
		9E33AAB7227577C000A6EB98 /* JSKeyword.h */ = {isa = PBXFileReference; lastKnownFileType = sourcecode.c.h; path = JSKeyword.h; sourceTree = "<group>"; };
		9E33AAB8227577C000A6EB98 /* JSKeyword.m */ = {isa = PBXFileReference; lastKnownFileType = sourcecode.c.objc; path = JSKeyword.m; sourceTree = "<group>"; };
		9E33AABB2275783300A6EB98 /* JSSymbol.h */ = {isa = PBXFileReference; lastKnownFileType = sourcecode.c.h; path = JSSymbol.h; sourceTree = "<group>"; };
		9E33AABC2275783300A6EB98 /* JSSymbol.m */ = {isa = PBXFileReference; lastKnownFileType = sourcecode.c.objc; path = JSSymbol.m; sourceTree = "<group>"; };
		9E33AABF2275786D00A6EB98 /* JSList.h */ = {isa = PBXFileReference; lastKnownFileType = sourcecode.c.h; path = JSList.h; sourceTree = "<group>"; };
		9E33AAC02275786D00A6EB98 /* JSList.m */ = {isa = PBXFileReference; lastKnownFileType = sourcecode.c.objc; path = JSList.m; sourceTree = "<group>"; };
		9E33AAC3227578A700A6EB98 /* JSVector.h */ = {isa = PBXFileReference; lastKnownFileType = sourcecode.c.h; path = JSVector.h; sourceTree = "<group>"; };
		9E33AAC4227578A700A6EB98 /* JSVector.m */ = {isa = PBXFileReference; lastKnownFileType = sourcecode.c.objc; path = JSVector.m; sourceTree = "<group>"; };
		9E33AAC7227578E200A6EB98 /* JSNumber.h */ = {isa = PBXFileReference; lastKnownFileType = sourcecode.c.h; path = JSNumber.h; sourceTree = "<group>"; };
		9E33AAC8227578E200A6EB98 /* JSNumber.m */ = {isa = PBXFileReference; lastKnownFileType = sourcecode.c.objc; path = JSNumber.m; sourceTree = "<group>"; };
		9E33AACB2275791300A6EB98 /* JSAtom.h */ = {isa = PBXFileReference; lastKnownFileType = sourcecode.c.h; path = JSAtom.h; sourceTree = "<group>"; };
		9E33AACC2275791300A6EB98 /* JSAtom.m */ = {isa = PBXFileReference; lastKnownFileType = sourcecode.c.objc; path = JSAtom.m; sourceTree = "<group>"; };
		9E33AACF2275796300A6EB98 /* JSNil.h */ = {isa = PBXFileReference; lastKnownFileType = sourcecode.c.h; path = JSNil.h; sourceTree = "<group>"; };
		9E33AAD02275796300A6EB98 /* JSNil.m */ = {isa = PBXFileReference; lastKnownFileType = sourcecode.c.objc; path = JSNil.m; sourceTree = "<group>"; };
		9E33AAD32275799200A6EB98 /* JSBool.h */ = {isa = PBXFileReference; lastKnownFileType = sourcecode.c.h; path = JSBool.h; sourceTree = "<group>"; };
		9E33AAD42275799200A6EB98 /* JSBool.m */ = {isa = PBXFileReference; lastKnownFileType = sourcecode.c.objc; path = JSBool.m; sourceTree = "<group>"; };
		9E33AAD7227579C000A6EB98 /* JSFunction.h */ = {isa = PBXFileReference; lastKnownFileType = sourcecode.c.h; path = JSFunction.h; sourceTree = "<group>"; };
		9E33AAD8227579C000A6EB98 /* JSFunction.m */ = {isa = PBXFileReference; lastKnownFileType = sourcecode.c.objc; path = JSFunction.m; sourceTree = "<group>"; };
		9E36651E22BF6781003DC5EF /* JSLPerfTests.m */ = {isa = PBXFileReference; lastKnownFileType = sourcecode.c.objc; path = JSLPerfTests.m; sourceTree = "<group>"; };
		9E38FC7F227F343800405BE5 /* State.h */ = {isa = PBXFileReference; lastKnownFileType = sourcecode.c.h; path = State.h; sourceTree = "<group>"; };
		9E38FC80227F343800405BE5 /* State.m */ = {isa = PBXFileReference; lastKnownFileType = sourcecode.c.objc; path = State.m; sourceTree = "<group>"; };
		9E3A9D4A22568AFC00348529 /* jslshell */ = {isa = PBXFileReference; explicitFileType = "compiled.mach-o.executable"; includeInIndex = 0; path = jslshell; sourceTree = BUILT_PRODUCTS_DIR; };
		9E3A9D4D22568AFC00348529 /* main.m */ = {isa = PBXFileReference; lastKnownFileType = sourcecode.c.objc; path = main.m; sourceTree = "<group>"; };
		9E3A9D5822568B1300348529 /* JSLShellTests.xctest */ = {isa = PBXFileReference; explicitFileType = wrapper.cfbundle; includeInIndex = 0; path = JSLShellTests.xctest; sourceTree = BUILT_PRODUCTS_DIR; };
		9E3A9D5A22568B1300348529 /* JSLTests.m */ = {isa = PBXFileReference; lastKnownFileType = sourcecode.c.objc; path = JSLTests.m; sourceTree = "<group>"; };
		9E3A9D5C22568B1300348529 /* Info.plist */ = {isa = PBXFileReference; lastKnownFileType = text.plist.xml; path = Info.plist; sourceTree = "<group>"; };
		9E3A9D6322568D4B00348529 /* Core.h */ = {isa = PBXFileReference; lastKnownFileType = sourcecode.c.h; path = Core.h; sourceTree = "<group>"; };
		9E3A9D6422568D4B00348529 /* Core.m */ = {isa = PBXFileReference; lastKnownFileType = sourcecode.c.objc; path = Core.m; sourceTree = "<group>"; };
		9E3A9D6722568D7D00348529 /* Types.h */ = {isa = PBXFileReference; lastKnownFileType = sourcecode.c.h; path = Types.h; sourceTree = "<group>"; };
		9E3A9D6B22568D8D00348529 /* Env.h */ = {isa = PBXFileReference; lastKnownFileType = sourcecode.c.h; path = Env.h; sourceTree = "<group>"; };
		9E3A9D6C22568D8D00348529 /* Env.m */ = {isa = PBXFileReference; lastKnownFileType = sourcecode.c.objc; path = Env.m; sourceTree = "<group>"; };
		9E3A9D6F22568DB100348529 /* Printer.h */ = {isa = PBXFileReference; lastKnownFileType = sourcecode.c.h; path = Printer.h; sourceTree = "<group>"; };
		9E3A9D7022568DB100348529 /* Printer.m */ = {isa = PBXFileReference; lastKnownFileType = sourcecode.c.objc; path = Printer.m; sourceTree = "<group>"; };
		9E3A9D7322568DBD00348529 /* Reader.h */ = {isa = PBXFileReference; lastKnownFileType = sourcecode.c.h; path = Reader.h; sourceTree = "<group>"; };
		9E3A9D7422568DBD00348529 /* Reader.m */ = {isa = PBXFileReference; lastKnownFileType = sourcecode.c.objc; path = Reader.m; sourceTree = "<group>"; };
		9E3F324A227B694300B56B6A /* core.jsl */ = {isa = PBXFileReference; fileEncoding = 4; lastKnownFileType = text; path = core.jsl; sourceTree = "<group>"; };
		9E43105322BE9C6C00512081 /* SymbolTable.h */ = {isa = PBXFileReference; lastKnownFileType = sourcecode.c.h; path = SymbolTable.h; sourceTree = "<group>"; };
		9E43105422BE9C6C00512081 /* SymbolTable.m */ = {isa = PBXFileReference; lastKnownFileType = sourcecode.c.objc; path = SymbolTable.m; sourceTree = "<group>"; };
		9E4F02D52291A1E80064081F /* JSFault.h */ = {isa = PBXFileReference; lastKnownFileType = sourcecode.c.h; path = JSFault.h; sourceTree = "<group>"; };
		9E4F02D62291A1E80064081F /* JSFault.m */ = {isa = PBXFileReference; lastKnownFileType = sourcecode.c.objc; path = JSFault.m; sourceTree = "<group>"; };
		9E5D7B49225B947E00970453 /* Terminal.h */ = {isa = PBXFileReference; lastKnownFileType = sourcecode.c.h; path = Terminal.h; sourceTree = "<group>"; };
		9E5D7B4A225B947E00970453 /* Terminal.m */ = {isa = PBXFileReference; lastKnownFileType = sourcecode.c.objc; path = Terminal.m; sourceTree = "<group>"; };
		9E6F444622578E5600777A24 /* JSL.h */ = {isa = PBXFileReference; lastKnownFileType = sourcecode.c.h; name = JSL.h; path = JSLShell/JSL.h; sourceTree = SOURCE_ROOT; };
		9E6F444722578E5600777A24 /* JSL.m */ = {isa = PBXFileReference; lastKnownFileType = sourcecode.c.objc; path = JSL.m; sourceTree = "<group>"; };
		9E70861922ACF29600ADD464 /* test.jsl */ = {isa = PBXFileReference; lastKnownFileType = text; path = test.jsl; sourceTree = "<group>"; };
		9E741ECB22C139AA009680E8 /* collatz.jsl */ = {isa = PBXFileReference; fileEncoding = 4; lastKnownFileType = text; path = collatz.jsl; sourceTree = "<group>"; };
		9E741ECD22C139B1009680E8 /* i.test.jsl */ = {isa = PBXFileReference; lastKnownFileType = text; path = i.test.jsl; sourceTree = "<group>"; };
		9E741ECE22C139B9009680E8 /* module-test.jsl */ = {isa = PBXFileReference; lastKnownFileType = text; path = "module-test.jsl"; sourceTree = "<group>"; };
		9E741ECF22C139BC009680E8 /* scope.jsl */ = {isa = PBXFileReference; lastKnownFileType = text; path = scope.jsl; sourceTree = "<group>"; };
		9E741ED622C141B2009680E8 /* Info.plist */ = {isa = PBXFileReference; fileEncoding = 4; lastKnownFileType = text.plist.xml; path = Info.plist; sourceTree = "<group>"; };
		9E741EDB22C14556009680E8 /* JSLShellTests.m */ = {isa = PBXFileReference; lastKnownFileType = sourcecode.c.objc; path = JSLShellTests.m; sourceTree = "<group>"; };
		9E741EE122C150DA009680E8 /* ShellConst.h */ = {isa = PBXFileReference; lastKnownFileType = sourcecode.c.h; path = ShellConst.h; sourceTree = "<group>"; };
		9E741EE222C150DA009680E8 /* ShellConst.m */ = {isa = PBXFileReference; lastKnownFileType = sourcecode.c.objc; path = ShellConst.m; sourceTree = "<group>"; };
		9E7942CF22C12A310086A47F /* JSL.framework */ = {isa = PBXFileReference; explicitFileType = wrapper.framework; includeInIndex = 0; path = JSL.framework; sourceTree = BUILT_PRODUCTS_DIR; };
		9E7942D122C12A310086A47F /* JSLLib.h */ = {isa = PBXFileReference; lastKnownFileType = sourcecode.c.h; path = JSLLib.h; sourceTree = "<group>"; };
		9E7942D222C12A310086A47F /* Info.plist */ = {isa = PBXFileReference; lastKnownFileType = text.plist.xml; path = Info.plist; sourceTree = "<group>"; };
		9E7942D722C12A310086A47F /* JSLTests.xctest */ = {isa = PBXFileReference; explicitFileType = wrapper.cfbundle; includeInIndex = 0; path = JSLTests.xctest; sourceTree = BUILT_PRODUCTS_DIR; };
		9E7942DE22C12A320086A47F /* Info.plist */ = {isa = PBXFileReference; lastKnownFileType = text.plist.xml; path = Info.plist; sourceTree = "<group>"; };
		9E9458542274EB4400A3D449 /* NSMapTable+JSHashMap.h */ = {isa = PBXFileReference; lastKnownFileType = sourcecode.c.h; path = "NSMapTable+JSHashMap.h"; sourceTree = "<group>"; };
		9E9458552274EB4400A3D449 /* NSMapTable+JSHashMap.m */ = {isa = PBXFileReference; lastKnownFileType = sourcecode.c.objc; path = "NSMapTable+JSHashMap.m"; sourceTree = "<group>"; };
		9E9458592274F04F00A3D449 /* JSHashMap.h */ = {isa = PBXFileReference; lastKnownFileType = sourcecode.c.h; path = JSHashMap.h; sourceTree = "<group>"; };
		9E94585A2274F04F00A3D449 /* JSHashMap.m */ = {isa = PBXFileReference; lastKnownFileType = sourcecode.c.objc; path = JSHashMap.m; sourceTree = "<group>"; };
		9E9B6226225B9FC20060DA9A /* FileOps.h */ = {isa = PBXFileReference; lastKnownFileType = sourcecode.c.h; path = FileOps.h; sourceTree = "<group>"; };
		9E9B6227225B9FC20060DA9A /* FileOps.m */ = {isa = PBXFileReference; lastKnownFileType = sourcecode.c.objc; path = FileOps.m; sourceTree = "<group>"; };
		9E9B622A225BAA270060DA9A /* libedit.tbd */ = {isa = PBXFileReference; lastKnownFileType = "sourcecode.text-based-dylib-definition"; name = libedit.tbd; path = usr/lib/libedit.tbd; sourceTree = SDKROOT; };
		9ED5348A22B54E91004A2CB2 /* JSLDelegate.h */ = {isa = PBXFileReference; lastKnownFileType = sourcecode.c.h; path = JSLDelegate.h; sourceTree = "<group>"; };
		9ED5348E22B67FCA004A2CB2 /* CacheTable.h */ = {isa = PBXFileReference; lastKnownFileType = sourcecode.c.h; path = CacheTable.h; sourceTree = "<group>"; };
		9ED5348F22B67FCA004A2CB2 /* CacheTable.m */ = {isa = PBXFileReference; lastKnownFileType = sourcecode.c.objc; path = CacheTable.m; sourceTree = "<group>"; };
		9ED5349222B6991A004A2CB2 /* CacheTableTests.m */ = {isa = PBXFileReference; lastKnownFileType = sourcecode.c.objc; path = CacheTableTests.m; sourceTree = "<group>"; };
/* End PBXFileReference section */

/* Begin PBXFrameworksBuildPhase section */
		9E3A9D4722568AFC00348529 /* Frameworks */ = {
			isa = PBXFrameworksBuildPhase;
			buildActionMask = 2147483647;
			files = (
				9E741ED422C140C0009680E8 /* JSL.framework in Frameworks */,
				9E281CF8225A4C790038A5AF /* libreadline.tbd in Frameworks */,
			);
			runOnlyForDeploymentPostprocessing = 0;
		};
		9E3A9D5522568B1300348529 /* Frameworks */ = {
			isa = PBXFrameworksBuildPhase;
			buildActionMask = 2147483647;
			files = (
				9E741ED522C140CA009680E8 /* JSL.framework in Frameworks */,
				9E9B622B225BAA280060DA9A /* libedit.tbd in Frameworks */,
			);
			runOnlyForDeploymentPostprocessing = 0;
		};
		9E7942CC22C12A310086A47F /* Frameworks */ = {
			isa = PBXFrameworksBuildPhase;
			buildActionMask = 2147483647;
			files = (
			);
			runOnlyForDeploymentPostprocessing = 0;
		};
		9E7942D422C12A310086A47F /* Frameworks */ = {
			isa = PBXFrameworksBuildPhase;
			buildActionMask = 2147483647;
			files = (
				9E7942D822C12A310086A47F /* JSL.framework in Frameworks */,
			);
			runOnlyForDeploymentPostprocessing = 0;
		};
/* End PBXFrameworksBuildPhase section */

/* Begin PBXGroup section */
		9E281CF6225A4C780038A5AF /* Frameworks */ = {
			isa = PBXGroup;
			children = (
				9E9B622A225BAA270060DA9A /* libedit.tbd */,
				9E281CF7225A4C790038A5AF /* libreadline.tbd */,
			);
			name = Frameworks;
			sourceTree = "<group>";
		};
		9E30554122612BA4001D4597 /* Types */ = {
			isa = PBXGroup;
			children = (
				9E9458582274F01300A3D449 /* Category */,
				9E33AACB2275791300A6EB98 /* JSAtom.h */,
				9E33AACC2275791300A6EB98 /* JSAtom.m */,
				9E33AAD32275799200A6EB98 /* JSBool.h */,
				9E33AAD42275799200A6EB98 /* JSBool.m */,
				9E33AAAF2275767800A6EB98 /* JSDataProtocol.h */,
				9E4F02D52291A1E80064081F /* JSFault.h */,
				9E4F02D62291A1E80064081F /* JSFault.m */,
				9E33AAD7227579C000A6EB98 /* JSFunction.h */,
				9E33AAD8227579C000A6EB98 /* JSFunction.m */,
				9E9458592274F04F00A3D449 /* JSHashMap.h */,
				9E94585A2274F04F00A3D449 /* JSHashMap.m */,
				9E33AAB7227577C000A6EB98 /* JSKeyword.h */,
				9E33AAB8227577C000A6EB98 /* JSKeyword.m */,
				9E33AABF2275786D00A6EB98 /* JSList.h */,
				9E33AAC02275786D00A6EB98 /* JSList.m */,
				9E33AACF2275796300A6EB98 /* JSNil.h */,
				9E33AAD02275796300A6EB98 /* JSNil.m */,
				9E33AAC7227578E200A6EB98 /* JSNumber.h */,
				9E33AAC8227578E200A6EB98 /* JSNumber.m */,
				9E33AAB32275775800A6EB98 /* JSString.h */,
				9E33AAB42275775800A6EB98 /* JSString.m */,
				9E33AABB2275783300A6EB98 /* JSSymbol.h */,
				9E33AABC2275783300A6EB98 /* JSSymbol.m */,
				9E33AAC3227578A700A6EB98 /* JSVector.h */,
				9E33AAC4227578A700A6EB98 /* JSVector.m */,
				9E3A9D6722568D7D00348529 /* Types.h */,
				9E3055522261A162001D4597 /* TypeUtils.h */,
				9E3055532261A162001D4597 /* TypeUtils.m */,
			);
			path = Types;
			sourceTree = "<group>";
		};
		9E3A9D4122568AFC00348529 = {
			isa = PBXGroup;
			children = (
				9E30555C2261C4DC001D4597 /* build */,
				9E281D02225A608D0038A5AF /* test */,
				9E7942D022C12A310086A47F /* JSL */,
				9E7942DB22C12A310086A47F /* JSLTests */,
				9E3A9D4C22568AFC00348529 /* JSLShell */,
				9E3A9D5922568B1300348529 /* JSLShellTests */,
				9E3A9D4B22568AFC00348529 /* Products */,
				9E281CF6225A4C780038A5AF /* Frameworks */,
			);
			sourceTree = "<group>";
		};
		9E3A9D4B22568AFC00348529 /* Products */ = {
			isa = PBXGroup;
			children = (
				9E3A9D4A22568AFC00348529 /* jslshell */,
				9E3A9D5822568B1300348529 /* JSLShellTests.xctest */,
				9E7942CF22C12A310086A47F /* JSL.framework */,
				9E7942D722C12A310086A47F /* JSLTests.xctest */,
			);
			name = Products;
			sourceTree = "<group>";
		};
		9E3A9D4C22568AFC00348529 /* JSLShell */ = {
			isa = PBXGroup;
			children = (
				9E3A9D4D22568AFC00348529 /* main.m */,
				9E741EE122C150DA009680E8 /* ShellConst.h */,
				9E741EE222C150DA009680E8 /* ShellConst.m */,
				9E5D7B49225B947E00970453 /* Terminal.h */,
				9E5D7B4A225B947E00970453 /* Terminal.m */,
				9E741ED622C141B2009680E8 /* Info.plist */,
			);
			path = JSLShell;
			sourceTree = "<group>";
		};
		9E3A9D5922568B1300348529 /* JSLShellTests */ = {
			isa = PBXGroup;
			children = (
				9E741EDB22C14556009680E8 /* JSLShellTests.m */,
				9E3A9D5C22568B1300348529 /* Info.plist */,
			);
			path = JSLShellTests;
			sourceTree = "<group>";
		};
		9E70861722ACF1CB00ADD464 /* Libs */ = {
			isa = PBXGroup;
			children = (
				9E3F324A227B694300B56B6A /* core.jsl */,
				9E70861922ACF29600ADD464 /* test.jsl */,
			);
			path = Libs;
			sourceTree = "<group>";
		};
		9E741ECA22C1399C009680E8 /* jsl */ = {
			isa = PBXGroup;
			children = (
				9E741ECB22C139AA009680E8 /* collatz.jsl */,
				9E741ECD22C139B1009680E8 /* i.test.jsl */,
				9E741ECE22C139B9009680E8 /* module-test.jsl */,
				9E741ECF22C139BC009680E8 /* scope.jsl */,
			);
			path = jsl;
			sourceTree = "<group>";
		};
		9E7942D022C12A310086A47F /* JSL */ = {
			isa = PBXGroup;
			children = (
				9E70861722ACF1CB00ADD464 /* Libs */,
				9E30554122612BA4001D4597 /* Types */,
				9ED5348E22B67FCA004A2CB2 /* CacheTable.h */,
				9ED5348F22B67FCA004A2CB2 /* CacheTable.m */,
				9E281CEC225908480038A5AF /* Const.h */,
				9E281CED225908480038A5AF /* Const.m */,
				9E3A9D6322568D4B00348529 /* Core.h */,
				9E3A9D6422568D4B00348529 /* Core.m */,
				9E3A9D6B22568D8D00348529 /* Env.h */,
				9E3A9D6C22568D8D00348529 /* Env.m */,
				9E9B6226225B9FC20060DA9A /* FileOps.h */,
				9E9B6227225B9FC20060DA9A /* FileOps.m */,
				9E30555E2262633E001D4597 /* JSError.h */,
				9E30555F2262633E001D4597 /* JSError.m */,
				9E6F444622578E5600777A24 /* JSL.h */,
				9E6F444722578E5600777A24 /* JSL.m */,
				9E7942D122C12A310086A47F /* JSLLib.h */,
				9ED5348A22B54E91004A2CB2 /* JSLDelegate.h */,
				9E3055392260FA8F001D4597 /* Logger.h */,
				9E30553A2260FA8F001D4597 /* Logger.m */,
				9E250CEA22886ED500EDADEF /* ModuleTable.h */,
				9E250CEB22886ED500EDADEF /* ModuleTable.m */,
				9E3A9D6F22568DB100348529 /* Printer.h */,
				9E3A9D7022568DB100348529 /* Printer.m */,
				9E3A9D7322568DBD00348529 /* Reader.h */,
				9E3A9D7422568DBD00348529 /* Reader.m */,
				9E38FC7F227F343800405BE5 /* State.h */,
				9E38FC80227F343800405BE5 /* State.m */,
				9E43105322BE9C6C00512081 /* SymbolTable.h */,
				9E43105422BE9C6C00512081 /* SymbolTable.m */,
				9E281CE8225890B10038A5AF /* Utils.h */,
				9E281CE9225890B10038A5AF /* Utils.m */,
				9E7942D222C12A310086A47F /* Info.plist */,
			);
			path = JSL;
			sourceTree = "<group>";
		};
		9E7942DB22C12A310086A47F /* JSLTests */ = {
			isa = PBXGroup;
			children = (
				9E741ECA22C1399C009680E8 /* jsl */,
				9ED5349222B6991A004A2CB2 /* CacheTableTests.m */,
				9E36651E22BF6781003DC5EF /* JSLPerfTests.m */,
				9E3A9D5A22568B1300348529 /* JSLTests.m */,
				9E7942DE22C12A320086A47F /* Info.plist */,
			);
			path = JSLTests;
			sourceTree = "<group>";
		};
		9E9458582274F01300A3D449 /* Category */ = {
			isa = PBXGroup;
			children = (
				9E30554E2261A10F001D4597 /* NSArray+JSDataProtocol.h */,
				9E30554F2261A10F001D4597 /* NSArray+JSDataProtocol.m */,
				9E30554A2261A094001D4597 /* NSDecimalNumber+JSDataProtocol.h */,
				9E30554B2261A094001D4597 /* NSDecimalNumber+JSDataProtocol.m */,
				9E9458542274EB4400A3D449 /* NSMapTable+JSHashMap.h */,
				9E9458552274EB4400A3D449 /* NSMapTable+JSHashMap.m */,
				9E30553D22612AF0001D4597 /* NSMutableArray+JSList.h */,
				9E30553E22612AF0001D4597 /* NSMutableArray+JSList.m */,
				9E2491E8226C39CA00B9E21C /* NSMutableDictionary+JSHashMap.h */,
				9E2491E9226C39CA00B9E21C /* NSMutableDictionary+JSHashMap.m */,
				9E30554622619F3F001D4597 /* NSNumber+JSDataProtocol.h */,
				9E30554722619F3F001D4597 /* NSNumber+JSDataProtocol.m */,
				9E30554222612C34001D4597 /* NSString+JSDataProtocol.h */,
				9E30554322612C34001D4597 /* NSString+JSDataProtocol.m */,
			);
			path = Category;
			sourceTree = "<group>";
		};
/* End PBXGroup section */

/* Begin PBXHeadersBuildPhase section */
		9E7942CA22C12A310086A47F /* Headers */ = {
			isa = PBXHeadersBuildPhase;
			buildActionMask = 2147483647;
			files = (
				9E741EBB22C12DCE009680E8 /* Env.h in Headers */,
				9E741EAE22C12DBA009680E8 /* JSHashMap.h in Headers */,
				9E741EA222C12D9E009680E8 /* NSArray+JSDataProtocol.h in Headers */,
				9E741EAC22C12DBA009680E8 /* JSFault.h in Headers */,
				9E741EB122C12DBA009680E8 /* JSNil.h in Headers */,
				9E741EB722C12DBA009680E8 /* TypeUtils.h in Headers */,
				9E741EC322C12DCE009680E8 /* State.h in Headers */,
				9E741EC422C12DCE009680E8 /* SymbolTable.h in Headers */,
				9E741EAF22C12DBA009680E8 /* JSKeyword.h in Headers */,
				9E741EC122C12DCE009680E8 /* Printer.h in Headers */,
				9E7942DF22C12A320086A47F /* JSLLib.h in Headers */,
				9E741EB622C12DBA009680E8 /* Types.h in Headers */,
				9E741EC522C12DCE009680E8 /* Utils.h in Headers */,
				9E741EA822C12DAB009680E8 /* NSString+JSDataProtocol.h in Headers */,
				9E741EB422C12DBA009680E8 /* JSSymbol.h in Headers */,
				9E741EAB22C12DBA009680E8 /* JSDataProtocol.h in Headers */,
				9E741EA322C12DAB009680E8 /* NSDecimalNumber+JSDataProtocol.h in Headers */,
				9E741EC222C12DCE009680E8 /* Reader.h in Headers */,
				9E741EB822C12DCE009680E8 /* CacheTable.h in Headers */,
				9E741EBA22C12DCE009680E8 /* Core.h in Headers */,
				9E741EAA22C12DBA009680E8 /* JSBool.h in Headers */,
				9E741EA922C12DBA009680E8 /* JSAtom.h in Headers */,
				9E741EB522C12DBA009680E8 /* JSVector.h in Headers */,
				9E741EB922C12DCE009680E8 /* Const.h in Headers */,
				9E741EC022C12DCE009680E8 /* ModuleTable.h in Headers */,
				9E741EA122C12D98009680E8 /* FileOps.h in Headers */,
				9E741EAD22C12DBA009680E8 /* JSFunction.h in Headers */,
				9E741EB022C12DBA009680E8 /* JSList.h in Headers */,
				9E741EA422C12DAB009680E8 /* NSMapTable+JSHashMap.h in Headers */,
				9E741EBE22C12DCE009680E8 /* JSLDelegate.h in Headers */,
				9E741EA722C12DAB009680E8 /* NSNumber+JSDataProtocol.h in Headers */,
				9E741EBD22C12DCE009680E8 /* JSL.h in Headers */,
				9E741EB322C12DBA009680E8 /* JSString.h in Headers */,
				9E741EA622C12DAB009680E8 /* NSMutableDictionary+JSHashMap.h in Headers */,
				9E741EA522C12DAB009680E8 /* NSMutableArray+JSList.h in Headers */,
				9E741EBC22C12DCE009680E8 /* JSError.h in Headers */,
				9E741EBF22C12DCE009680E8 /* Logger.h in Headers */,
				9E741EB222C12DBA009680E8 /* JSNumber.h in Headers */,
			);
			runOnlyForDeploymentPostprocessing = 0;
		};
/* End PBXHeadersBuildPhase section */

/* Begin PBXNativeTarget section */
		9E3A9D4922568AFC00348529 /* JSLShell */ = {
			isa = PBXNativeTarget;
			buildConfigurationList = 9E3A9D5122568AFC00348529 /* Build configuration list for PBXNativeTarget "JSLShell" */;
			buildPhases = (
				9E3A9D4622568AFC00348529 /* Sources */,
				9E3A9D4722568AFC00348529 /* Frameworks */,
				9E3A9D4822568AFC00348529 /* CopyFiles */,
			);
			buildRules = (
			);
			dependencies = (
				9E741EDA22C1431F009680E8 /* PBXTargetDependency */,
			);
			name = JSLShell;
			productName = JSL;
			productReference = 9E3A9D4A22568AFC00348529 /* jslshell */;
			productType = "com.apple.product-type.tool";
		};
		9E3A9D5722568B1300348529 /* JSLShellTests */ = {
			isa = PBXNativeTarget;
			buildConfigurationList = 9E3A9D5D22568B1300348529 /* Build configuration list for PBXNativeTarget "JSLShellTests" */;
			buildPhases = (
				9E3A9D5422568B1300348529 /* Sources */,
				9E3A9D5522568B1300348529 /* Frameworks */,
				9E3A9D5622568B1300348529 /* Resources */,
			);
			buildRules = (
			);
			dependencies = (
			);
			name = JSLShellTests;
			productName = JSLTests;
			productReference = 9E3A9D5822568B1300348529 /* JSLShellTests.xctest */;
			productType = "com.apple.product-type.bundle.unit-test";
		};
		9E7942CE22C12A310086A47F /* JSL */ = {
			isa = PBXNativeTarget;
			buildConfigurationList = 9E7942E422C12A320086A47F /* Build configuration list for PBXNativeTarget "JSL" */;
			buildPhases = (
				9E7942CA22C12A310086A47F /* Headers */,
				9E7942CB22C12A310086A47F /* Sources */,
				9E7942CC22C12A310086A47F /* Frameworks */,
				9E7942CD22C12A310086A47F /* Resources */,
			);
			buildRules = (
			);
			dependencies = (
			);
			name = JSL;
			productName = JSL;
			productReference = 9E7942CF22C12A310086A47F /* JSL.framework */;
			productType = "com.apple.product-type.framework";
		};
		9E7942D622C12A310086A47F /* JSLTests */ = {
			isa = PBXNativeTarget;
			buildConfigurationList = 9E7942E522C12A320086A47F /* Build configuration list for PBXNativeTarget "JSLTests" */;
			buildPhases = (
				9E7942D322C12A310086A47F /* Sources */,
				9E7942D422C12A310086A47F /* Frameworks */,
				9E7942D522C12A310086A47F /* Resources */,
			);
			buildRules = (
			);
			dependencies = (
				9E7942DA22C12A310086A47F /* PBXTargetDependency */,
			);
			name = JSLTests;
			productName = JSLTests;
			productReference = 9E7942D722C12A310086A47F /* JSLTests.xctest */;
			productType = "com.apple.product-type.bundle.unit-test";
		};
/* End PBXNativeTarget section */

/* Begin PBXProject section */
		9E3A9D4222568AFC00348529 /* Project object */ = {
			isa = PBXProject;
			attributes = {
				LastUpgradeCheck = 1020;
				ORGANIZATIONNAME = jsloop;
				TargetAttributes = {
					9E3A9D4922568AFC00348529 = {
						CreatedOnToolsVersion = 10.2;
						LastSwiftMigration = 1020;
					};
					9E3A9D5722568B1300348529 = {
						CreatedOnToolsVersion = 10.2;
						LastSwiftMigration = 1020;
					};
					9E7942CE22C12A310086A47F = {
						CreatedOnToolsVersion = 10.2.1;
					};
					9E7942D622C12A310086A47F = {
						CreatedOnToolsVersion = 10.2.1;
					};
				};
			};
			buildConfigurationList = 9E3A9D4522568AFC00348529 /* Build configuration list for PBXProject "JSL" */;
			compatibilityVersion = "Xcode 9.3";
			developmentRegion = en;
			hasScannedForEncodings = 0;
			knownRegions = (
				en,
			);
			mainGroup = 9E3A9D4122568AFC00348529;
			productRefGroup = 9E3A9D4B22568AFC00348529 /* Products */;
			projectDirPath = "";
			projectRoot = "";
			targets = (
				9E7942CE22C12A310086A47F /* JSL */,
				9E7942D622C12A310086A47F /* JSLTests */,
				9E3A9D4922568AFC00348529 /* JSLShell */,
				9E3A9D5722568B1300348529 /* JSLShellTests */,
			);
		};
/* End PBXProject section */

/* Begin PBXResourcesBuildPhase section */
		9E3A9D5622568B1300348529 /* Resources */ = {
			isa = PBXResourcesBuildPhase;
			buildActionMask = 2147483647;
			files = (
				9E3F324B227B694400B56B6A /* core.jsl in Resources */,
				9E70861A22ACF2A200ADD464 /* test.jsl in Resources */,
			);
			runOnlyForDeploymentPostprocessing = 0;
		};
		9E7942CD22C12A310086A47F /* Resources */ = {
			isa = PBXResourcesBuildPhase;
			buildActionMask = 2147483647;
			files = (
				9E741EC922C1325C009680E8 /* test.jsl in Resources */,
				9E741EC822C13257009680E8 /* core.jsl in Resources */,
			);
			runOnlyForDeploymentPostprocessing = 0;
		};
		9E7942D522C12A310086A47F /* Resources */ = {
			isa = PBXResourcesBuildPhase;
			buildActionMask = 2147483647;
			files = (
				9E741ED022C13A13009680E8 /* collatz.jsl in Resources */,
				9E741ED122C13A13009680E8 /* i.test.jsl in Resources */,
				9E741ED222C13A13009680E8 /* module-test.jsl in Resources */,
				9E741ED322C13A13009680E8 /* scope.jsl in Resources */,
			);
			runOnlyForDeploymentPostprocessing = 0;
		};
/* End PBXResourcesBuildPhase section */

/* Begin PBXSourcesBuildPhase section */
		9E3A9D4622568AFC00348529 /* Sources */ = {
			isa = PBXSourcesBuildPhase;
			buildActionMask = 2147483647;
			files = (
				9E5D7B4B225B947E00970453 /* Terminal.m in Sources */,
				9E741EE322C150DA009680E8 /* ShellConst.m in Sources */,
				9E3A9D4E22568AFC00348529 /* main.m in Sources */,
			);
			runOnlyForDeploymentPostprocessing = 0;
		};
		9E3A9D5422568B1300348529 /* Sources */ = {
			isa = PBXSourcesBuildPhase;
			buildActionMask = 2147483647;
			files = (
				9E741EDC22C14556009680E8 /* JSLShellTests.m in Sources */,
				9E741EE422C150DA009680E8 /* ShellConst.m in Sources */,
				9E5D7B4C225B947E00970453 /* Terminal.m in Sources */,
			);
			runOnlyForDeploymentPostprocessing = 0;
		};
		9E7942CB22C12A310086A47F /* Sources */ = {
			isa = PBXSourcesBuildPhase;
			buildActionMask = 2147483647;
			files = (
				9E741E7C22C12C07009680E8 /* NSDecimalNumber+JSDataProtocol.m in Sources */,
				9E741E8A22C12C23009680E8 /* JSNumber.m in Sources */,
				9E741E7D22C12C12009680E8 /* NSMapTable+JSHashMap.m in Sources */,
				9E741E9A22C12C38009680E8 /* State.m in Sources */,
				9E741E8822C12C23009680E8 /* JSList.m in Sources */,
				9E741E8422C12C23009680E8 /* JSFault.m in Sources */,
				9E741E9922C12C38009680E8 /* Reader.m in Sources */,
				9E741E9022C12C38009680E8 /* Const.m in Sources */,
				9E741E8E22C12C23009680E8 /* TypeUtils.m in Sources */,
				9E741E8222C12C23009680E8 /* JSAtom.m in Sources */,
				9E741E8522C12C23009680E8 /* JSFunction.m in Sources */,
				9E741E9422C12C38009680E8 /* JSError.m in Sources */,
				9E741E9B22C12C38009680E8 /* SymbolTable.m in Sources */,
				9E741E9222C12C38009680E8 /* Env.m in Sources */,
				9E741E7E22C12C12009680E8 /* NSMutableArray+JSList.m in Sources */,
				9E741E9822C12C38009680E8 /* Printer.m in Sources */,
				9E741E8922C12C23009680E8 /* JSNil.m in Sources */,
				9E741E7B22C12C00009680E8 /* NSArray+JSDataProtocol.m in Sources */,
				9E741E8122C12C12009680E8 /* NSString+JSDataProtocol.m in Sources */,
				9E741E7F22C12C12009680E8 /* NSMutableDictionary+JSHashMap.m in Sources */,
				9E741E8B22C12C23009680E8 /* JSString.m in Sources */,
				9E741E9122C12C38009680E8 /* Core.m in Sources */,
				9E741E8D22C12C23009680E8 /* JSVector.m in Sources */,
				9E741E9622C12C38009680E8 /* Logger.m in Sources */,
				9E741E9722C12C38009680E8 /* ModuleTable.m in Sources */,
				9E741E8722C12C23009680E8 /* JSKeyword.m in Sources */,
				9E741E8F22C12C38009680E8 /* CacheTable.m in Sources */,
				9E741E8C22C12C23009680E8 /* JSSymbol.m in Sources */,
				9E741E8622C12C23009680E8 /* JSHashMap.m in Sources */,
				9E741E8022C12C12009680E8 /* NSNumber+JSDataProtocol.m in Sources */,
				9E741E9522C12C38009680E8 /* JSL.m in Sources */,
				9E741E8322C12C23009680E8 /* JSBool.m in Sources */,
				9E741E9322C12C38009680E8 /* FileOps.m in Sources */,
				9E741E9C22C12C38009680E8 /* Utils.m in Sources */,
			);
			runOnlyForDeploymentPostprocessing = 0;
		};
		9E7942D322C12A310086A47F /* Sources */ = {
			isa = PBXSourcesBuildPhase;
			buildActionMask = 2147483647;
			files = (
				9E741E9E22C12C47009680E8 /* JSLPerfTests.m in Sources */,
				9E741E9D22C12C42009680E8 /* CacheTableTests.m in Sources */,
				9E741EA022C12D17009680E8 /* JSLTests.m in Sources */,
			);
			runOnlyForDeploymentPostprocessing = 0;
		};
/* End PBXSourcesBuildPhase section */

/* Begin PBXTargetDependency section */
		9E741EDA22C1431F009680E8 /* PBXTargetDependency */ = {
			isa = PBXTargetDependency;
			target = 9E7942CE22C12A310086A47F /* JSL */;
			targetProxy = 9E741ED922C1431F009680E8 /* PBXContainerItemProxy */;
		};
		9E7942DA22C12A310086A47F /* PBXTargetDependency */ = {
			isa = PBXTargetDependency;
			target = 9E7942CE22C12A310086A47F /* JSL */;
			targetProxy = 9E7942D922C12A310086A47F /* PBXContainerItemProxy */;
		};
/* End PBXTargetDependency section */

/* Begin XCBuildConfiguration section */
		9E3A9D4F22568AFC00348529 /* Debug */ = {
			isa = XCBuildConfiguration;
			buildSettings = {
				ALWAYS_SEARCH_USER_PATHS = NO;
				CLANG_ANALYZER_NONNULL = YES;
				CLANG_ANALYZER_NUMBER_OBJECT_CONVERSION = YES_AGGRESSIVE;
				CLANG_CXX_LANGUAGE_STANDARD = "gnu++14";
				CLANG_CXX_LIBRARY = "libc++";
				CLANG_ENABLE_MODULES = YES;
				CLANG_ENABLE_OBJC_ARC = YES;
				CLANG_ENABLE_OBJC_WEAK = YES;
				CLANG_WARN_BLOCK_CAPTURE_AUTORELEASING = YES;
				CLANG_WARN_BOOL_CONVERSION = YES;
				CLANG_WARN_COMMA = YES;
				CLANG_WARN_CONSTANT_CONVERSION = YES;
				CLANG_WARN_DEPRECATED_OBJC_IMPLEMENTATIONS = YES;
				CLANG_WARN_DIRECT_OBJC_ISA_USAGE = YES_ERROR;
				CLANG_WARN_DOCUMENTATION_COMMENTS = YES;
				CLANG_WARN_EMPTY_BODY = YES;
				CLANG_WARN_ENUM_CONVERSION = YES;
				CLANG_WARN_INFINITE_RECURSION = YES;
				CLANG_WARN_INT_CONVERSION = YES;
				CLANG_WARN_NON_LITERAL_NULL_CONVERSION = YES;
				CLANG_WARN_OBJC_IMPLICIT_RETAIN_SELF = YES;
				CLANG_WARN_OBJC_LITERAL_CONVERSION = YES;
				CLANG_WARN_OBJC_ROOT_CLASS = YES_ERROR;
				CLANG_WARN_RANGE_LOOP_ANALYSIS = YES;
				CLANG_WARN_STRICT_PROTOTYPES = YES;
				CLANG_WARN_SUSPICIOUS_MOVE = YES;
				CLANG_WARN_UNGUARDED_AVAILABILITY = YES_AGGRESSIVE;
				CLANG_WARN_UNREACHABLE_CODE = YES;
				CLANG_WARN__DUPLICATE_METHOD_MATCH = YES;
				CODE_SIGN_IDENTITY = "Mac Developer";
				COPY_PHASE_STRIP = NO;
				DEBUG_INFORMATION_FORMAT = dwarf;
				ENABLE_STRICT_OBJC_MSGSEND = YES;
				ENABLE_TESTABILITY = YES;
				GCC_C_LANGUAGE_STANDARD = gnu11;
				GCC_DYNAMIC_NO_PIC = NO;
				GCC_NO_COMMON_BLOCKS = YES;
				GCC_OPTIMIZATION_LEVEL = 0;
				GCC_PREPROCESSOR_DEFINITIONS = (
					"DEBUG=1",
					"VERBOSE=1",
					"$(inherited)",
				);
				GCC_WARN_64_TO_32_BIT_CONVERSION = YES;
				GCC_WARN_ABOUT_RETURN_TYPE = YES_ERROR;
				GCC_WARN_UNDECLARED_SELECTOR = YES;
				GCC_WARN_UNINITIALIZED_AUTOS = YES_AGGRESSIVE;
				GCC_WARN_UNUSED_FUNCTION = YES;
				GCC_WARN_UNUSED_VARIABLE = YES;
				MACOSX_DEPLOYMENT_TARGET = 10.14;
				MTL_ENABLE_DEBUG_INFO = INCLUDE_SOURCE;
				MTL_FAST_MATH = YES;
				ONLY_ACTIVE_ARCH = YES;
				SDKROOT = macosx;
			};
			name = Debug;
		};
		9E3A9D5022568AFC00348529 /* Release */ = {
			isa = XCBuildConfiguration;
			buildSettings = {
				ALWAYS_SEARCH_USER_PATHS = NO;
				CLANG_ANALYZER_NONNULL = YES;
				CLANG_ANALYZER_NUMBER_OBJECT_CONVERSION = YES_AGGRESSIVE;
				CLANG_CXX_LANGUAGE_STANDARD = "gnu++14";
				CLANG_CXX_LIBRARY = "libc++";
				CLANG_ENABLE_MODULES = YES;
				CLANG_ENABLE_OBJC_ARC = YES;
				CLANG_ENABLE_OBJC_WEAK = YES;
				CLANG_WARN_BLOCK_CAPTURE_AUTORELEASING = YES;
				CLANG_WARN_BOOL_CONVERSION = YES;
				CLANG_WARN_COMMA = YES;
				CLANG_WARN_CONSTANT_CONVERSION = YES;
				CLANG_WARN_DEPRECATED_OBJC_IMPLEMENTATIONS = YES;
				CLANG_WARN_DIRECT_OBJC_ISA_USAGE = YES_ERROR;
				CLANG_WARN_DOCUMENTATION_COMMENTS = YES;
				CLANG_WARN_EMPTY_BODY = YES;
				CLANG_WARN_ENUM_CONVERSION = YES;
				CLANG_WARN_INFINITE_RECURSION = YES;
				CLANG_WARN_INT_CONVERSION = YES;
				CLANG_WARN_NON_LITERAL_NULL_CONVERSION = YES;
				CLANG_WARN_OBJC_IMPLICIT_RETAIN_SELF = YES;
				CLANG_WARN_OBJC_LITERAL_CONVERSION = YES;
				CLANG_WARN_OBJC_ROOT_CLASS = YES_ERROR;
				CLANG_WARN_RANGE_LOOP_ANALYSIS = YES;
				CLANG_WARN_STRICT_PROTOTYPES = YES;
				CLANG_WARN_SUSPICIOUS_MOVE = YES;
				CLANG_WARN_UNGUARDED_AVAILABILITY = YES_AGGRESSIVE;
				CLANG_WARN_UNREACHABLE_CODE = YES;
				CLANG_WARN__DUPLICATE_METHOD_MATCH = YES;
				CODE_SIGN_IDENTITY = "Mac Developer";
				COPY_PHASE_STRIP = NO;
				DEBUG_INFORMATION_FORMAT = "dwarf-with-dsym";
				ENABLE_NS_ASSERTIONS = NO;
				ENABLE_STRICT_OBJC_MSGSEND = YES;
				GCC_C_LANGUAGE_STANDARD = gnu11;
				GCC_NO_COMMON_BLOCKS = YES;
				GCC_WARN_64_TO_32_BIT_CONVERSION = YES;
				GCC_WARN_ABOUT_RETURN_TYPE = YES_ERROR;
				GCC_WARN_UNDECLARED_SELECTOR = YES;
				GCC_WARN_UNINITIALIZED_AUTOS = YES_AGGRESSIVE;
				GCC_WARN_UNUSED_FUNCTION = YES;
				GCC_WARN_UNUSED_VARIABLE = YES;
				MACOSX_DEPLOYMENT_TARGET = 10.14;
				MTL_ENABLE_DEBUG_INFO = NO;
				MTL_FAST_MATH = YES;
				SDKROOT = macosx;
			};
			name = Release;
		};
		9E3A9D5222568AFC00348529 /* Debug */ = {
			isa = XCBuildConfiguration;
			buildSettings = {
				CLANG_ENABLE_MODULES = YES;
				CODE_SIGN_STYLE = Automatic;
				DEVELOPMENT_TEAM = 7S7UE44956;
				ENABLE_STRICT_OBJC_MSGSEND = NO;
				GCC_PREPROCESSOR_DEFINITIONS = (
					"DEBUG=1",
					"$(inherited)",
				);
				INFOPLIST_FILE = "$(SRCROOT)/JSLShell/Info.plist";
				LD_RUNPATH_SEARCH_PATHS = (
					"$(inherited)",
					"@executable_path/../Frameworks",
					"@loader_path/../Frameworks",
				);
				PRODUCT_BUNDLE_IDENTIFIER = net.jsloop.JSLShell;
				PRODUCT_NAME = jslshell;
				SWIFT_OPTIMIZATION_LEVEL = "-Onone";
				SWIFT_VERSION = 5.0;
			};
			name = Debug;
		};
		9E3A9D5322568AFC00348529 /* Release */ = {
			isa = XCBuildConfiguration;
			buildSettings = {
				CLANG_ENABLE_MODULES = YES;
				CODE_SIGN_STYLE = Automatic;
				DEVELOPMENT_TEAM = 7S7UE44956;
				ENABLE_STRICT_OBJC_MSGSEND = NO;
				INFOPLIST_FILE = "$(SRCROOT)/JSLShell/Info.plist";
				LD_RUNPATH_SEARCH_PATHS = (
					"$(inherited)",
					"@executable_path/../Frameworks",
					"@loader_path/../Frameworks",
				);
				PRODUCT_BUNDLE_IDENTIFIER = net.jsloop.JSLShell;
				PRODUCT_NAME = jslshell;
				SWIFT_VERSION = 5.0;
			};
			name = Release;
		};
		9E3A9D5E22568B1300348529 /* Debug */ = {
			isa = XCBuildConfiguration;
			buildSettings = {
				CLANG_ENABLE_MODULES = YES;
				CODE_SIGN_STYLE = Automatic;
				COMBINE_HIDPI_IMAGES = YES;
				DEVELOPMENT_TEAM = 7S7UE44956;
				ENABLE_STRICT_OBJC_MSGSEND = NO;
				INFOPLIST_FILE = JSLShellTests/Info.plist;
				LD_RUNPATH_SEARCH_PATHS = (
					"$(inherited)",
					"@executable_path/../Frameworks",
					"@loader_path/../Frameworks",
				);
				PRODUCT_BUNDLE_IDENTIFIER = net.jsloop.JSLTests;
				PRODUCT_NAME = "$(TARGET_NAME)";
				SWIFT_OPTIMIZATION_LEVEL = "-Onone";
				SWIFT_VERSION = 5.0;
			};
			name = Debug;
		};
		9E3A9D5F22568B1300348529 /* Release */ = {
			isa = XCBuildConfiguration;
			buildSettings = {
				CLANG_ENABLE_MODULES = YES;
				CODE_SIGN_STYLE = Automatic;
				COMBINE_HIDPI_IMAGES = YES;
				DEVELOPMENT_TEAM = 7S7UE44956;
				ENABLE_STRICT_OBJC_MSGSEND = NO;
				INFOPLIST_FILE = JSLShellTests/Info.plist;
				LD_RUNPATH_SEARCH_PATHS = (
					"$(inherited)",
					"@executable_path/../Frameworks",
					"@loader_path/../Frameworks",
				);
				PRODUCT_BUNDLE_IDENTIFIER = net.jsloop.JSLTests;
				PRODUCT_NAME = "$(TARGET_NAME)";
				SWIFT_VERSION = 5.0;
			};
			name = Release;
		};
		9E7942E022C12A320086A47F /* Debug */ = {
			isa = XCBuildConfiguration;
			buildSettings = {
				CODE_SIGN_IDENTITY = "";
				CODE_SIGN_STYLE = Automatic;
				COMBINE_HIDPI_IMAGES = YES;
				CURRENT_PROJECT_VERSION = 1;
				DEFINES_MODULE = YES;
				DEVELOPMENT_TEAM = 7S7UE44956;
				DYLIB_COMPATIBILITY_VERSION = 1;
				DYLIB_CURRENT_VERSION = 1;
				DYLIB_INSTALL_NAME_BASE = "@rpath";
				ENABLE_STRICT_OBJC_MSGSEND = NO;
				FRAMEWORK_VERSION = A;
				GCC_PREPROCESSOR_DEFINITIONS = (
					"DEBUG=1",
					"$(inherited)",
				);
				INFOPLIST_FILE = JSL/Info.plist;
				INSTALL_PATH = "$(LOCAL_LIBRARY_DIR)/Frameworks";
				LD_RUNPATH_SEARCH_PATHS = (
					"$(inherited)",
					"@executable_path/../Frameworks",
					"@loader_path/Frameworks",
				);
				PRODUCT_BUNDLE_IDENTIFIER = net.jsloop.JSL;
				PRODUCT_NAME = "$(TARGET_NAME:c99extidentifier)";
				SKIP_INSTALL = YES;
				VERSIONING_SYSTEM = "apple-generic";
				VERSION_INFO_PREFIX = "";
			};
			name = Debug;
		};
		9E7942E122C12A320086A47F /* Release */ = {
			isa = XCBuildConfiguration;
			buildSettings = {
				CODE_SIGN_IDENTITY = "";
				CODE_SIGN_STYLE = Automatic;
				COMBINE_HIDPI_IMAGES = YES;
				CURRENT_PROJECT_VERSION = 1;
				DEFINES_MODULE = YES;
				DEVELOPMENT_TEAM = 7S7UE44956;
				DYLIB_COMPATIBILITY_VERSION = 1;
				DYLIB_CURRENT_VERSION = 1;
				DYLIB_INSTALL_NAME_BASE = "@rpath";
				ENABLE_STRICT_OBJC_MSGSEND = NO;
				FRAMEWORK_VERSION = A;
				INFOPLIST_FILE = JSL/Info.plist;
				INSTALL_PATH = "$(LOCAL_LIBRARY_DIR)/Frameworks";
				LD_RUNPATH_SEARCH_PATHS = (
					"$(inherited)",
					"@executable_path/../Frameworks",
					"@loader_path/Frameworks",
				);
				PRODUCT_BUNDLE_IDENTIFIER = net.jsloop.JSL;
				PRODUCT_NAME = "$(TARGET_NAME:c99extidentifier)";
				SKIP_INSTALL = YES;
				VERSIONING_SYSTEM = "apple-generic";
				VERSION_INFO_PREFIX = "";
			};
			name = Release;
		};
		9E7942E222C12A320086A47F /* Debug */ = {
			isa = XCBuildConfiguration;
			buildSettings = {
				CODE_SIGN_STYLE = Automatic;
				COMBINE_HIDPI_IMAGES = YES;
				DEVELOPMENT_TEAM = 7S7UE44956;
				ENABLE_STRICT_OBJC_MSGSEND = NO;
				GCC_PREPROCESSOR_DEFINITIONS = (
					"DEBUG=1",
					"$(inherited)",
				);
				INFOPLIST_FILE = JSLTests/Info.plist;
				LD_RUNPATH_SEARCH_PATHS = (
					"$(inherited)",
					"@executable_path/../Frameworks",
					"@loader_path/../Frameworks",
				);
				PRODUCT_BUNDLE_IDENTIFIER = net.jsloop.JSLTests;
				PRODUCT_NAME = "$(TARGET_NAME)";
			};
			name = Debug;
		};
		9E7942E322C12A320086A47F /* Release */ = {
			isa = XCBuildConfiguration;
			buildSettings = {
				CODE_SIGN_STYLE = Automatic;
				COMBINE_HIDPI_IMAGES = YES;
				DEVELOPMENT_TEAM = 7S7UE44956;
				ENABLE_STRICT_OBJC_MSGSEND = NO;
				INFOPLIST_FILE = JSLTests/Info.plist;
				LD_RUNPATH_SEARCH_PATHS = (
					"$(inherited)",
					"@executable_path/../Frameworks",
					"@loader_path/../Frameworks",
				);
				PRODUCT_BUNDLE_IDENTIFIER = net.jsloop.JSLTests;
				PRODUCT_NAME = "$(TARGET_NAME)";
			};
			name = Release;
		};
/* End XCBuildConfiguration section */

/* Begin XCConfigurationList section */
		9E3A9D4522568AFC00348529 /* Build configuration list for PBXProject "JSL" */ = {
			isa = XCConfigurationList;
			buildConfigurations = (
				9E3A9D4F22568AFC00348529 /* Debug */,
				9E3A9D5022568AFC00348529 /* Release */,
			);
			defaultConfigurationIsVisible = 0;
			defaultConfigurationName = Release;
		};
		9E3A9D5122568AFC00348529 /* Build configuration list for PBXNativeTarget "JSLShell" */ = {
			isa = XCConfigurationList;
			buildConfigurations = (
				9E3A9D5222568AFC00348529 /* Debug */,
				9E3A9D5322568AFC00348529 /* Release */,
			);
			defaultConfigurationIsVisible = 0;
			defaultConfigurationName = Release;
		};
		9E3A9D5D22568B1300348529 /* Build configuration list for PBXNativeTarget "JSLShellTests" */ = {
			isa = XCConfigurationList;
			buildConfigurations = (
				9E3A9D5E22568B1300348529 /* Debug */,
				9E3A9D5F22568B1300348529 /* Release */,
			);
			defaultConfigurationIsVisible = 0;
			defaultConfigurationName = Release;
		};
		9E7942E422C12A320086A47F /* Build configuration list for PBXNativeTarget "JSL" */ = {
			isa = XCConfigurationList;
			buildConfigurations = (
				9E7942E022C12A320086A47F /* Debug */,
				9E7942E122C12A320086A47F /* Release */,
			);
			defaultConfigurationIsVisible = 0;
			defaultConfigurationName = Release;
		};
		9E7942E522C12A320086A47F /* Build configuration list for PBXNativeTarget "JSLTests" */ = {
			isa = XCConfigurationList;
			buildConfigurations = (
				9E7942E222C12A320086A47F /* Debug */,
				9E7942E322C12A320086A47F /* Release */,
			);
			defaultConfigurationIsVisible = 0;
			defaultConfigurationName = Release;
		};
/* End XCConfigurationList section */
	};
	rootObject = 9E3A9D4222568AFC00348529 /* Project object */;
}
