// !$*UTF8*$!
{
	archiveVersion = 1;
	classes = {
	};
	objectVersion = 50;
	objects = {

/* Begin PBXBuildFile section */
		9E281CEA225890B10038A5AF /* Utils.m in Sources */ = {isa = PBXBuildFile; fileRef = 9E281CE9225890B10038A5AF /* Utils.m */; };
		9E281CEB225890B10038A5AF /* Utils.m in Sources */ = {isa = PBXBuildFile; fileRef = 9E281CE9225890B10038A5AF /* Utils.m */; };
		9E281CEE225908480038A5AF /* Constants.m in Sources */ = {isa = PBXBuildFile; fileRef = 9E281CED225908480038A5AF /* Constants.m */; };
		9E281CEF225908480038A5AF /* Constants.m in Sources */ = {isa = PBXBuildFile; fileRef = 9E281CED225908480038A5AF /* Constants.m */; };
		9E281CF8225A4C790038A5AF /* libreadline.tbd in Frameworks */ = {isa = PBXBuildFile; fileRef = 9E281CF7225A4C790038A5AF /* libreadline.tbd */; };
		9E281CFD225A60770038A5AF /* tests in Resources */ = {isa = PBXBuildFile; fileRef = 9E281CF9225A60760038A5AF /* tests */; };
		9E281CFE225A60770038A5AF /* run_argv_test.sh in Resources */ = {isa = PBXBuildFile; fileRef = 9E281CFA225A60760038A5AF /* run_argv_test.sh */; };
		9E281CFF225A60770038A5AF /* runtest.py in Resources */ = {isa = PBXBuildFile; fileRef = 9E281CFB225A60760038A5AF /* runtest.py */; };
		9E281D03225A608D0038A5AF /* test in Resources */ = {isa = PBXBuildFile; fileRef = 9E281D02225A608D0038A5AF /* test */; };
		9E30553B2260FA8F001D4597 /* Logger.m in Sources */ = {isa = PBXBuildFile; fileRef = 9E30553A2260FA8F001D4597 /* Logger.m */; };
		9E30553C2260FA8F001D4597 /* Logger.m in Sources */ = {isa = PBXBuildFile; fileRef = 9E30553A2260FA8F001D4597 /* Logger.m */; };
		9E30553F22612AF1001D4597 /* NSMutableArray+JSList.m in Sources */ = {isa = PBXBuildFile; fileRef = 9E30553E22612AF0001D4597 /* NSMutableArray+JSList.m */; };
		9E30554022612AF1001D4597 /* NSMutableArray+JSList.m in Sources */ = {isa = PBXBuildFile; fileRef = 9E30553E22612AF0001D4597 /* NSMutableArray+JSList.m */; };
		9E30554422612C34001D4597 /* NSString+JSDataProtocol.m in Sources */ = {isa = PBXBuildFile; fileRef = 9E30554322612C34001D4597 /* NSString+JSDataProtocol.m */; };
		9E30554522612C34001D4597 /* NSString+JSDataProtocol.m in Sources */ = {isa = PBXBuildFile; fileRef = 9E30554322612C34001D4597 /* NSString+JSDataProtocol.m */; };
		9E30554822619F3F001D4597 /* NSNumber+JSDataProtocol.m in Sources */ = {isa = PBXBuildFile; fileRef = 9E30554722619F3F001D4597 /* NSNumber+JSDataProtocol.m */; };
		9E30554922619F3F001D4597 /* NSNumber+JSDataProtocol.m in Sources */ = {isa = PBXBuildFile; fileRef = 9E30554722619F3F001D4597 /* NSNumber+JSDataProtocol.m */; };
		9E30554C2261A094001D4597 /* NSDecimalNumber+JSDataProtocol.m in Sources */ = {isa = PBXBuildFile; fileRef = 9E30554B2261A094001D4597 /* NSDecimalNumber+JSDataProtocol.m */; };
		9E30554D2261A094001D4597 /* NSDecimalNumber+JSDataProtocol.m in Sources */ = {isa = PBXBuildFile; fileRef = 9E30554B2261A094001D4597 /* NSDecimalNumber+JSDataProtocol.m */; };
		9E3055502261A10F001D4597 /* NSArray+JSDataProtocol.m in Sources */ = {isa = PBXBuildFile; fileRef = 9E30554F2261A10F001D4597 /* NSArray+JSDataProtocol.m */; };
		9E3055512261A10F001D4597 /* NSArray+JSDataProtocol.m in Sources */ = {isa = PBXBuildFile; fileRef = 9E30554F2261A10F001D4597 /* NSArray+JSDataProtocol.m */; };
		9E3055542261A162001D4597 /* TypeUtils.m in Sources */ = {isa = PBXBuildFile; fileRef = 9E3055532261A162001D4597 /* TypeUtils.m */; };
		9E3055552261A162001D4597 /* TypeUtils.m in Sources */ = {isa = PBXBuildFile; fileRef = 9E3055532261A162001D4597 /* TypeUtils.m */; };
		9E30555D2261C4DD001D4597 /* build in Resources */ = {isa = PBXBuildFile; fileRef = 9E30555C2261C4DC001D4597 /* build */; };
		9E3055602262633E001D4597 /* JSError.m in Sources */ = {isa = PBXBuildFile; fileRef = 9E30555F2262633E001D4597 /* JSError.m */; };
		9E3055612262633E001D4597 /* JSError.m in Sources */ = {isa = PBXBuildFile; fileRef = 9E30555F2262633E001D4597 /* JSError.m */; };
		9E3A9D4E22568AFC00348529 /* main.m in Sources */ = {isa = PBXBuildFile; fileRef = 9E3A9D4D22568AFC00348529 /* main.m */; };
		9E3A9D5B22568B1300348529 /* JSLTests.m in Sources */ = {isa = PBXBuildFile; fileRef = 9E3A9D5A22568B1300348529 /* JSLTests.m */; };
		9E3A9D6522568D4B00348529 /* Core.m in Sources */ = {isa = PBXBuildFile; fileRef = 9E3A9D6422568D4B00348529 /* Core.m */; };
		9E3A9D6622568D4B00348529 /* Core.m in Sources */ = {isa = PBXBuildFile; fileRef = 9E3A9D6422568D4B00348529 /* Core.m */; };
		9E3A9D6922568D7D00348529 /* Types.m in Sources */ = {isa = PBXBuildFile; fileRef = 9E3A9D6822568D7D00348529 /* Types.m */; };
		9E3A9D6A22568D7D00348529 /* Types.m in Sources */ = {isa = PBXBuildFile; fileRef = 9E3A9D6822568D7D00348529 /* Types.m */; };
		9E3A9D6D22568D8D00348529 /* Env.m in Sources */ = {isa = PBXBuildFile; fileRef = 9E3A9D6C22568D8D00348529 /* Env.m */; };
		9E3A9D6E22568D8D00348529 /* Env.m in Sources */ = {isa = PBXBuildFile; fileRef = 9E3A9D6C22568D8D00348529 /* Env.m */; };
		9E3A9D7122568DB100348529 /* Printer.m in Sources */ = {isa = PBXBuildFile; fileRef = 9E3A9D7022568DB100348529 /* Printer.m */; };
		9E3A9D7222568DB100348529 /* Printer.m in Sources */ = {isa = PBXBuildFile; fileRef = 9E3A9D7022568DB100348529 /* Printer.m */; };
		9E3A9D7522568DBD00348529 /* Reader.m in Sources */ = {isa = PBXBuildFile; fileRef = 9E3A9D7422568DBD00348529 /* Reader.m */; };
		9E3A9D7622568DBD00348529 /* Reader.m in Sources */ = {isa = PBXBuildFile; fileRef = 9E3A9D7422568DBD00348529 /* Reader.m */; };
		9E5D7B4B225B947E00970453 /* Terminal.m in Sources */ = {isa = PBXBuildFile; fileRef = 9E5D7B4A225B947E00970453 /* Terminal.m */; };
		9E5D7B4C225B947E00970453 /* Terminal.m in Sources */ = {isa = PBXBuildFile; fileRef = 9E5D7B4A225B947E00970453 /* Terminal.m */; };
		9E6F444822578E5600777A24 /* JSL.m in Sources */ = {isa = PBXBuildFile; fileRef = 9E6F444722578E5600777A24 /* JSL.m */; };
		9E6F444922578E5600777A24 /* JSL.m in Sources */ = {isa = PBXBuildFile; fileRef = 9E6F444722578E5600777A24 /* JSL.m */; };
		9E9B6228225B9FC20060DA9A /* FileOps.m in Sources */ = {isa = PBXBuildFile; fileRef = 9E9B6227225B9FC20060DA9A /* FileOps.m */; };
		9E9B6229225B9FC20060DA9A /* FileOps.m in Sources */ = {isa = PBXBuildFile; fileRef = 9E9B6227225B9FC20060DA9A /* FileOps.m */; };
		9E9B622B225BAA280060DA9A /* libedit.tbd in Frameworks */ = {isa = PBXBuildFile; fileRef = 9E9B622A225BAA270060DA9A /* libedit.tbd */; };
/* End PBXBuildFile section */

/* Begin PBXCopyFilesBuildPhase section */
		9E3A9D4822568AFC00348529 /* CopyFiles */ = {
			isa = PBXCopyFilesBuildPhase;
			buildActionMask = 2147483647;
			dstPath = /usr/share/man/man1/;
			dstSubfolderSpec = 0;
			files = (
			);
			runOnlyForDeploymentPostprocessing = 1;
		};
/* End PBXCopyFilesBuildPhase section */

/* Begin PBXFileReference section */
		9E281CE8225890B10038A5AF /* Utils.h */ = {isa = PBXFileReference; lastKnownFileType = sourcecode.c.h; path = Utils.h; sourceTree = "<group>"; };
		9E281CE9225890B10038A5AF /* Utils.m */ = {isa = PBXFileReference; lastKnownFileType = sourcecode.c.objc; path = Utils.m; sourceTree = "<group>"; };
		9E281CEC225908480038A5AF /* Constants.h */ = {isa = PBXFileReference; lastKnownFileType = sourcecode.c.h; path = Constants.h; sourceTree = "<group>"; };
		9E281CED225908480038A5AF /* Constants.m */ = {isa = PBXFileReference; lastKnownFileType = sourcecode.c.objc; path = Constants.m; sourceTree = "<group>"; };
		9E281CF7225A4C790038A5AF /* libreadline.tbd */ = {isa = PBXFileReference; lastKnownFileType = "sourcecode.text-based-dylib-definition"; name = libreadline.tbd; path = usr/lib/libreadline.tbd; sourceTree = SDKROOT; };
		9E281CF9225A60760038A5AF /* tests */ = {isa = PBXFileReference; lastKnownFileType = folder; path = tests; sourceTree = "<group>"; };
		9E281CFA225A60760038A5AF /* run_argv_test.sh */ = {isa = PBXFileReference; fileEncoding = 4; lastKnownFileType = text.script.sh; path = run_argv_test.sh; sourceTree = "<group>"; };
		9E281CFB225A60760038A5AF /* runtest.py */ = {isa = PBXFileReference; fileEncoding = 4; lastKnownFileType = text.script.python; path = runtest.py; sourceTree = "<group>"; };
		9E281CFC225A60760038A5AF /* Makefile */ = {isa = PBXFileReference; fileEncoding = 4; lastKnownFileType = sourcecode.make; path = Makefile; sourceTree = "<group>"; };
		9E281D02225A608D0038A5AF /* test */ = {isa = PBXFileReference; fileEncoding = 4; lastKnownFileType = text.script.sh; path = test; sourceTree = "<group>"; };
		9E3055392260FA8F001D4597 /* Logger.h */ = {isa = PBXFileReference; lastKnownFileType = sourcecode.c.h; path = Logger.h; sourceTree = "<group>"; };
		9E30553A2260FA8F001D4597 /* Logger.m */ = {isa = PBXFileReference; lastKnownFileType = sourcecode.c.objc; path = Logger.m; sourceTree = "<group>"; };
		9E30553D22612AF0001D4597 /* NSMutableArray+JSList.h */ = {isa = PBXFileReference; lastKnownFileType = sourcecode.c.h; path = "NSMutableArray+JSList.h"; sourceTree = "<group>"; };
		9E30553E22612AF0001D4597 /* NSMutableArray+JSList.m */ = {isa = PBXFileReference; lastKnownFileType = sourcecode.c.objc; path = "NSMutableArray+JSList.m"; sourceTree = "<group>"; };
		9E30554222612C34001D4597 /* NSString+JSDataProtocol.h */ = {isa = PBXFileReference; lastKnownFileType = sourcecode.c.h; path = "NSString+JSDataProtocol.h"; sourceTree = "<group>"; };
		9E30554322612C34001D4597 /* NSString+JSDataProtocol.m */ = {isa = PBXFileReference; lastKnownFileType = sourcecode.c.objc; path = "NSString+JSDataProtocol.m"; sourceTree = "<group>"; };
		9E30554622619F3F001D4597 /* NSNumber+JSDataProtocol.h */ = {isa = PBXFileReference; lastKnownFileType = sourcecode.c.h; path = "NSNumber+JSDataProtocol.h"; sourceTree = "<group>"; };
		9E30554722619F3F001D4597 /* NSNumber+JSDataProtocol.m */ = {isa = PBXFileReference; lastKnownFileType = sourcecode.c.objc; path = "NSNumber+JSDataProtocol.m"; sourceTree = "<group>"; };
		9E30554A2261A094001D4597 /* NSDecimalNumber+JSDataProtocol.h */ = {isa = PBXFileReference; lastKnownFileType = sourcecode.c.h; path = "NSDecimalNumber+JSDataProtocol.h"; sourceTree = "<group>"; };
		9E30554B2261A094001D4597 /* NSDecimalNumber+JSDataProtocol.m */ = {isa = PBXFileReference; lastKnownFileType = sourcecode.c.objc; path = "NSDecimalNumber+JSDataProtocol.m"; sourceTree = "<group>"; };
		9E30554E2261A10F001D4597 /* NSArray+JSDataProtocol.h */ = {isa = PBXFileReference; lastKnownFileType = sourcecode.c.h; path = "NSArray+JSDataProtocol.h"; sourceTree = "<group>"; };
		9E30554F2261A10F001D4597 /* NSArray+JSDataProtocol.m */ = {isa = PBXFileReference; lastKnownFileType = sourcecode.c.objc; path = "NSArray+JSDataProtocol.m"; sourceTree = "<group>"; };
		9E3055522261A162001D4597 /* TypeUtils.h */ = {isa = PBXFileReference; lastKnownFileType = sourcecode.c.h; path = TypeUtils.h; sourceTree = "<group>"; };
		9E3055532261A162001D4597 /* TypeUtils.m */ = {isa = PBXFileReference; lastKnownFileType = sourcecode.c.objc; path = TypeUtils.m; sourceTree = "<group>"; };
		9E30555C2261C4DC001D4597 /* build */ = {isa = PBXFileReference; fileEncoding = 4; lastKnownFileType = text.script.sh; path = build; sourceTree = "<group>"; };
		9E30555E2262633E001D4597 /* JSError.h */ = {isa = PBXFileReference; lastKnownFileType = sourcecode.c.h; path = JSError.h; sourceTree = "<group>"; };
		9E30555F2262633E001D4597 /* JSError.m */ = {isa = PBXFileReference; lastKnownFileType = sourcecode.c.objc; path = JSError.m; sourceTree = "<group>"; };
		9E3A9D4A22568AFC00348529 /* JSL */ = {isa = PBXFileReference; explicitFileType = "compiled.mach-o.executable"; includeInIndex = 0; path = JSL; sourceTree = BUILT_PRODUCTS_DIR; };
		9E3A9D4D22568AFC00348529 /* main.m */ = {isa = PBXFileReference; lastKnownFileType = sourcecode.c.objc; path = main.m; sourceTree = "<group>"; };
		9E3A9D5822568B1300348529 /* JSLTests.xctest */ = {isa = PBXFileReference; explicitFileType = wrapper.cfbundle; includeInIndex = 0; path = JSLTests.xctest; sourceTree = BUILT_PRODUCTS_DIR; };
		9E3A9D5A22568B1300348529 /* JSLTests.m */ = {isa = PBXFileReference; lastKnownFileType = sourcecode.c.objc; path = JSLTests.m; sourceTree = "<group>"; };
		9E3A9D5C22568B1300348529 /* Info.plist */ = {isa = PBXFileReference; lastKnownFileType = text.plist.xml; path = Info.plist; sourceTree = "<group>"; };
		9E3A9D6322568D4B00348529 /* Core.h */ = {isa = PBXFileReference; lastKnownFileType = sourcecode.c.h; path = Core.h; sourceTree = "<group>"; };
		9E3A9D6422568D4B00348529 /* Core.m */ = {isa = PBXFileReference; lastKnownFileType = sourcecode.c.objc; path = Core.m; sourceTree = "<group>"; };
		9E3A9D6722568D7D00348529 /* Types.h */ = {isa = PBXFileReference; lastKnownFileType = sourcecode.c.h; path = Types.h; sourceTree = "<group>"; };
		9E3A9D6822568D7D00348529 /* Types.m */ = {isa = PBXFileReference; lastKnownFileType = sourcecode.c.objc; path = Types.m; sourceTree = "<group>"; };
		9E3A9D6B22568D8D00348529 /* Env.h */ = {isa = PBXFileReference; lastKnownFileType = sourcecode.c.h; path = Env.h; sourceTree = "<group>"; };
		9E3A9D6C22568D8D00348529 /* Env.m */ = {isa = PBXFileReference; lastKnownFileType = sourcecode.c.objc; path = Env.m; sourceTree = "<group>"; };
		9E3A9D6F22568DB100348529 /* Printer.h */ = {isa = PBXFileReference; lastKnownFileType = sourcecode.c.h; path = Printer.h; sourceTree = "<group>"; };
		9E3A9D7022568DB100348529 /* Printer.m */ = {isa = PBXFileReference; lastKnownFileType = sourcecode.c.objc; path = Printer.m; sourceTree = "<group>"; };
		9E3A9D7322568DBD00348529 /* Reader.h */ = {isa = PBXFileReference; lastKnownFileType = sourcecode.c.h; path = Reader.h; sourceTree = "<group>"; };
		9E3A9D7422568DBD00348529 /* Reader.m */ = {isa = PBXFileReference; lastKnownFileType = sourcecode.c.objc; path = Reader.m; sourceTree = "<group>"; };
		9E5D7B49225B947E00970453 /* Terminal.h */ = {isa = PBXFileReference; lastKnownFileType = sourcecode.c.h; path = Terminal.h; sourceTree = "<group>"; };
		9E5D7B4A225B947E00970453 /* Terminal.m */ = {isa = PBXFileReference; lastKnownFileType = sourcecode.c.objc; path = Terminal.m; sourceTree = "<group>"; };
		9E6F444622578E5600777A24 /* JSL.h */ = {isa = PBXFileReference; lastKnownFileType = sourcecode.c.h; path = JSL.h; sourceTree = "<group>"; };
		9E6F444722578E5600777A24 /* JSL.m */ = {isa = PBXFileReference; lastKnownFileType = sourcecode.c.objc; path = JSL.m; sourceTree = "<group>"; };
		9E6F444A2257C00900777A24 /* JSLTests.h */ = {isa = PBXFileReference; lastKnownFileType = sourcecode.c.h; path = JSLTests.h; sourceTree = "<group>"; };
		9E9B6226225B9FC20060DA9A /* FileOps.h */ = {isa = PBXFileReference; lastKnownFileType = sourcecode.c.h; path = FileOps.h; sourceTree = "<group>"; };
		9E9B6227225B9FC20060DA9A /* FileOps.m */ = {isa = PBXFileReference; lastKnownFileType = sourcecode.c.objc; path = FileOps.m; sourceTree = "<group>"; };
		9E9B622A225BAA270060DA9A /* libedit.tbd */ = {isa = PBXFileReference; lastKnownFileType = "sourcecode.text-based-dylib-definition"; name = libedit.tbd; path = usr/lib/libedit.tbd; sourceTree = SDKROOT; };
/* End PBXFileReference section */

/* Begin PBXFrameworksBuildPhase section */
		9E3A9D4722568AFC00348529 /* Frameworks */ = {
			isa = PBXFrameworksBuildPhase;
			buildActionMask = 2147483647;
			files = (
				9E281CF8225A4C790038A5AF /* libreadline.tbd in Frameworks */,
			);
			runOnlyForDeploymentPostprocessing = 0;
		};
		9E3A9D5522568B1300348529 /* Frameworks */ = {
			isa = PBXFrameworksBuildPhase;
			buildActionMask = 2147483647;
			files = (
				9E9B622B225BAA280060DA9A /* libedit.tbd in Frameworks */,
			);
			runOnlyForDeploymentPostprocessing = 0;
		};
/* End PBXFrameworksBuildPhase section */

/* Begin PBXGroup section */
		9E281CF6225A4C780038A5AF /* Frameworks */ = {
			isa = PBXGroup;
			children = (
				9E9B622A225BAA270060DA9A /* libedit.tbd */,
				9E281CF7225A4C790038A5AF /* libreadline.tbd */,
			);
			name = Frameworks;
			sourceTree = "<group>";
		};
		9E30554122612BA4001D4597 /* Types */ = {
			isa = PBXGroup;
			children = (
				9E30554E2261A10F001D4597 /* NSArray+JSDataProtocol.h */,
				9E30554F2261A10F001D4597 /* NSArray+JSDataProtocol.m */,
				9E30554A2261A094001D4597 /* NSDecimalNumber+JSDataProtocol.h */,
				9E30554B2261A094001D4597 /* NSDecimalNumber+JSDataProtocol.m */,
				9E30553D22612AF0001D4597 /* NSMutableArray+JSList.h */,
				9E30553E22612AF0001D4597 /* NSMutableArray+JSList.m */,
				9E30554622619F3F001D4597 /* NSNumber+JSDataProtocol.h */,
				9E30554722619F3F001D4597 /* NSNumber+JSDataProtocol.m */,
				9E30554222612C34001D4597 /* NSString+JSDataProtocol.h */,
				9E30554322612C34001D4597 /* NSString+JSDataProtocol.m */,
				9E3A9D6722568D7D00348529 /* Types.h */,
				9E3A9D6822568D7D00348529 /* Types.m */,
				9E3055522261A162001D4597 /* TypeUtils.h */,
				9E3055532261A162001D4597 /* TypeUtils.m */,
			);
			path = Types;
			sourceTree = "<group>";
		};
		9E3A9D4122568AFC00348529 = {
			isa = PBXGroup;
			children = (
				9E30555C2261C4DC001D4597 /* build */,
				9E281D02225A608D0038A5AF /* test */,
				9E3A9D4C22568AFC00348529 /* JSL */,
				9E3A9D5922568B1300348529 /* JSLTests */,
				9E3A9D4B22568AFC00348529 /* Products */,
				9E281CF6225A4C780038A5AF /* Frameworks */,
			);
			sourceTree = "<group>";
		};
		9E3A9D4B22568AFC00348529 /* Products */ = {
			isa = PBXGroup;
			children = (
				9E3A9D4A22568AFC00348529 /* JSL */,
				9E3A9D5822568B1300348529 /* JSLTests.xctest */,
			);
			name = Products;
			sourceTree = "<group>";
		};
		9E3A9D4C22568AFC00348529 /* JSL */ = {
			isa = PBXGroup;
			children = (
				9E30554122612BA4001D4597 /* Types */,
				9E3A9D4D22568AFC00348529 /* main.m */,
				9E281CEC225908480038A5AF /* Constants.h */,
				9E281CED225908480038A5AF /* Constants.m */,
				9E3A9D6322568D4B00348529 /* Core.h */,
				9E3A9D6422568D4B00348529 /* Core.m */,
				9E3A9D6B22568D8D00348529 /* Env.h */,
				9E3A9D6C22568D8D00348529 /* Env.m */,
				9E9B6226225B9FC20060DA9A /* FileOps.h */,
				9E9B6227225B9FC20060DA9A /* FileOps.m */,
				9E30555E2262633E001D4597 /* JSError.h */,
				9E30555F2262633E001D4597 /* JSError.m */,
				9E6F444622578E5600777A24 /* JSL.h */,
				9E6F444722578E5600777A24 /* JSL.m */,
				9E3055392260FA8F001D4597 /* Logger.h */,
				9E30553A2260FA8F001D4597 /* Logger.m */,
				9E3A9D6F22568DB100348529 /* Printer.h */,
				9E3A9D7022568DB100348529 /* Printer.m */,
				9E3A9D7322568DBD00348529 /* Reader.h */,
				9E3A9D7422568DBD00348529 /* Reader.m */,
				9E5D7B49225B947E00970453 /* Terminal.h */,
				9E5D7B4A225B947E00970453 /* Terminal.m */,
				9E281CE8225890B10038A5AF /* Utils.h */,
				9E281CE9225890B10038A5AF /* Utils.m */,
			);
			path = JSL;
			sourceTree = "<group>";
		};
		9E3A9D5922568B1300348529 /* JSLTests */ = {
			isa = PBXGroup;
			children = (
				9E281CF9225A60760038A5AF /* tests */,
				9E281CFC225A60760038A5AF /* Makefile */,
				9E281CFA225A60760038A5AF /* run_argv_test.sh */,
				9E281CFB225A60760038A5AF /* runtest.py */,
				9E6F444A2257C00900777A24 /* JSLTests.h */,
				9E3A9D5A22568B1300348529 /* JSLTests.m */,
				9E3A9D5C22568B1300348529 /* Info.plist */,
			);
			path = JSLTests;
			sourceTree = "<group>";
		};
/* End PBXGroup section */

/* Begin PBXNativeTarget section */
		9E3A9D4922568AFC00348529 /* JSL */ = {
			isa = PBXNativeTarget;
			buildConfigurationList = 9E3A9D5122568AFC00348529 /* Build configuration list for PBXNativeTarget "JSL" */;
			buildPhases = (
				9E3A9D4622568AFC00348529 /* Sources */,
				9E3A9D4722568AFC00348529 /* Frameworks */,
				9E3A9D4822568AFC00348529 /* CopyFiles */,
			);
			buildRules = (
			);
			dependencies = (
			);
			name = JSL;
			productName = JSL;
			productReference = 9E3A9D4A22568AFC00348529 /* JSL */;
			productType = "com.apple.product-type.tool";
		};
		9E3A9D5722568B1300348529 /* JSLTests */ = {
			isa = PBXNativeTarget;
			buildConfigurationList = 9E3A9D5D22568B1300348529 /* Build configuration list for PBXNativeTarget "JSLTests" */;
			buildPhases = (
				9E3A9D5422568B1300348529 /* Sources */,
				9E3A9D5522568B1300348529 /* Frameworks */,
				9E3A9D5622568B1300348529 /* Resources */,
			);
			buildRules = (
			);
			dependencies = (
			);
			name = JSLTests;
			productName = JSLTests;
			productReference = 9E3A9D5822568B1300348529 /* JSLTests.xctest */;
			productType = "com.apple.product-type.bundle.unit-test";
		};
/* End PBXNativeTarget section */

/* Begin PBXProject section */
		9E3A9D4222568AFC00348529 /* Project object */ = {
			isa = PBXProject;
			attributes = {
				LastUpgradeCheck = 1020;
				ORGANIZATIONNAME = jsloop;
				TargetAttributes = {
					9E3A9D4922568AFC00348529 = {
						CreatedOnToolsVersion = 10.2;
						LastSwiftMigration = 1020;
					};
					9E3A9D5722568B1300348529 = {
						CreatedOnToolsVersion = 10.2;
						LastSwiftMigration = 1020;
					};
				};
			};
			buildConfigurationList = 9E3A9D4522568AFC00348529 /* Build configuration list for PBXProject "JSL" */;
			compatibilityVersion = "Xcode 9.3";
			developmentRegion = en;
			hasScannedForEncodings = 0;
			knownRegions = (
				en,
			);
			mainGroup = 9E3A9D4122568AFC00348529;
			productRefGroup = 9E3A9D4B22568AFC00348529 /* Products */;
			projectDirPath = "";
			projectRoot = "";
			targets = (
				9E3A9D4922568AFC00348529 /* JSL */,
				9E3A9D5722568B1300348529 /* JSLTests */,
			);
		};
/* End PBXProject section */

/* Begin PBXResourcesBuildPhase section */
		9E3A9D5622568B1300348529 /* Resources */ = {
			isa = PBXResourcesBuildPhase;
			buildActionMask = 2147483647;
			files = (
				9E30555D2261C4DD001D4597 /* build in Resources */,
				9E281CFD225A60770038A5AF /* tests in Resources */,
				9E281D03225A608D0038A5AF /* test in Resources */,
				9E281CFE225A60770038A5AF /* run_argv_test.sh in Resources */,
				9E281CFF225A60770038A5AF /* runtest.py in Resources */,
			);
			runOnlyForDeploymentPostprocessing = 0;
		};
/* End PBXResourcesBuildPhase section */

/* Begin PBXSourcesBuildPhase section */
		9E3A9D4622568AFC00348529 /* Sources */ = {
			isa = PBXSourcesBuildPhase;
			buildActionMask = 2147483647;
			files = (
				9E30554C2261A094001D4597 /* NSDecimalNumber+JSDataProtocol.m in Sources */,
				9E6F444822578E5600777A24 /* JSL.m in Sources */,
				9E3A9D6922568D7D00348529 /* Types.m in Sources */,
				9E3A9D6D22568D8D00348529 /* Env.m in Sources */,
				9E281CEA225890B10038A5AF /* Utils.m in Sources */,
				9E3A9D7122568DB100348529 /* Printer.m in Sources */,
				9E30553F22612AF1001D4597 /* NSMutableArray+JSList.m in Sources */,
				9E3055542261A162001D4597 /* TypeUtils.m in Sources */,
				9E3A9D6522568D4B00348529 /* Core.m in Sources */,
				9E30554822619F3F001D4597 /* NSNumber+JSDataProtocol.m in Sources */,
				9E3055502261A10F001D4597 /* NSArray+JSDataProtocol.m in Sources */,
				9E3A9D7522568DBD00348529 /* Reader.m in Sources */,
				9E30553B2260FA8F001D4597 /* Logger.m in Sources */,
				9E5D7B4B225B947E00970453 /* Terminal.m in Sources */,
				9E3A9D4E22568AFC00348529 /* main.m in Sources */,
				9E30554422612C34001D4597 /* NSString+JSDataProtocol.m in Sources */,
				9E3055602262633E001D4597 /* JSError.m in Sources */,
				9E9B6228225B9FC20060DA9A /* FileOps.m in Sources */,
				9E281CEE225908480038A5AF /* Constants.m in Sources */,
			);
			runOnlyForDeploymentPostprocessing = 0;
		};
		9E3A9D5422568B1300348529 /* Sources */ = {
			isa = PBXSourcesBuildPhase;
			buildActionMask = 2147483647;
			files = (
				9E30554D2261A094001D4597 /* NSDecimalNumber+JSDataProtocol.m in Sources */,
				9E6F444922578E5600777A24 /* JSL.m in Sources */,
				9E5D7B4C225B947E00970453 /* Terminal.m in Sources */,
				9E3A9D6A22568D7D00348529 /* Types.m in Sources */,
				9E3A9D6E22568D8D00348529 /* Env.m in Sources */,
				9E281CEB225890B10038A5AF /* Utils.m in Sources */,
				9E30554022612AF1001D4597 /* NSMutableArray+JSList.m in Sources */,
				9E3055552261A162001D4597 /* TypeUtils.m in Sources */,
				9E3A9D7222568DB100348529 /* Printer.m in Sources */,
				9E30554922619F3F001D4597 /* NSNumber+JSDataProtocol.m in Sources */,
				9E3055512261A10F001D4597 /* NSArray+JSDataProtocol.m in Sources */,
				9E3A9D6622568D4B00348529 /* Core.m in Sources */,
				9E30553C2260FA8F001D4597 /* Logger.m in Sources */,
				9E3A9D7622568DBD00348529 /* Reader.m in Sources */,
				9E3A9D5B22568B1300348529 /* JSLTests.m in Sources */,
				9E30554522612C34001D4597 /* NSString+JSDataProtocol.m in Sources */,
				9E3055612262633E001D4597 /* JSError.m in Sources */,
				9E9B6229225B9FC20060DA9A /* FileOps.m in Sources */,
				9E281CEF225908480038A5AF /* Constants.m in Sources */,
			);
			runOnlyForDeploymentPostprocessing = 0;
		};
/* End PBXSourcesBuildPhase section */

/* Begin XCBuildConfiguration section */
		9E3A9D4F22568AFC00348529 /* Debug */ = {
			isa = XCBuildConfiguration;
			buildSettings = {
				ALWAYS_SEARCH_USER_PATHS = NO;
				CLANG_ANALYZER_NONNULL = YES;
				CLANG_ANALYZER_NUMBER_OBJECT_CONVERSION = YES_AGGRESSIVE;
				CLANG_CXX_LANGUAGE_STANDARD = "gnu++14";
				CLANG_CXX_LIBRARY = "libc++";
				CLANG_ENABLE_MODULES = YES;
				CLANG_ENABLE_OBJC_ARC = YES;
				CLANG_ENABLE_OBJC_WEAK = YES;
				CLANG_WARN_BLOCK_CAPTURE_AUTORELEASING = YES;
				CLANG_WARN_BOOL_CONVERSION = YES;
				CLANG_WARN_COMMA = YES;
				CLANG_WARN_CONSTANT_CONVERSION = YES;
				CLANG_WARN_DEPRECATED_OBJC_IMPLEMENTATIONS = YES;
				CLANG_WARN_DIRECT_OBJC_ISA_USAGE = YES_ERROR;
				CLANG_WARN_DOCUMENTATION_COMMENTS = YES;
				CLANG_WARN_EMPTY_BODY = YES;
				CLANG_WARN_ENUM_CONVERSION = YES;
				CLANG_WARN_INFINITE_RECURSION = YES;
				CLANG_WARN_INT_CONVERSION = YES;
				CLANG_WARN_NON_LITERAL_NULL_CONVERSION = YES;
				CLANG_WARN_OBJC_IMPLICIT_RETAIN_SELF = YES;
				CLANG_WARN_OBJC_LITERAL_CONVERSION = YES;
				CLANG_WARN_OBJC_ROOT_CLASS = YES_ERROR;
				CLANG_WARN_RANGE_LOOP_ANALYSIS = YES;
				CLANG_WARN_STRICT_PROTOTYPES = YES;
				CLANG_WARN_SUSPICIOUS_MOVE = YES;
				CLANG_WARN_UNGUARDED_AVAILABILITY = YES_AGGRESSIVE;
				CLANG_WARN_UNREACHABLE_CODE = YES;
				CLANG_WARN__DUPLICATE_METHOD_MATCH = YES;
				CODE_SIGN_IDENTITY = "Mac Developer";
				COPY_PHASE_STRIP = NO;
				DEBUG_INFORMATION_FORMAT = dwarf;
				ENABLE_STRICT_OBJC_MSGSEND = YES;
				ENABLE_TESTABILITY = YES;
				GCC_C_LANGUAGE_STANDARD = gnu11;
				GCC_DYNAMIC_NO_PIC = NO;
				GCC_NO_COMMON_BLOCKS = YES;
				GCC_OPTIMIZATION_LEVEL = 0;
				GCC_PREPROCESSOR_DEFINITIONS = (
					"DEBUG=1",
					"$(inherited)",
				);
				GCC_WARN_64_TO_32_BIT_CONVERSION = YES;
				GCC_WARN_ABOUT_RETURN_TYPE = YES_ERROR;
				GCC_WARN_UNDECLARED_SELECTOR = YES;
				GCC_WARN_UNINITIALIZED_AUTOS = YES_AGGRESSIVE;
				GCC_WARN_UNUSED_FUNCTION = YES;
				GCC_WARN_UNUSED_VARIABLE = YES;
				MACOSX_DEPLOYMENT_TARGET = 10.14;
				MTL_ENABLE_DEBUG_INFO = INCLUDE_SOURCE;
				MTL_FAST_MATH = YES;
				ONLY_ACTIVE_ARCH = YES;
				SDKROOT = macosx;
			};
			name = Debug;
		};
		9E3A9D5022568AFC00348529 /* Release */ = {
			isa = XCBuildConfiguration;
			buildSettings = {
				ALWAYS_SEARCH_USER_PATHS = NO;
				CLANG_ANALYZER_NONNULL = YES;
				CLANG_ANALYZER_NUMBER_OBJECT_CONVERSION = YES_AGGRESSIVE;
				CLANG_CXX_LANGUAGE_STANDARD = "gnu++14";
				CLANG_CXX_LIBRARY = "libc++";
				CLANG_ENABLE_MODULES = YES;
				CLANG_ENABLE_OBJC_ARC = YES;
				CLANG_ENABLE_OBJC_WEAK = YES;
				CLANG_WARN_BLOCK_CAPTURE_AUTORELEASING = YES;
				CLANG_WARN_BOOL_CONVERSION = YES;
				CLANG_WARN_COMMA = YES;
				CLANG_WARN_CONSTANT_CONVERSION = YES;
				CLANG_WARN_DEPRECATED_OBJC_IMPLEMENTATIONS = YES;
				CLANG_WARN_DIRECT_OBJC_ISA_USAGE = YES_ERROR;
				CLANG_WARN_DOCUMENTATION_COMMENTS = YES;
				CLANG_WARN_EMPTY_BODY = YES;
				CLANG_WARN_ENUM_CONVERSION = YES;
				CLANG_WARN_INFINITE_RECURSION = YES;
				CLANG_WARN_INT_CONVERSION = YES;
				CLANG_WARN_NON_LITERAL_NULL_CONVERSION = YES;
				CLANG_WARN_OBJC_IMPLICIT_RETAIN_SELF = YES;
				CLANG_WARN_OBJC_LITERAL_CONVERSION = YES;
				CLANG_WARN_OBJC_ROOT_CLASS = YES_ERROR;
				CLANG_WARN_RANGE_LOOP_ANALYSIS = YES;
				CLANG_WARN_STRICT_PROTOTYPES = YES;
				CLANG_WARN_SUSPICIOUS_MOVE = YES;
				CLANG_WARN_UNGUARDED_AVAILABILITY = YES_AGGRESSIVE;
				CLANG_WARN_UNREACHABLE_CODE = YES;
				CLANG_WARN__DUPLICATE_METHOD_MATCH = YES;
				CODE_SIGN_IDENTITY = "Mac Developer";
				COPY_PHASE_STRIP = NO;
				DEBUG_INFORMATION_FORMAT = "dwarf-with-dsym";
				ENABLE_NS_ASSERTIONS = NO;
				ENABLE_STRICT_OBJC_MSGSEND = YES;
				GCC_C_LANGUAGE_STANDARD = gnu11;
				GCC_NO_COMMON_BLOCKS = YES;
				GCC_WARN_64_TO_32_BIT_CONVERSION = YES;
				GCC_WARN_ABOUT_RETURN_TYPE = YES_ERROR;
				GCC_WARN_UNDECLARED_SELECTOR = YES;
				GCC_WARN_UNINITIALIZED_AUTOS = YES_AGGRESSIVE;
				GCC_WARN_UNUSED_FUNCTION = YES;
				GCC_WARN_UNUSED_VARIABLE = YES;
				MACOSX_DEPLOYMENT_TARGET = 10.14;
				MTL_ENABLE_DEBUG_INFO = NO;
				MTL_FAST_MATH = YES;
				SDKROOT = macosx;
			};
			name = Release;
		};
		9E3A9D5222568AFC00348529 /* Debug */ = {
			isa = XCBuildConfiguration;
			buildSettings = {
				CLANG_ENABLE_MODULES = YES;
				CODE_SIGN_STYLE = Automatic;
				DEVELOPMENT_TEAM = 7S7UE44956;
				ENABLE_STRICT_OBJC_MSGSEND = NO;
				LD_RUNPATH_SEARCH_PATHS = (
					"$(inherited)",
					"@executable_path/../Frameworks",
					"@loader_path/../Frameworks",
				);
				PRODUCT_NAME = "$(TARGET_NAME)";
				SWIFT_OPTIMIZATION_LEVEL = "-Onone";
				SWIFT_VERSION = 5.0;
			};
			name = Debug;
		};
		9E3A9D5322568AFC00348529 /* Release */ = {
			isa = XCBuildConfiguration;
			buildSettings = {
				CLANG_ENABLE_MODULES = YES;
				CODE_SIGN_STYLE = Automatic;
				DEVELOPMENT_TEAM = 7S7UE44956;
				ENABLE_STRICT_OBJC_MSGSEND = NO;
				LD_RUNPATH_SEARCH_PATHS = (
					"$(inherited)",
					"@executable_path/../Frameworks",
					"@loader_path/../Frameworks",
				);
				PRODUCT_NAME = "$(TARGET_NAME)";
				SWIFT_VERSION = 5.0;
			};
			name = Release;
		};
		9E3A9D5E22568B1300348529 /* Debug */ = {
			isa = XCBuildConfiguration;
			buildSettings = {
				CLANG_ENABLE_MODULES = YES;
				CODE_SIGN_STYLE = Automatic;
				COMBINE_HIDPI_IMAGES = YES;
				DEVELOPMENT_TEAM = 7S7UE44956;
				ENABLE_STRICT_OBJC_MSGSEND = NO;
				INFOPLIST_FILE = JSLTests/Info.plist;
				LD_RUNPATH_SEARCH_PATHS = (
					"$(inherited)",
					"@executable_path/../Frameworks",
					"@loader_path/../Frameworks",
				);
				PRODUCT_BUNDLE_IDENTIFIER = net.jsloop.JSLTests;
				PRODUCT_NAME = "$(TARGET_NAME)";
				SWIFT_OPTIMIZATION_LEVEL = "-Onone";
				SWIFT_VERSION = 5.0;
			};
			name = Debug;
		};
		9E3A9D5F22568B1300348529 /* Release */ = {
			isa = XCBuildConfiguration;
			buildSettings = {
				CLANG_ENABLE_MODULES = YES;
				CODE_SIGN_STYLE = Automatic;
				COMBINE_HIDPI_IMAGES = YES;
				DEVELOPMENT_TEAM = 7S7UE44956;
				ENABLE_STRICT_OBJC_MSGSEND = NO;
				INFOPLIST_FILE = JSLTests/Info.plist;
				LD_RUNPATH_SEARCH_PATHS = (
					"$(inherited)",
					"@executable_path/../Frameworks",
					"@loader_path/../Frameworks",
				);
				PRODUCT_BUNDLE_IDENTIFIER = net.jsloop.JSLTests;
				PRODUCT_NAME = "$(TARGET_NAME)";
				SWIFT_VERSION = 5.0;
			};
			name = Release;
		};
/* End XCBuildConfiguration section */

/* Begin XCConfigurationList section */
		9E3A9D4522568AFC00348529 /* Build configuration list for PBXProject "JSL" */ = {
			isa = XCConfigurationList;
			buildConfigurations = (
				9E3A9D4F22568AFC00348529 /* Debug */,
				9E3A9D5022568AFC00348529 /* Release */,
			);
			defaultConfigurationIsVisible = 0;
			defaultConfigurationName = Release;
		};
		9E3A9D5122568AFC00348529 /* Build configuration list for PBXNativeTarget "JSL" */ = {
			isa = XCConfigurationList;
			buildConfigurations = (
				9E3A9D5222568AFC00348529 /* Debug */,
				9E3A9D5322568AFC00348529 /* Release */,
			);
			defaultConfigurationIsVisible = 0;
			defaultConfigurationName = Release;
		};
		9E3A9D5D22568B1300348529 /* Build configuration list for PBXNativeTarget "JSLTests" */ = {
			isa = XCConfigurationList;
			buildConfigurations = (
				9E3A9D5E22568B1300348529 /* Debug */,
				9E3A9D5F22568B1300348529 /* Release */,
			);
			defaultConfigurationIsVisible = 0;
			defaultConfigurationName = Release;
		};
/* End XCConfigurationList section */
	};
	rootObject = 9E3A9D4222568AFC00348529 /* Project object */;
}
