// !$*UTF8*$!
{
	archiveVersion = 1;
	classes = {
	};
	objectVersion = 50;
	objects = {

/* Begin PBXBuildFile section */
		9E1E697722C5377E00E52162 /* FileIOServiceDelegate.h in Headers */ = {isa = PBXBuildFile; fileRef = 9E1E697522C5377E00E52162 /* FileIOServiceDelegate.h */; };
		9E1E697B22C5395500E52162 /* StdIOServiceDelegate.h in Headers */ = {isa = PBXBuildFile; fileRef = 9E1E697A22C5395400E52162 /* StdIOServiceDelegate.h */; };
		9E1E697E22C53EAB00E52162 /* IOService.h in Headers */ = {isa = PBXBuildFile; fileRef = 9E1E697C22C53EAB00E52162 /* IOService.h */; };
		9E1E697F22C53EAB00E52162 /* IOService.m in Sources */ = {isa = PBXBuildFile; fileRef = 9E1E697D22C53EAB00E52162 /* IOService.m */; };
		9E281CF8225A4C790038A5AF /* libreadline.tbd in Frameworks */ = {isa = PBXBuildFile; fileRef = 9E281CF7225A4C790038A5AF /* libreadline.tbd */; };
		9E28ABA02323FE9A00133494 /* DLRegex.h in Headers */ = {isa = PBXBuildFile; fileRef = 9E28AB9E2323FE9A00133494 /* DLRegex.h */; };
		9E28ABA12323FE9A00133494 /* DLRegex.m in Sources */ = {isa = PBXBuildFile; fileRef = 9E28AB9F2323FE9A00133494 /* DLRegex.m */; };
		9E28ABA8232413F400133494 /* NotificationTable.h in Headers */ = {isa = PBXBuildFile; fileRef = 9E28ABA6232413F200133494 /* NotificationTable.h */; };
		9E28ABA9232413F400133494 /* NotificationTable.m in Sources */ = {isa = PBXBuildFile; fileRef = 9E28ABA7232413F300133494 /* NotificationTable.m */; };
		9E28ABB42324293D00133494 /* DLData.h in Headers */ = {isa = PBXBuildFile; fileRef = 9E28ABB22324293D00133494 /* DLData.h */; };
		9E28ABB52324293D00133494 /* DLData.m in Sources */ = {isa = PBXBuildFile; fileRef = 9E28ABB32324293D00133494 /* DLData.m */; };
		9E28E33F232450410024A414 /* DLTableProtocol.h in Headers */ = {isa = PBXBuildFile; fileRef = 9E28E33D232450400024A414 /* DLTableProtocol.h */; };
		9E28E343232451030024A414 /* DLTable.h in Headers */ = {isa = PBXBuildFile; fileRef = 9E28E341232451020024A414 /* DLTable.h */; };
		9E28E344232451030024A414 /* DLTable.m in Sources */ = {isa = PBXBuildFile; fileRef = 9E28E342232451030024A414 /* DLTable.m */; };
		9E326C8C22C7524900B456A2 /* MockStdIOService.m in Sources */ = {isa = PBXBuildFile; fileRef = 9E326C8B22C7524900B456A2 /* MockStdIOService.m */; };
		9E326C8F22C7598F00B456A2 /* MockStdIOService.m in Sources */ = {isa = PBXBuildFile; fileRef = 9E326C8E22C7598F00B456A2 /* MockStdIOService.m */; };
		9E326C9222C7891800B456A2 /* DLLazySequence.h in Headers */ = {isa = PBXBuildFile; fileRef = 9E326C9022C7891800B456A2 /* DLLazySequence.h */; };
		9E326C9322C7891800B456A2 /* DLLazySequence.m in Sources */ = {isa = PBXBuildFile; fileRef = 9E326C9122C7891800B456A2 /* DLLazySequence.m */; };
		9E326C9722C8C5D300B456A2 /* DLLazyFunction.h in Headers */ = {isa = PBXBuildFile; fileRef = 9E326C9522C8C5D100B456A2 /* DLLazyFunction.h */; };
		9E326C9822C8C5D300B456A2 /* DLLazyFunction.m in Sources */ = {isa = PBXBuildFile; fileRef = 9E326C9622C8C5D200B456A2 /* DLLazyFunction.m */; };
		9E3A9D4E22568AFC00348529 /* main.m in Sources */ = {isa = PBXBuildFile; fileRef = 9E3A9D4D22568AFC00348529 /* main.m */; };
		9E3F324B227B694400B56B6A /* core.dlisp in Resources */ = {isa = PBXBuildFile; fileRef = 9E3F324A227B694300B56B6A /* core.dlisp */; };
		9E5D7B4B225B947E00970453 /* Terminal.m in Sources */ = {isa = PBXBuildFile; fileRef = 9E5D7B4A225B947E00970453 /* Terminal.m */; };
		9E5D7B4C225B947E00970453 /* Terminal.m in Sources */ = {isa = PBXBuildFile; fileRef = 9E5D7B4A225B947E00970453 /* Terminal.m */; };
		9E69232223255DFF00B12A65 /* Network.m in Sources */ = {isa = PBXBuildFile; fileRef = 9E69232023255DFD00B12A65 /* Network.m */; };
		9E69232323255DFF00B12A65 /* Network.h in Headers */ = {isa = PBXBuildFile; fileRef = 9E69232123255DFE00B12A65 /* Network.h */; };
		9E69232623255FA900B12A65 /* NetworkSessionTable.h in Headers */ = {isa = PBXBuildFile; fileRef = 9E69232423255FA900B12A65 /* NetworkSessionTable.h */; };
		9E69232723255FA900B12A65 /* NetworkSessionTable.m in Sources */ = {isa = PBXBuildFile; fileRef = 9E69232523255FA900B12A65 /* NetworkSessionTable.m */; };
		9E69232A23255FDC00B12A65 /* NotificationData.h in Headers */ = {isa = PBXBuildFile; fileRef = 9E69232823255FDC00B12A65 /* NotificationData.h */; };
		9E69232B23255FDC00B12A65 /* NotificationData.m in Sources */ = {isa = PBXBuildFile; fileRef = 9E69232923255FDC00B12A65 /* NotificationData.m */; };
		9E69232D2325A31C00B12A65 /* dlisp-test.dlisp in Resources */ = {isa = PBXBuildFile; fileRef = 9E69232C2325A31C00B12A65 /* dlisp-test.dlisp */; };
		9E70861A22ACF2A200ADD464 /* test.dlisp in Resources */ = {isa = PBXBuildFile; fileRef = 9E70861922ACF29600ADD464 /* test.dlisp */; };
		9E741E7B22C12C00009680E8 /* NSArray+DLDataProtocol.m in Sources */ = {isa = PBXBuildFile; fileRef = 9E30554F2261A10F001D4597 /* NSArray+DLDataProtocol.m */; };
		9E741E7C22C12C07009680E8 /* NSDecimalNumber+DLDataProtocol.m in Sources */ = {isa = PBXBuildFile; fileRef = 9E30554B2261A094001D4597 /* NSDecimalNumber+DLDataProtocol.m */; };
		9E741E7D22C12C12009680E8 /* NSMapTable+DLHashMap.m in Sources */ = {isa = PBXBuildFile; fileRef = 9E9458552274EB4400A3D449 /* NSMapTable+DLHashMap.m */; };
		9E741E7E22C12C12009680E8 /* NSMutableArray+DLList.m in Sources */ = {isa = PBXBuildFile; fileRef = 9E30553E22612AF0001D4597 /* NSMutableArray+DLList.m */; };
		9E741E7F22C12C12009680E8 /* NSMutableDictionary+DLHashMap.m in Sources */ = {isa = PBXBuildFile; fileRef = 9E2491E9226C39CA00B9E21C /* NSMutableDictionary+DLHashMap.m */; };
		9E741E8022C12C12009680E8 /* NSNumber+DLDataProtocol.m in Sources */ = {isa = PBXBuildFile; fileRef = 9E30554722619F3F001D4597 /* NSNumber+DLDataProtocol.m */; };
		9E741E8122C12C12009680E8 /* NSString+DLDataProtocol.m in Sources */ = {isa = PBXBuildFile; fileRef = 9E30554322612C34001D4597 /* NSString+DLDataProtocol.m */; };
		9E741E8222C12C23009680E8 /* DLAtom.m in Sources */ = {isa = PBXBuildFile; fileRef = 9E33AACC2275791300A6EB98 /* DLAtom.m */; };
		9E741E8322C12C23009680E8 /* DLBool.m in Sources */ = {isa = PBXBuildFile; fileRef = 9E33AAD42275799200A6EB98 /* DLBool.m */; };
		9E741E8422C12C23009680E8 /* DLFault.m in Sources */ = {isa = PBXBuildFile; fileRef = 9E4F02D62291A1E80064081F /* DLFault.m */; };
		9E741E8522C12C23009680E8 /* DLFunction.m in Sources */ = {isa = PBXBuildFile; fileRef = 9E33AAD8227579C000A6EB98 /* DLFunction.m */; };
		9E741E8622C12C23009680E8 /* DLHashMap.m in Sources */ = {isa = PBXBuildFile; fileRef = 9E94585A2274F04F00A3D449 /* DLHashMap.m */; };
		9E741E8722C12C23009680E8 /* DLKeyword.m in Sources */ = {isa = PBXBuildFile; fileRef = 9E33AAB8227577C000A6EB98 /* DLKeyword.m */; };
		9E741E8822C12C23009680E8 /* DLList.m in Sources */ = {isa = PBXBuildFile; fileRef = 9E33AAC02275786D00A6EB98 /* DLList.m */; };
		9E741E8922C12C23009680E8 /* DLNil.m in Sources */ = {isa = PBXBuildFile; fileRef = 9E33AAD02275796300A6EB98 /* DLNil.m */; };
		9E741E8A22C12C23009680E8 /* DLNumber.m in Sources */ = {isa = PBXBuildFile; fileRef = 9E33AAC8227578E200A6EB98 /* DLNumber.m */; };
		9E741E8B22C12C23009680E8 /* DLString.m in Sources */ = {isa = PBXBuildFile; fileRef = 9E33AAB42275775800A6EB98 /* DLString.m */; };
		9E741E8C22C12C23009680E8 /* DLSymbol.m in Sources */ = {isa = PBXBuildFile; fileRef = 9E33AABC2275783300A6EB98 /* DLSymbol.m */; };
		9E741E8D22C12C23009680E8 /* DLVector.m in Sources */ = {isa = PBXBuildFile; fileRef = 9E33AAC4227578A700A6EB98 /* DLVector.m */; };
		9E741E8E22C12C23009680E8 /* TypeUtils.m in Sources */ = {isa = PBXBuildFile; fileRef = 9E3055532261A162001D4597 /* TypeUtils.m */; };
		9E741E8F22C12C38009680E8 /* CacheTable.m in Sources */ = {isa = PBXBuildFile; fileRef = 9ED5348F22B67FCA004A2CB2 /* CacheTable.m */; };
		9E741E9022C12C38009680E8 /* Const.m in Sources */ = {isa = PBXBuildFile; fileRef = 9E281CED225908480038A5AF /* Const.m */; };
		9E741E9122C12C38009680E8 /* Core.m in Sources */ = {isa = PBXBuildFile; fileRef = 9E3A9D6422568D4B00348529 /* Core.m */; };
		9E741E9222C12C38009680E8 /* Env.m in Sources */ = {isa = PBXBuildFile; fileRef = 9E3A9D6C22568D8D00348529 /* Env.m */; };
		9E741E9322C12C38009680E8 /* FileOps.m in Sources */ = {isa = PBXBuildFile; fileRef = 9E9B6227225B9FC20060DA9A /* FileOps.m */; };
		9E741E9422C12C38009680E8 /* DLError.m in Sources */ = {isa = PBXBuildFile; fileRef = 9E30555F2262633E001D4597 /* DLError.m */; };
		9E741E9522C12C38009680E8 /* DreamLisp.m in Sources */ = {isa = PBXBuildFile; fileRef = 9E6F444722578E5600777A24 /* DreamLisp.m */; };
		9E741E9622C12C38009680E8 /* Logger.m in Sources */ = {isa = PBXBuildFile; fileRef = 9E30553A2260FA8F001D4597 /* Logger.m */; };
		9E741E9722C12C38009680E8 /* ModuleTable.m in Sources */ = {isa = PBXBuildFile; fileRef = 9E250CEB22886ED500EDADEF /* ModuleTable.m */; };
		9E741E9822C12C38009680E8 /* Printer.m in Sources */ = {isa = PBXBuildFile; fileRef = 9E3A9D7022568DB100348529 /* Printer.m */; };
		9E741E9922C12C38009680E8 /* Reader.m in Sources */ = {isa = PBXBuildFile; fileRef = 9E3A9D7422568DBD00348529 /* Reader.m */; };
		9E741E9A22C12C38009680E8 /* State.m in Sources */ = {isa = PBXBuildFile; fileRef = 9E38FC80227F343800405BE5 /* State.m */; };
		9E741E9B22C12C38009680E8 /* SymbolTable.m in Sources */ = {isa = PBXBuildFile; fileRef = 9E43105422BE9C6C00512081 /* SymbolTable.m */; };
		9E741E9C22C12C38009680E8 /* Utils.m in Sources */ = {isa = PBXBuildFile; fileRef = 9E281CE9225890B10038A5AF /* Utils.m */; };
		9E741E9D22C12C42009680E8 /* CacheTableTests.m in Sources */ = {isa = PBXBuildFile; fileRef = 9ED5349222B6991A004A2CB2 /* CacheTableTests.m */; };
		9E741E9E22C12C47009680E8 /* DreamLispPerfTests.m in Sources */ = {isa = PBXBuildFile; fileRef = 9E36651E22BF6781003DC5EF /* DreamLispPerfTests.m */; };
		9E741EA022C12D17009680E8 /* DreamLispTests.m in Sources */ = {isa = PBXBuildFile; fileRef = 9E3A9D5A22568B1300348529 /* DreamLispTests.m */; };
		9E741EA122C12D98009680E8 /* FileOps.h in Headers */ = {isa = PBXBuildFile; fileRef = 9E9B6226225B9FC20060DA9A /* FileOps.h */; };
		9E741EA222C12D9E009680E8 /* NSArray+DLDataProtocol.h in Headers */ = {isa = PBXBuildFile; fileRef = 9E30554E2261A10F001D4597 /* NSArray+DLDataProtocol.h */; };
		9E741EA322C12DAB009680E8 /* NSDecimalNumber+DLDataProtocol.h in Headers */ = {isa = PBXBuildFile; fileRef = 9E30554A2261A094001D4597 /* NSDecimalNumber+DLDataProtocol.h */; };
		9E741EA422C12DAB009680E8 /* NSMapTable+DLHashMap.h in Headers */ = {isa = PBXBuildFile; fileRef = 9E9458542274EB4400A3D449 /* NSMapTable+DLHashMap.h */; };
		9E741EA522C12DAB009680E8 /* NSMutableArray+DLList.h in Headers */ = {isa = PBXBuildFile; fileRef = 9E30553D22612AF0001D4597 /* NSMutableArray+DLList.h */; };
		9E741EA622C12DAB009680E8 /* NSMutableDictionary+DLHashMap.h in Headers */ = {isa = PBXBuildFile; fileRef = 9E2491E8226C39CA00B9E21C /* NSMutableDictionary+DLHashMap.h */; };
		9E741EA722C12DAB009680E8 /* NSNumber+DLDataProtocol.h in Headers */ = {isa = PBXBuildFile; fileRef = 9E30554622619F3F001D4597 /* NSNumber+DLDataProtocol.h */; };
		9E741EA822C12DAB009680E8 /* NSString+DLDataProtocol.h in Headers */ = {isa = PBXBuildFile; fileRef = 9E30554222612C34001D4597 /* NSString+DLDataProtocol.h */; };
		9E741EA922C12DBA009680E8 /* DLAtom.h in Headers */ = {isa = PBXBuildFile; fileRef = 9E33AACB2275791300A6EB98 /* DLAtom.h */; };
		9E741EAA22C12DBA009680E8 /* DLBool.h in Headers */ = {isa = PBXBuildFile; fileRef = 9E33AAD32275799200A6EB98 /* DLBool.h */; };
		9E741EAB22C12DBA009680E8 /* DLDataProtocol.h in Headers */ = {isa = PBXBuildFile; fileRef = 9E33AAAF2275767800A6EB98 /* DLDataProtocol.h */; };
		9E741EAC22C12DBA009680E8 /* DLFault.h in Headers */ = {isa = PBXBuildFile; fileRef = 9E4F02D52291A1E80064081F /* DLFault.h */; };
		9E741EAD22C12DBA009680E8 /* DLFunction.h in Headers */ = {isa = PBXBuildFile; fileRef = 9E33AAD7227579C000A6EB98 /* DLFunction.h */; };
		9E741EAE22C12DBA009680E8 /* DLHashMap.h in Headers */ = {isa = PBXBuildFile; fileRef = 9E9458592274F04F00A3D449 /* DLHashMap.h */; };
		9E741EAF22C12DBA009680E8 /* DLKeyword.h in Headers */ = {isa = PBXBuildFile; fileRef = 9E33AAB7227577C000A6EB98 /* DLKeyword.h */; };
		9E741EB022C12DBA009680E8 /* DLList.h in Headers */ = {isa = PBXBuildFile; fileRef = 9E33AABF2275786D00A6EB98 /* DLList.h */; };
		9E741EB122C12DBA009680E8 /* DLNil.h in Headers */ = {isa = PBXBuildFile; fileRef = 9E33AACF2275796300A6EB98 /* DLNil.h */; };
		9E741EB222C12DBA009680E8 /* DLNumber.h in Headers */ = {isa = PBXBuildFile; fileRef = 9E33AAC7227578E200A6EB98 /* DLNumber.h */; };
		9E741EB322C12DBA009680E8 /* DLString.h in Headers */ = {isa = PBXBuildFile; fileRef = 9E33AAB32275775800A6EB98 /* DLString.h */; };
		9E741EB422C12DBA009680E8 /* DLSymbol.h in Headers */ = {isa = PBXBuildFile; fileRef = 9E33AABB2275783300A6EB98 /* DLSymbol.h */; };
		9E741EB522C12DBA009680E8 /* DLVector.h in Headers */ = {isa = PBXBuildFile; fileRef = 9E33AAC3227578A700A6EB98 /* DLVector.h */; };
		9E741EB622C12DBA009680E8 /* Types.h in Headers */ = {isa = PBXBuildFile; fileRef = 9E3A9D6722568D7D00348529 /* Types.h */; };
		9E741EB722C12DBA009680E8 /* TypeUtils.h in Headers */ = {isa = PBXBuildFile; fileRef = 9E3055522261A162001D4597 /* TypeUtils.h */; };
		9E741EB822C12DCE009680E8 /* CacheTable.h in Headers */ = {isa = PBXBuildFile; fileRef = 9ED5348E22B67FCA004A2CB2 /* CacheTable.h */; };
		9E741EB922C12DCE009680E8 /* Const.h in Headers */ = {isa = PBXBuildFile; fileRef = 9E281CEC225908480038A5AF /* Const.h */; };
		9E741EBA22C12DCE009680E8 /* Core.h in Headers */ = {isa = PBXBuildFile; fileRef = 9E3A9D6322568D4B00348529 /* Core.h */; };
		9E741EBB22C12DCE009680E8 /* Env.h in Headers */ = {isa = PBXBuildFile; fileRef = 9E3A9D6B22568D8D00348529 /* Env.h */; };
		9E741EBE22C12DCE009680E8 /* DLDelegate.h in Headers */ = {isa = PBXBuildFile; fileRef = 9ED5348A22B54E91004A2CB2 /* DLDelegate.h */; };
		9E741EBF22C12DCE009680E8 /* Logger.h in Headers */ = {isa = PBXBuildFile; fileRef = 9E3055392260FA8F001D4597 /* Logger.h */; };
		9E741EC022C12DCE009680E8 /* ModuleTable.h in Headers */ = {isa = PBXBuildFile; fileRef = 9E250CEA22886ED500EDADEF /* ModuleTable.h */; };
		9E741EC122C12DCE009680E8 /* Printer.h in Headers */ = {isa = PBXBuildFile; fileRef = 9E3A9D6F22568DB100348529 /* Printer.h */; };
		9E741EC222C12DCE009680E8 /* Reader.h in Headers */ = {isa = PBXBuildFile; fileRef = 9E3A9D7322568DBD00348529 /* Reader.h */; };
		9E741EC322C12DCE009680E8 /* State.h in Headers */ = {isa = PBXBuildFile; fileRef = 9E38FC7F227F343800405BE5 /* State.h */; };
		9E741EC422C12DCE009680E8 /* SymbolTable.h in Headers */ = {isa = PBXBuildFile; fileRef = 9E43105322BE9C6C00512081 /* SymbolTable.h */; };
		9E741EC522C12DCE009680E8 /* Utils.h in Headers */ = {isa = PBXBuildFile; fileRef = 9E281CE8225890B10038A5AF /* Utils.h */; };
		9E741EC822C13257009680E8 /* core.dlisp in Resources */ = {isa = PBXBuildFile; fileRef = 9E3F324A227B694300B56B6A /* core.dlisp */; };
		9E741EC922C1325C009680E8 /* test.dlisp in Resources */ = {isa = PBXBuildFile; fileRef = 9E70861922ACF29600ADD464 /* test.dlisp */; };
		9E741ED022C13A13009680E8 /* collatz.dlisp in Resources */ = {isa = PBXBuildFile; fileRef = 9E741ECB22C139AA009680E8 /* collatz.dlisp */; };
		9E741ED122C13A13009680E8 /* i.test.dlisp in Resources */ = {isa = PBXBuildFile; fileRef = 9E741ECD22C139B1009680E8 /* i.test.dlisp */; };
		9E741ED222C13A13009680E8 /* module-test.dlisp in Resources */ = {isa = PBXBuildFile; fileRef = 9E741ECE22C139B9009680E8 /* module-test.dlisp */; };
		9E741ED322C13A13009680E8 /* scope.dlisp in Resources */ = {isa = PBXBuildFile; fileRef = 9E741ECF22C139BC009680E8 /* scope.dlisp */; };
		9E741ED422C140C0009680E8 /* DreamLisp.framework in Frameworks */ = {isa = PBXBuildFile; fileRef = 9E7942CF22C12A310086A47F /* DreamLisp.framework */; };
		9E741ED522C140CA009680E8 /* DreamLisp.framework in Frameworks */ = {isa = PBXBuildFile; fileRef = 9E7942CF22C12A310086A47F /* DreamLisp.framework */; };
		9E741EDC22C14556009680E8 /* DLShellTests.m in Sources */ = {isa = PBXBuildFile; fileRef = 9E741EDB22C14556009680E8 /* DLShellTests.m */; };
		9E741EE322C150DA009680E8 /* ShellConst.m in Sources */ = {isa = PBXBuildFile; fileRef = 9E741EE222C150DA009680E8 /* ShellConst.m */; };
		9E741EE422C150DA009680E8 /* ShellConst.m in Sources */ = {isa = PBXBuildFile; fileRef = 9E741EE222C150DA009680E8 /* ShellConst.m */; };
		9E7942D822C12A310086A47F /* DreamLisp.framework in Frameworks */ = {isa = PBXBuildFile; fileRef = 9E7942CF22C12A310086A47F /* DreamLisp.framework */; };
		9E7942DF22C12A320086A47F /* DreamLispLib.h in Headers */ = {isa = PBXBuildFile; fileRef = 9E7942D122C12A310086A47F /* DreamLispLib.h */; settings = {ATTRIBUTES = (Public, ); }; };
		9E8FEB5722D1223F00717127 /* AlgorithmTest.m in Sources */ = {isa = PBXBuildFile; fileRef = 9E8FEB5622D1223F00717127 /* AlgorithmTest.m */; };
		9E8FEB5A22D243FD00717127 /* Algorithm.h in Headers */ = {isa = PBXBuildFile; fileRef = 9E8FEB5822D243FD00717127 /* Algorithm.h */; };
		9E8FEB5B22D243FD00717127 /* Algorithm.m in Sources */ = {isa = PBXBuildFile; fileRef = 9E8FEB5922D243FD00717127 /* Algorithm.m */; };
		9E96593823194F5700B695ED /* DLError.h in Headers */ = {isa = PBXBuildFile; fileRef = 9E96593723194F5600B695ED /* DLError.h */; };
		9E96593A23194F9000B695ED /* DreamLisp.h in Headers */ = {isa = PBXBuildFile; fileRef = 9E96593923194F9000B695ED /* DreamLisp.h */; };
		9E9B622B225BAA280060DA9A /* libedit.tbd in Frameworks */ = {isa = PBXBuildFile; fileRef = 9E9B622A225BAA270060DA9A /* libedit.tbd */; };
/* End PBXBuildFile section */

/* Begin PBXContainerItemProxy section */
		9E741ED922C1431F009680E8 /* PBXContainerItemProxy */ = {
			isa = PBXContainerItemProxy;
			containerPortal = 9E3A9D4222568AFC00348529 /* Project object */;
			proxyType = 1;
			remoteGlobalIDString = 9E7942CE22C12A310086A47F;
			remoteInfo = DreamLisp;
		};
		9E7942D922C12A310086A47F /* PBXContainerItemProxy */ = {
			isa = PBXContainerItemProxy;
			containerPortal = 9E3A9D4222568AFC00348529 /* Project object */;
			proxyType = 1;
			remoteGlobalIDString = 9E7942CE22C12A310086A47F;
			remoteInfo = DreamLisp;
		};
/* End PBXContainerItemProxy section */

/* Begin PBXCopyFilesBuildPhase section */
		9E3A9D4822568AFC00348529 /* CopyFiles */ = {
			isa = PBXCopyFilesBuildPhase;
			buildActionMask = 12;
			dstPath = .;
			dstSubfolderSpec = 16;
			files = (
			);
			runOnlyForDeploymentPostprocessing = 0;
		};
/* End PBXCopyFilesBuildPhase section */

/* Begin PBXFileReference section */
		9E1E697522C5377E00E52162 /* FileIOServiceDelegate.h */ = {isa = PBXFileReference; lastKnownFileType = sourcecode.c.h; path = FileIOServiceDelegate.h; sourceTree = "<group>"; };
		9E1E697A22C5395400E52162 /* StdIOServiceDelegate.h */ = {isa = PBXFileReference; fileEncoding = 4; lastKnownFileType = sourcecode.c.h; path = StdIOServiceDelegate.h; sourceTree = "<group>"; };
		9E1E697C22C53EAB00E52162 /* IOService.h */ = {isa = PBXFileReference; lastKnownFileType = sourcecode.c.h; path = IOService.h; sourceTree = "<group>"; };
		9E1E697D22C53EAB00E52162 /* IOService.m */ = {isa = PBXFileReference; lastKnownFileType = sourcecode.c.objc; path = IOService.m; sourceTree = "<group>"; };
		9E2491E8226C39CA00B9E21C /* NSMutableDictionary+DLHashMap.h */ = {isa = PBXFileReference; lastKnownFileType = sourcecode.c.h; path = "NSMutableDictionary+DLHashMap.h"; sourceTree = "<group>"; };
		9E2491E9226C39CA00B9E21C /* NSMutableDictionary+DLHashMap.m */ = {isa = PBXFileReference; lastKnownFileType = sourcecode.c.objc; path = "NSMutableDictionary+DLHashMap.m"; sourceTree = "<group>"; };
		9E250CEA22886ED500EDADEF /* ModuleTable.h */ = {isa = PBXFileReference; lastKnownFileType = sourcecode.c.h; path = ModuleTable.h; sourceTree = "<group>"; };
		9E250CEB22886ED500EDADEF /* ModuleTable.m */ = {isa = PBXFileReference; lastKnownFileType = sourcecode.c.objc; path = ModuleTable.m; sourceTree = "<group>"; };
		9E281CE8225890B10038A5AF /* Utils.h */ = {isa = PBXFileReference; lastKnownFileType = sourcecode.c.h; path = Utils.h; sourceTree = "<group>"; };
		9E281CE9225890B10038A5AF /* Utils.m */ = {isa = PBXFileReference; lastKnownFileType = sourcecode.c.objc; path = Utils.m; sourceTree = "<group>"; };
		9E281CEC225908480038A5AF /* Const.h */ = {isa = PBXFileReference; lastKnownFileType = sourcecode.c.h; path = Const.h; sourceTree = "<group>"; };
		9E281CED225908480038A5AF /* Const.m */ = {isa = PBXFileReference; lastKnownFileType = sourcecode.c.objc; path = Const.m; sourceTree = "<group>"; };
		9E281CF7225A4C790038A5AF /* libreadline.tbd */ = {isa = PBXFileReference; lastKnownFileType = "sourcecode.text-based-dylib-definition"; name = libreadline.tbd; path = usr/lib/libreadline.tbd; sourceTree = SDKROOT; };
		9E281D02225A608D0038A5AF /* test */ = {isa = PBXFileReference; fileEncoding = 4; lastKnownFileType = text.script.sh; path = test; sourceTree = "<group>"; };
		9E28AB9E2323FE9A00133494 /* DLRegex.h */ = {isa = PBXFileReference; lastKnownFileType = sourcecode.c.h; path = DLRegex.h; sourceTree = "<group>"; };
		9E28AB9F2323FE9A00133494 /* DLRegex.m */ = {isa = PBXFileReference; lastKnownFileType = sourcecode.c.objc; path = DLRegex.m; sourceTree = "<group>"; };
		9E28ABA6232413F200133494 /* NotificationTable.h */ = {isa = PBXFileReference; fileEncoding = 4; lastKnownFileType = sourcecode.c.h; path = NotificationTable.h; sourceTree = "<group>"; };
		9E28ABA7232413F300133494 /* NotificationTable.m */ = {isa = PBXFileReference; fileEncoding = 4; lastKnownFileType = sourcecode.c.objc; path = NotificationTable.m; sourceTree = "<group>"; };
		9E28ABB22324293D00133494 /* DLData.h */ = {isa = PBXFileReference; lastKnownFileType = sourcecode.c.h; path = DLData.h; sourceTree = "<group>"; };
		9E28ABB32324293D00133494 /* DLData.m */ = {isa = PBXFileReference; lastKnownFileType = sourcecode.c.objc; path = DLData.m; sourceTree = "<group>"; };
		9E28E33D232450400024A414 /* DLTableProtocol.h */ = {isa = PBXFileReference; fileEncoding = 4; lastKnownFileType = sourcecode.c.h; path = DLTableProtocol.h; sourceTree = "<group>"; };
		9E28E341232451020024A414 /* DLTable.h */ = {isa = PBXFileReference; lastKnownFileType = sourcecode.c.h; path = DLTable.h; sourceTree = "<group>"; };
		9E28E342232451030024A414 /* DLTable.m */ = {isa = PBXFileReference; lastKnownFileType = sourcecode.c.objc; path = DLTable.m; sourceTree = "<group>"; };
		9E3055392260FA8F001D4597 /* Logger.h */ = {isa = PBXFileReference; lastKnownFileType = sourcecode.c.h; path = Logger.h; sourceTree = "<group>"; };
		9E30553A2260FA8F001D4597 /* Logger.m */ = {isa = PBXFileReference; lastKnownFileType = sourcecode.c.objc; path = Logger.m; sourceTree = "<group>"; };
		9E30553D22612AF0001D4597 /* NSMutableArray+DLList.h */ = {isa = PBXFileReference; lastKnownFileType = sourcecode.c.h; path = "NSMutableArray+DLList.h"; sourceTree = "<group>"; };
		9E30553E22612AF0001D4597 /* NSMutableArray+DLList.m */ = {isa = PBXFileReference; lastKnownFileType = sourcecode.c.objc; path = "NSMutableArray+DLList.m"; sourceTree = "<group>"; };
		9E30554222612C34001D4597 /* NSString+DLDataProtocol.h */ = {isa = PBXFileReference; lastKnownFileType = sourcecode.c.h; path = "NSString+DLDataProtocol.h"; sourceTree = "<group>"; };
		9E30554322612C34001D4597 /* NSString+DLDataProtocol.m */ = {isa = PBXFileReference; lastKnownFileType = sourcecode.c.objc; path = "NSString+DLDataProtocol.m"; sourceTree = "<group>"; };
		9E30554622619F3F001D4597 /* NSNumber+DLDataProtocol.h */ = {isa = PBXFileReference; lastKnownFileType = sourcecode.c.h; path = "NSNumber+DLDataProtocol.h"; sourceTree = "<group>"; };
		9E30554722619F3F001D4597 /* NSNumber+DLDataProtocol.m */ = {isa = PBXFileReference; lastKnownFileType = sourcecode.c.objc; path = "NSNumber+DLDataProtocol.m"; sourceTree = "<group>"; };
		9E30554A2261A094001D4597 /* NSDecimalNumber+DLDataProtocol.h */ = {isa = PBXFileReference; lastKnownFileType = sourcecode.c.h; path = "NSDecimalNumber+DLDataProtocol.h"; sourceTree = "<group>"; };
		9E30554B2261A094001D4597 /* NSDecimalNumber+DLDataProtocol.m */ = {isa = PBXFileReference; lastKnownFileType = sourcecode.c.objc; path = "NSDecimalNumber+DLDataProtocol.m"; sourceTree = "<group>"; };
		9E30554E2261A10F001D4597 /* NSArray+DLDataProtocol.h */ = {isa = PBXFileReference; lastKnownFileType = sourcecode.c.h; path = "NSArray+DLDataProtocol.h"; sourceTree = "<group>"; };
		9E30554F2261A10F001D4597 /* NSArray+DLDataProtocol.m */ = {isa = PBXFileReference; lastKnownFileType = sourcecode.c.objc; path = "NSArray+DLDataProtocol.m"; sourceTree = "<group>"; };
		9E3055522261A162001D4597 /* TypeUtils.h */ = {isa = PBXFileReference; lastKnownFileType = sourcecode.c.h; path = TypeUtils.h; sourceTree = "<group>"; };
		9E3055532261A162001D4597 /* TypeUtils.m */ = {isa = PBXFileReference; lastKnownFileType = sourcecode.c.objc; path = TypeUtils.m; sourceTree = "<group>"; };
		9E30555C2261C4DC001D4597 /* build */ = {isa = PBXFileReference; fileEncoding = 4; lastKnownFileType = text.script.sh; path = build; sourceTree = "<group>"; };
		9E30555F2262633E001D4597 /* DLError.m */ = {isa = PBXFileReference; lastKnownFileType = sourcecode.c.objc; path = DLError.m; sourceTree = "<group>"; };
		9E326C8A22C7524900B456A2 /* MockStdIOService.h */ = {isa = PBXFileReference; lastKnownFileType = sourcecode.c.h; path = MockStdIOService.h; sourceTree = "<group>"; };
		9E326C8B22C7524900B456A2 /* MockStdIOService.m */ = {isa = PBXFileReference; lastKnownFileType = sourcecode.c.objc; path = MockStdIOService.m; sourceTree = "<group>"; };
		9E326C8D22C7598F00B456A2 /* MockStdIOService.h */ = {isa = PBXFileReference; fileEncoding = 4; lastKnownFileType = sourcecode.c.h; path = MockStdIOService.h; sourceTree = "<group>"; };
		9E326C8E22C7598F00B456A2 /* MockStdIOService.m */ = {isa = PBXFileReference; fileEncoding = 4; lastKnownFileType = sourcecode.c.objc; path = MockStdIOService.m; sourceTree = "<group>"; };
		9E326C9022C7891800B456A2 /* DLLazySequence.h */ = {isa = PBXFileReference; lastKnownFileType = sourcecode.c.h; path = DLLazySequence.h; sourceTree = "<group>"; };
		9E326C9122C7891800B456A2 /* DLLazySequence.m */ = {isa = PBXFileReference; lastKnownFileType = sourcecode.c.objc; path = DLLazySequence.m; sourceTree = "<group>"; };
		9E326C9522C8C5D100B456A2 /* DLLazyFunction.h */ = {isa = PBXFileReference; fileEncoding = 4; lastKnownFileType = sourcecode.c.h; path = DLLazyFunction.h; sourceTree = "<group>"; };
		9E326C9622C8C5D200B456A2 /* DLLazyFunction.m */ = {isa = PBXFileReference; fileEncoding = 4; lastKnownFileType = sourcecode.c.objc; path = DLLazyFunction.m; sourceTree = "<group>"; };
		9E33AAAF2275767800A6EB98 /* DLDataProtocol.h */ = {isa = PBXFileReference; lastKnownFileType = sourcecode.c.h; path = DLDataProtocol.h; sourceTree = "<group>"; };
		9E33AAB32275775800A6EB98 /* DLString.h */ = {isa = PBXFileReference; lastKnownFileType = sourcecode.c.h; path = DLString.h; sourceTree = "<group>"; };
		9E33AAB42275775800A6EB98 /* DLString.m */ = {isa = PBXFileReference; lastKnownFileType = sourcecode.c.objc; path = DLString.m; sourceTree = "<group>"; };
		9E33AAB7227577C000A6EB98 /* DLKeyword.h */ = {isa = PBXFileReference; lastKnownFileType = sourcecode.c.h; path = DLKeyword.h; sourceTree = "<group>"; };
		9E33AAB8227577C000A6EB98 /* DLKeyword.m */ = {isa = PBXFileReference; lastKnownFileType = sourcecode.c.objc; path = DLKeyword.m; sourceTree = "<group>"; };
		9E33AABB2275783300A6EB98 /* DLSymbol.h */ = {isa = PBXFileReference; lastKnownFileType = sourcecode.c.h; path = DLSymbol.h; sourceTree = "<group>"; };
		9E33AABC2275783300A6EB98 /* DLSymbol.m */ = {isa = PBXFileReference; lastKnownFileType = sourcecode.c.objc; path = DLSymbol.m; sourceTree = "<group>"; };
		9E33AABF2275786D00A6EB98 /* DLList.h */ = {isa = PBXFileReference; lastKnownFileType = sourcecode.c.h; path = DLList.h; sourceTree = "<group>"; };
		9E33AAC02275786D00A6EB98 /* DLList.m */ = {isa = PBXFileReference; lastKnownFileType = sourcecode.c.objc; path = DLList.m; sourceTree = "<group>"; };
		9E33AAC3227578A700A6EB98 /* DLVector.h */ = {isa = PBXFileReference; lastKnownFileType = sourcecode.c.h; path = DLVector.h; sourceTree = "<group>"; };
		9E33AAC4227578A700A6EB98 /* DLVector.m */ = {isa = PBXFileReference; lastKnownFileType = sourcecode.c.objc; path = DLVector.m; sourceTree = "<group>"; };
		9E33AAC7227578E200A6EB98 /* DLNumber.h */ = {isa = PBXFileReference; lastKnownFileType = sourcecode.c.h; path = DLNumber.h; sourceTree = "<group>"; };
		9E33AAC8227578E200A6EB98 /* DLNumber.m */ = {isa = PBXFileReference; lastKnownFileType = sourcecode.c.objc; path = DLNumber.m; sourceTree = "<group>"; };
		9E33AACB2275791300A6EB98 /* DLAtom.h */ = {isa = PBXFileReference; lastKnownFileType = sourcecode.c.h; path = DLAtom.h; sourceTree = "<group>"; };
		9E33AACC2275791300A6EB98 /* DLAtom.m */ = {isa = PBXFileReference; lastKnownFileType = sourcecode.c.objc; path = DLAtom.m; sourceTree = "<group>"; };
		9E33AACF2275796300A6EB98 /* DLNil.h */ = {isa = PBXFileReference; lastKnownFileType = sourcecode.c.h; path = DLNil.h; sourceTree = "<group>"; };
		9E33AAD02275796300A6EB98 /* DLNil.m */ = {isa = PBXFileReference; lastKnownFileType = sourcecode.c.objc; path = DLNil.m; sourceTree = "<group>"; };
		9E33AAD32275799200A6EB98 /* DLBool.h */ = {isa = PBXFileReference; lastKnownFileType = sourcecode.c.h; path = DLBool.h; sourceTree = "<group>"; };
		9E33AAD42275799200A6EB98 /* DLBool.m */ = {isa = PBXFileReference; lastKnownFileType = sourcecode.c.objc; path = DLBool.m; sourceTree = "<group>"; };
		9E33AAD7227579C000A6EB98 /* DLFunction.h */ = {isa = PBXFileReference; lastKnownFileType = sourcecode.c.h; path = DLFunction.h; sourceTree = "<group>"; };
		9E33AAD8227579C000A6EB98 /* DLFunction.m */ = {isa = PBXFileReference; lastKnownFileType = sourcecode.c.objc; path = DLFunction.m; sourceTree = "<group>"; };
		9E36651E22BF6781003DC5EF /* DreamLispPerfTests.m */ = {isa = PBXFileReference; lastKnownFileType = sourcecode.c.objc; path = DreamLispPerfTests.m; sourceTree = "<group>"; };
		9E38FC7F227F343800405BE5 /* State.h */ = {isa = PBXFileReference; lastKnownFileType = sourcecode.c.h; path = State.h; sourceTree = "<group>"; };
		9E38FC80227F343800405BE5 /* State.m */ = {isa = PBXFileReference; lastKnownFileType = sourcecode.c.objc; path = State.m; sourceTree = "<group>"; };
		9E3A9D4A22568AFC00348529 /* dlisp */ = {isa = PBXFileReference; explicitFileType = "compiled.mach-o.executable"; includeInIndex = 0; path = dlisp; sourceTree = BUILT_PRODUCTS_DIR; };
		9E3A9D4D22568AFC00348529 /* main.m */ = {isa = PBXFileReference; lastKnownFileType = sourcecode.c.objc; path = main.m; sourceTree = "<group>"; };
		9E3A9D5822568B1300348529 /* DreamLispShellTests.xctest */ = {isa = PBXFileReference; explicitFileType = wrapper.cfbundle; includeInIndex = 0; path = DreamLispShellTests.xctest; sourceTree = BUILT_PRODUCTS_DIR; };
		9E3A9D5A22568B1300348529 /* DreamLispTests.m */ = {isa = PBXFileReference; lastKnownFileType = sourcecode.c.objc; path = DreamLispTests.m; sourceTree = "<group>"; };
		9E3A9D5C22568B1300348529 /* Info.plist */ = {isa = PBXFileReference; lastKnownFileType = text.plist.xml; path = Info.plist; sourceTree = "<group>"; };
		9E3A9D6322568D4B00348529 /* Core.h */ = {isa = PBXFileReference; lastKnownFileType = sourcecode.c.h; path = Core.h; sourceTree = "<group>"; };
		9E3A9D6422568D4B00348529 /* Core.m */ = {isa = PBXFileReference; lastKnownFileType = sourcecode.c.objc; path = Core.m; sourceTree = "<group>"; };
		9E3A9D6722568D7D00348529 /* Types.h */ = {isa = PBXFileReference; lastKnownFileType = sourcecode.c.h; path = Types.h; sourceTree = "<group>"; };
		9E3A9D6B22568D8D00348529 /* Env.h */ = {isa = PBXFileReference; lastKnownFileType = sourcecode.c.h; path = Env.h; sourceTree = "<group>"; };
		9E3A9D6C22568D8D00348529 /* Env.m */ = {isa = PBXFileReference; lastKnownFileType = sourcecode.c.objc; path = Env.m; sourceTree = "<group>"; };
		9E3A9D6F22568DB100348529 /* Printer.h */ = {isa = PBXFileReference; lastKnownFileType = sourcecode.c.h; path = Printer.h; sourceTree = "<group>"; };
		9E3A9D7022568DB100348529 /* Printer.m */ = {isa = PBXFileReference; lastKnownFileType = sourcecode.c.objc; path = Printer.m; sourceTree = "<group>"; };
		9E3A9D7322568DBD00348529 /* Reader.h */ = {isa = PBXFileReference; lastKnownFileType = sourcecode.c.h; path = Reader.h; sourceTree = "<group>"; };
		9E3A9D7422568DBD00348529 /* Reader.m */ = {isa = PBXFileReference; lastKnownFileType = sourcecode.c.objc; path = Reader.m; sourceTree = "<group>"; };
		9E3F324A227B694300B56B6A /* core.dlisp */ = {isa = PBXFileReference; fileEncoding = 4; lastKnownFileType = text; path = core.dlisp; sourceTree = "<group>"; };
		9E43105322BE9C6C00512081 /* SymbolTable.h */ = {isa = PBXFileReference; lastKnownFileType = sourcecode.c.h; path = SymbolTable.h; sourceTree = "<group>"; };
		9E43105422BE9C6C00512081 /* SymbolTable.m */ = {isa = PBXFileReference; lastKnownFileType = sourcecode.c.objc; path = SymbolTable.m; sourceTree = "<group>"; };
		9E4F02D52291A1E80064081F /* DLFault.h */ = {isa = PBXFileReference; lastKnownFileType = sourcecode.c.h; path = DLFault.h; sourceTree = "<group>"; };
		9E4F02D62291A1E80064081F /* DLFault.m */ = {isa = PBXFileReference; lastKnownFileType = sourcecode.c.objc; path = DLFault.m; sourceTree = "<group>"; };
		9E5D7B49225B947E00970453 /* Terminal.h */ = {isa = PBXFileReference; lastKnownFileType = sourcecode.c.h; path = Terminal.h; sourceTree = "<group>"; };
		9E5D7B4A225B947E00970453 /* Terminal.m */ = {isa = PBXFileReference; lastKnownFileType = sourcecode.c.objc; path = Terminal.m; sourceTree = "<group>"; };
		9E69232023255DFD00B12A65 /* Network.m */ = {isa = PBXFileReference; fileEncoding = 4; lastKnownFileType = sourcecode.c.objc; path = Network.m; sourceTree = "<group>"; };
		9E69232123255DFE00B12A65 /* Network.h */ = {isa = PBXFileReference; fileEncoding = 4; lastKnownFileType = sourcecode.c.h; path = Network.h; sourceTree = "<group>"; };
		9E69232423255FA900B12A65 /* NetworkSessionTable.h */ = {isa = PBXFileReference; lastKnownFileType = sourcecode.c.h; path = NetworkSessionTable.h; sourceTree = "<group>"; };
		9E69232523255FA900B12A65 /* NetworkSessionTable.m */ = {isa = PBXFileReference; lastKnownFileType = sourcecode.c.objc; path = NetworkSessionTable.m; sourceTree = "<group>"; };
		9E69232823255FDC00B12A65 /* NotificationData.h */ = {isa = PBXFileReference; lastKnownFileType = sourcecode.c.h; path = NotificationData.h; sourceTree = "<group>"; };
		9E69232923255FDC00B12A65 /* NotificationData.m */ = {isa = PBXFileReference; lastKnownFileType = sourcecode.c.objc; path = NotificationData.m; sourceTree = "<group>"; };
		9E69232C2325A31C00B12A65 /* dlisp-test.dlisp */ = {isa = PBXFileReference; lastKnownFileType = text; path = "dlisp-test.dlisp"; sourceTree = "<group>"; };
		9E6F444722578E5600777A24 /* DreamLisp.m */ = {isa = PBXFileReference; lastKnownFileType = sourcecode.c.objc; path = DreamLisp.m; sourceTree = "<group>"; };
		9E70861922ACF29600ADD464 /* test.dlisp */ = {isa = PBXFileReference; lastKnownFileType = text; path = test.dlisp; sourceTree = "<group>"; };
		9E741ECB22C139AA009680E8 /* collatz.dlisp */ = {isa = PBXFileReference; fileEncoding = 4; lastKnownFileType = text; path = collatz.dlisp; sourceTree = "<group>"; };
		9E741ECD22C139B1009680E8 /* i.test.dlisp */ = {isa = PBXFileReference; lastKnownFileType = text; path = i.test.dlisp; sourceTree = "<group>"; };
		9E741ECE22C139B9009680E8 /* module-test.dlisp */ = {isa = PBXFileReference; lastKnownFileType = text; path = "module-test.dlisp"; sourceTree = "<group>"; };
		9E741ECF22C139BC009680E8 /* scope.dlisp */ = {isa = PBXFileReference; lastKnownFileType = text; path = scope.dlisp; sourceTree = "<group>"; };
		9E741ED622C141B2009680E8 /* Info.plist */ = {isa = PBXFileReference; fileEncoding = 4; lastKnownFileType = text.plist.xml; path = Info.plist; sourceTree = "<group>"; };
		9E741EDB22C14556009680E8 /* DLShellTests.m */ = {isa = PBXFileReference; lastKnownFileType = sourcecode.c.objc; path = DLShellTests.m; sourceTree = "<group>"; };
		9E741EE122C150DA009680E8 /* ShellConst.h */ = {isa = PBXFileReference; lastKnownFileType = sourcecode.c.h; path = ShellConst.h; sourceTree = "<group>"; };
		9E741EE222C150DA009680E8 /* ShellConst.m */ = {isa = PBXFileReference; lastKnownFileType = sourcecode.c.objc; path = ShellConst.m; sourceTree = "<group>"; };
		9E7942CF22C12A310086A47F /* DreamLisp.framework */ = {isa = PBXFileReference; explicitFileType = wrapper.framework; includeInIndex = 0; path = DreamLisp.framework; sourceTree = BUILT_PRODUCTS_DIR; };
		9E7942D122C12A310086A47F /* DreamLispLib.h */ = {isa = PBXFileReference; lastKnownFileType = sourcecode.c.h; path = DreamLispLib.h; sourceTree = "<group>"; };
		9E7942D222C12A310086A47F /* Info.plist */ = {isa = PBXFileReference; lastKnownFileType = text.plist.xml; path = Info.plist; sourceTree = "<group>"; };
		9E7942D722C12A310086A47F /* DreamLispTests.xctest */ = {isa = PBXFileReference; explicitFileType = wrapper.cfbundle; includeInIndex = 0; path = DreamLispTests.xctest; sourceTree = BUILT_PRODUCTS_DIR; };
		9E7942DE22C12A320086A47F /* Info.plist */ = {isa = PBXFileReference; lastKnownFileType = text.plist.xml; path = Info.plist; sourceTree = "<group>"; };
		9E8FEB5622D1223F00717127 /* AlgorithmTest.m */ = {isa = PBXFileReference; lastKnownFileType = sourcecode.c.objc; path = AlgorithmTest.m; sourceTree = "<group>"; };
		9E8FEB5822D243FD00717127 /* Algorithm.h */ = {isa = PBXFileReference; lastKnownFileType = sourcecode.c.h; path = Algorithm.h; sourceTree = "<group>"; };
		9E8FEB5922D243FD00717127 /* Algorithm.m */ = {isa = PBXFileReference; lastKnownFileType = sourcecode.c.objc; path = Algorithm.m; sourceTree = "<group>"; };
		9E9458542274EB4400A3D449 /* NSMapTable+DLHashMap.h */ = {isa = PBXFileReference; lastKnownFileType = sourcecode.c.h; path = "NSMapTable+DLHashMap.h"; sourceTree = "<group>"; };
		9E9458552274EB4400A3D449 /* NSMapTable+DLHashMap.m */ = {isa = PBXFileReference; lastKnownFileType = sourcecode.c.objc; path = "NSMapTable+DLHashMap.m"; sourceTree = "<group>"; };
		9E9458592274F04F00A3D449 /* DLHashMap.h */ = {isa = PBXFileReference; lastKnownFileType = sourcecode.c.h; path = DLHashMap.h; sourceTree = "<group>"; };
		9E94585A2274F04F00A3D449 /* DLHashMap.m */ = {isa = PBXFileReference; lastKnownFileType = sourcecode.c.objc; path = DLHashMap.m; sourceTree = "<group>"; };
		9E96593723194F5600B695ED /* DLError.h */ = {isa = PBXFileReference; fileEncoding = 4; lastKnownFileType = sourcecode.c.h; path = DLError.h; sourceTree = "<group>"; };
		9E96593923194F9000B695ED /* DreamLisp.h */ = {isa = PBXFileReference; fileEncoding = 4; lastKnownFileType = sourcecode.c.h; path = DreamLisp.h; sourceTree = "<group>"; };
		9E9B6226225B9FC20060DA9A /* FileOps.h */ = {isa = PBXFileReference; lastKnownFileType = sourcecode.c.h; path = FileOps.h; sourceTree = "<group>"; };
		9E9B6227225B9FC20060DA9A /* FileOps.m */ = {isa = PBXFileReference; lastKnownFileType = sourcecode.c.objc; path = FileOps.m; sourceTree = "<group>"; };
		9E9B622A225BAA270060DA9A /* libedit.tbd */ = {isa = PBXFileReference; lastKnownFileType = "sourcecode.text-based-dylib-definition"; name = libedit.tbd; path = usr/lib/libedit.tbd; sourceTree = SDKROOT; };
		9ED5348A22B54E91004A2CB2 /* DLDelegate.h */ = {isa = PBXFileReference; lastKnownFileType = sourcecode.c.h; path = DLDelegate.h; sourceTree = "<group>"; };
		9ED5348E22B67FCA004A2CB2 /* CacheTable.h */ = {isa = PBXFileReference; lastKnownFileType = sourcecode.c.h; path = CacheTable.h; sourceTree = "<group>"; };
		9ED5348F22B67FCA004A2CB2 /* CacheTable.m */ = {isa = PBXFileReference; lastKnownFileType = sourcecode.c.objc; path = CacheTable.m; sourceTree = "<group>"; };
		9ED5349222B6991A004A2CB2 /* CacheTableTests.m */ = {isa = PBXFileReference; lastKnownFileType = sourcecode.c.objc; path = CacheTableTests.m; sourceTree = "<group>"; };
/* End PBXFileReference section */

/* Begin PBXFrameworksBuildPhase section */
		9E3A9D4722568AFC00348529 /* Frameworks */ = {
			isa = PBXFrameworksBuildPhase;
			buildActionMask = 2147483647;
			files = (
				9E741ED422C140C0009680E8 /* DreamLisp.framework in Frameworks */,
				9E281CF8225A4C790038A5AF /* libreadline.tbd in Frameworks */,
			);
			runOnlyForDeploymentPostprocessing = 0;
		};
		9E3A9D5522568B1300348529 /* Frameworks */ = {
			isa = PBXFrameworksBuildPhase;
			buildActionMask = 2147483647;
			files = (
				9E741ED522C140CA009680E8 /* DreamLisp.framework in Frameworks */,
				9E9B622B225BAA280060DA9A /* libedit.tbd in Frameworks */,
			);
			runOnlyForDeploymentPostprocessing = 0;
		};
		9E7942CC22C12A310086A47F /* Frameworks */ = {
			isa = PBXFrameworksBuildPhase;
			buildActionMask = 2147483647;
			files = (
			);
			runOnlyForDeploymentPostprocessing = 0;
		};
		9E7942D422C12A310086A47F /* Frameworks */ = {
			isa = PBXFrameworksBuildPhase;
			buildActionMask = 2147483647;
			files = (
				9E7942D822C12A310086A47F /* DreamLisp.framework in Frameworks */,
			);
			runOnlyForDeploymentPostprocessing = 0;
		};
/* End PBXFrameworksBuildPhase section */

/* Begin PBXGroup section */
		9E281CF6225A4C780038A5AF /* Frameworks */ = {
			isa = PBXGroup;
			children = (
				9E9B622A225BAA270060DA9A /* libedit.tbd */,
				9E281CF7225A4C790038A5AF /* libreadline.tbd */,
			);
			name = Frameworks;
			sourceTree = "<group>";
		};
		9E30554122612BA4001D4597 /* Types */ = {
			isa = PBXGroup;
			children = (
				9E9458582274F01300A3D449 /* Category */,
				9E33AACB2275791300A6EB98 /* DLAtom.h */,
				9E33AACC2275791300A6EB98 /* DLAtom.m */,
				9E33AAD32275799200A6EB98 /* DLBool.h */,
				9E33AAD42275799200A6EB98 /* DLBool.m */,
				9E28ABB22324293D00133494 /* DLData.h */,
				9E28ABB32324293D00133494 /* DLData.m */,
				9E33AAAF2275767800A6EB98 /* DLDataProtocol.h */,
				9E4F02D52291A1E80064081F /* DLFault.h */,
				9E4F02D62291A1E80064081F /* DLFault.m */,
				9E33AAD7227579C000A6EB98 /* DLFunction.h */,
				9E33AAD8227579C000A6EB98 /* DLFunction.m */,
				9E9458592274F04F00A3D449 /* DLHashMap.h */,
				9E94585A2274F04F00A3D449 /* DLHashMap.m */,
				9E33AAB7227577C000A6EB98 /* DLKeyword.h */,
				9E33AAB8227577C000A6EB98 /* DLKeyword.m */,
				9E326C9522C8C5D100B456A2 /* DLLazyFunction.h */,
				9E326C9622C8C5D200B456A2 /* DLLazyFunction.m */,
				9E326C9022C7891800B456A2 /* DLLazySequence.h */,
				9E326C9122C7891800B456A2 /* DLLazySequence.m */,
				9E33AABF2275786D00A6EB98 /* DLList.h */,
				9E33AAC02275786D00A6EB98 /* DLList.m */,
				9E33AACF2275796300A6EB98 /* DLNil.h */,
				9E33AAD02275796300A6EB98 /* DLNil.m */,
				9E33AAC7227578E200A6EB98 /* DLNumber.h */,
				9E33AAC8227578E200A6EB98 /* DLNumber.m */,
				9E28AB9E2323FE9A00133494 /* DLRegex.h */,
				9E28AB9F2323FE9A00133494 /* DLRegex.m */,
				9E33AAB32275775800A6EB98 /* DLString.h */,
				9E33AAB42275775800A6EB98 /* DLString.m */,
				9E33AABB2275783300A6EB98 /* DLSymbol.h */,
				9E33AABC2275783300A6EB98 /* DLSymbol.m */,
				9E33AAC3227578A700A6EB98 /* DLVector.h */,
				9E33AAC4227578A700A6EB98 /* DLVector.m */,
				9E3A9D6722568D7D00348529 /* Types.h */,
				9E3055522261A162001D4597 /* TypeUtils.h */,
				9E3055532261A162001D4597 /* TypeUtils.m */,
			);
			path = Types;
			sourceTree = "<group>";
		};
		9E3A9D4122568AFC00348529 = {
			isa = PBXGroup;
			children = (
				9E30555C2261C4DC001D4597 /* build */,
				9E281D02225A608D0038A5AF /* test */,
				9E7942D022C12A310086A47F /* DreamLisp */,
				9E7942DB22C12A310086A47F /* DreamLispTests */,
				9E3A9D4C22568AFC00348529 /* DreamLispShell */,
				9E3A9D5922568B1300348529 /* DreamLispShellTests */,
				9E3A9D4B22568AFC00348529 /* Products */,
				9E281CF6225A4C780038A5AF /* Frameworks */,
			);
			sourceTree = "<group>";
		};
		9E3A9D4B22568AFC00348529 /* Products */ = {
			isa = PBXGroup;
			children = (
				9E3A9D4A22568AFC00348529 /* dlisp */,
				9E3A9D5822568B1300348529 /* DreamLispShellTests.xctest */,
				9E7942CF22C12A310086A47F /* DreamLisp.framework */,
				9E7942D722C12A310086A47F /* DreamLispTests.xctest */,
			);
			name = Products;
			sourceTree = "<group>";
		};
		9E3A9D4C22568AFC00348529 /* DreamLispShell */ = {
			isa = PBXGroup;
			children = (
				9E3A9D4D22568AFC00348529 /* main.m */,
				9E741EE122C150DA009680E8 /* ShellConst.h */,
				9E741EE222C150DA009680E8 /* ShellConst.m */,
				9E5D7B49225B947E00970453 /* Terminal.h */,
				9E5D7B4A225B947E00970453 /* Terminal.m */,
				9E741ED622C141B2009680E8 /* Info.plist */,
			);
			path = DreamLispShell;
			sourceTree = "<group>";
		};
		9E3A9D5922568B1300348529 /* DreamLispShellTests */ = {
			isa = PBXGroup;
			children = (
				9E741EDB22C14556009680E8 /* DLShellTests.m */,
				9E326C8D22C7598F00B456A2 /* MockStdIOService.h */,
				9E326C8E22C7598F00B456A2 /* MockStdIOService.m */,
				9E3A9D5C22568B1300348529 /* Info.plist */,
			);
			path = DreamLispShellTests;
			sourceTree = "<group>";
		};
		9E70861722ACF1CB00ADD464 /* Libs */ = {
			isa = PBXGroup;
			children = (
				9E3F324A227B694300B56B6A /* core.dlisp */,
				9E70861922ACF29600ADD464 /* test.dlisp */,
			);
			path = Libs;
			sourceTree = "<group>";
		};
		9E741ECA22C1399C009680E8 /* dlisp */ = {
			isa = PBXGroup;
			children = (
				9E741ECB22C139AA009680E8 /* collatz.dlisp */,
				9E741ECD22C139B1009680E8 /* i.test.dlisp */,
				9E741ECE22C139B9009680E8 /* module-test.dlisp */,
				9E741ECF22C139BC009680E8 /* scope.dlisp */,
				9E69232C2325A31C00B12A65 /* dlisp-test.dlisp */,
			);
			path = dlisp;
			sourceTree = "<group>";
		};
		9E7942D022C12A310086A47F /* DreamLisp */ = {
			isa = PBXGroup;
			children = (
				9E70861722ACF1CB00ADD464 /* Libs */,
				9E30554122612BA4001D4597 /* Types */,
				9E8FEB5822D243FD00717127 /* Algorithm.h */,
				9E8FEB5922D243FD00717127 /* Algorithm.m */,
				9ED5348E22B67FCA004A2CB2 /* CacheTable.h */,
				9ED5348F22B67FCA004A2CB2 /* CacheTable.m */,
				9E281CEC225908480038A5AF /* Const.h */,
				9E281CED225908480038A5AF /* Const.m */,
				9E3A9D6322568D4B00348529 /* Core.h */,
				9E3A9D6422568D4B00348529 /* Core.m */,
				9E28E341232451020024A414 /* DLTable.h */,
				9E28E342232451030024A414 /* DLTable.m */,
				9E28E33D232450400024A414 /* DLTableProtocol.h */,
				9E3A9D6B22568D8D00348529 /* Env.h */,
				9E3A9D6C22568D8D00348529 /* Env.m */,
				9E1E697522C5377E00E52162 /* FileIOServiceDelegate.h */,
				9E9B6226225B9FC20060DA9A /* FileOps.h */,
				9E9B6227225B9FC20060DA9A /* FileOps.m */,
				9E1E697C22C53EAB00E52162 /* IOService.h */,
				9E1E697D22C53EAB00E52162 /* IOService.m */,
				9E96593723194F5600B695ED /* DLError.h */,
				9E30555F2262633E001D4597 /* DLError.m */,
				9E96593923194F9000B695ED /* DreamLisp.h */,
				9E6F444722578E5600777A24 /* DreamLisp.m */,
				9ED5348A22B54E91004A2CB2 /* DLDelegate.h */,
				9E7942D122C12A310086A47F /* DreamLispLib.h */,
				9E3055392260FA8F001D4597 /* Logger.h */,
				9E30553A2260FA8F001D4597 /* Logger.m */,
				9E250CEA22886ED500EDADEF /* ModuleTable.h */,
				9E250CEB22886ED500EDADEF /* ModuleTable.m */,
				9E69232123255DFE00B12A65 /* Network.h */,
				9E69232023255DFD00B12A65 /* Network.m */,
				9E69232423255FA900B12A65 /* NetworkSessionTable.h */,
				9E69232523255FA900B12A65 /* NetworkSessionTable.m */,
				9E69232823255FDC00B12A65 /* NotificationData.h */,
				9E69232923255FDC00B12A65 /* NotificationData.m */,
				9E28ABA6232413F200133494 /* NotificationTable.h */,
				9E28ABA7232413F300133494 /* NotificationTable.m */,
				9E3A9D6F22568DB100348529 /* Printer.h */,
				9E3A9D7022568DB100348529 /* Printer.m */,
				9E3A9D7322568DBD00348529 /* Reader.h */,
				9E3A9D7422568DBD00348529 /* Reader.m */,
				9E38FC7F227F343800405BE5 /* State.h */,
				9E38FC80227F343800405BE5 /* State.m */,
				9E1E697A22C5395400E52162 /* StdIOServiceDelegate.h */,
				9E43105322BE9C6C00512081 /* SymbolTable.h */,
				9E43105422BE9C6C00512081 /* SymbolTable.m */,
				9E281CE8225890B10038A5AF /* Utils.h */,
				9E281CE9225890B10038A5AF /* Utils.m */,
				9E7942D222C12A310086A47F /* Info.plist */,
			);
			path = DreamLisp;
			sourceTree = "<group>";
		};
		9E7942DB22C12A310086A47F /* DreamLispTests */ = {
			isa = PBXGroup;
			children = (
				9E741ECA22C1399C009680E8 /* dlisp */,
				9E8FEB5622D1223F00717127 /* AlgorithmTest.m */,
				9ED5349222B6991A004A2CB2 /* CacheTableTests.m */,
				9E36651E22BF6781003DC5EF /* DreamLispPerfTests.m */,
				9E3A9D5A22568B1300348529 /* DreamLispTests.m */,
				9E326C8A22C7524900B456A2 /* MockStdIOService.h */,
				9E326C8B22C7524900B456A2 /* MockStdIOService.m */,
				9E7942DE22C12A320086A47F /* Info.plist */,
			);
			path = DreamLispTests;
			sourceTree = "<group>";
		};
		9E9458582274F01300A3D449 /* Category */ = {
			isa = PBXGroup;
			children = (
				9E30554E2261A10F001D4597 /* NSArray+DLDataProtocol.h */,
				9E30554F2261A10F001D4597 /* NSArray+DLDataProtocol.m */,
				9E30554A2261A094001D4597 /* NSDecimalNumber+DLDataProtocol.h */,
				9E30554B2261A094001D4597 /* NSDecimalNumber+DLDataProtocol.m */,
				9E9458542274EB4400A3D449 /* NSMapTable+DLHashMap.h */,
				9E9458552274EB4400A3D449 /* NSMapTable+DLHashMap.m */,
				9E30553D22612AF0001D4597 /* NSMutableArray+DLList.h */,
				9E30553E22612AF0001D4597 /* NSMutableArray+DLList.m */,
				9E2491E8226C39CA00B9E21C /* NSMutableDictionary+DLHashMap.h */,
				9E2491E9226C39CA00B9E21C /* NSMutableDictionary+DLHashMap.m */,
				9E30554622619F3F001D4597 /* NSNumber+DLDataProtocol.h */,
				9E30554722619F3F001D4597 /* NSNumber+DLDataProtocol.m */,
				9E30554222612C34001D4597 /* NSString+DLDataProtocol.h */,
				9E30554322612C34001D4597 /* NSString+DLDataProtocol.m */,
			);
			path = Category;
			sourceTree = "<group>";
		};
/* End PBXGroup section */

/* Begin PBXHeadersBuildPhase section */
		9E7942CA22C12A310086A47F /* Headers */ = {
			isa = PBXHeadersBuildPhase;
			buildActionMask = 2147483647;
			files = (
				9E741EBB22C12DCE009680E8 /* Env.h in Headers */,
				9E69232323255DFF00B12A65 /* Network.h in Headers */,
				9E741EAE22C12DBA009680E8 /* DLHashMap.h in Headers */,
				9E741EA222C12D9E009680E8 /* NSArray+DLDataProtocol.h in Headers */,
				9E326C9722C8C5D300B456A2 /* DLLazyFunction.h in Headers */,
				9E741EAC22C12DBA009680E8 /* DLFault.h in Headers */,
				9E741EB122C12DBA009680E8 /* DLNil.h in Headers */,
				9E1E697B22C5395500E52162 /* StdIOServiceDelegate.h in Headers */,
				9E741EB722C12DBA009680E8 /* TypeUtils.h in Headers */,
				9E741EC322C12DCE009680E8 /* State.h in Headers */,
				9E28E33F232450410024A414 /* DLTableProtocol.h in Headers */,
				9E741EC422C12DCE009680E8 /* SymbolTable.h in Headers */,
				9E741EAF22C12DBA009680E8 /* DLKeyword.h in Headers */,
				9E741EC122C12DCE009680E8 /* Printer.h in Headers */,
				9E7942DF22C12A320086A47F /* DreamLispLib.h in Headers */,
				9E96593823194F5700B695ED /* DLError.h in Headers */,
				9E741EB622C12DBA009680E8 /* Types.h in Headers */,
				9E741EC522C12DCE009680E8 /* Utils.h in Headers */,
				9E1E697E22C53EAB00E52162 /* IOService.h in Headers */,
				9E741EA822C12DAB009680E8 /* NSString+DLDataProtocol.h in Headers */,
				9E741EB422C12DBA009680E8 /* DLSymbol.h in Headers */,
				9E741EAB22C12DBA009680E8 /* DLDataProtocol.h in Headers */,
				9E741EA322C12DAB009680E8 /* NSDecimalNumber+DLDataProtocol.h in Headers */,
				9E741EC222C12DCE009680E8 /* Reader.h in Headers */,
				9E741EB822C12DCE009680E8 /* CacheTable.h in Headers */,
				9E741EBA22C12DCE009680E8 /* Core.h in Headers */,
				9E741EAA22C12DBA009680E8 /* DLBool.h in Headers */,
				9E741EA922C12DBA009680E8 /* DLAtom.h in Headers */,
				9E326C9222C7891800B456A2 /* DLLazySequence.h in Headers */,
				9E741EB522C12DBA009680E8 /* DLVector.h in Headers */,
				9E28E343232451030024A414 /* DLTable.h in Headers */,
				9E741EB922C12DCE009680E8 /* Const.h in Headers */,
				9E741EC022C12DCE009680E8 /* ModuleTable.h in Headers */,
				9E69232A23255FDC00B12A65 /* NotificationData.h in Headers */,
				9E741EA122C12D98009680E8 /* FileOps.h in Headers */,
				9E1E697722C5377E00E52162 /* FileIOServiceDelegate.h in Headers */,
				9E8FEB5A22D243FD00717127 /* Algorithm.h in Headers */,
				9E28ABB42324293D00133494 /* DLData.h in Headers */,
				9E741EAD22C12DBA009680E8 /* DLFunction.h in Headers */,
				9E741EB022C12DBA009680E8 /* DLList.h in Headers */,
				9E741EA422C12DAB009680E8 /* NSMapTable+DLHashMap.h in Headers */,
				9E741EBE22C12DCE009680E8 /* DLDelegate.h in Headers */,
				9E741EA722C12DAB009680E8 /* NSNumber+DLDataProtocol.h in Headers */,
				9E96593A23194F9000B695ED /* DreamLisp.h in Headers */,
				9E69232623255FA900B12A65 /* NetworkSessionTable.h in Headers */,
				9E28ABA02323FE9A00133494 /* DLRegex.h in Headers */,
				9E28ABA8232413F400133494 /* NotificationTable.h in Headers */,
				9E741EB322C12DBA009680E8 /* DLString.h in Headers */,
				9E741EA622C12DAB009680E8 /* NSMutableDictionary+DLHashMap.h in Headers */,
				9E741EA522C12DAB009680E8 /* NSMutableArray+DLList.h in Headers */,
				9E741EBF22C12DCE009680E8 /* Logger.h in Headers */,
				9E741EB222C12DBA009680E8 /* DLNumber.h in Headers */,
			);
			runOnlyForDeploymentPostprocessing = 0;
		};
/* End PBXHeadersBuildPhase section */

/* Begin PBXNativeTarget section */
		9E3A9D4922568AFC00348529 /* DreamLispShell */ = {
			isa = PBXNativeTarget;
			buildConfigurationList = 9E3A9D5122568AFC00348529 /* Build configuration list for PBXNativeTarget "DreamLispShell" */;
			buildPhases = (
				9E3A9D4622568AFC00348529 /* Sources */,
				9E3A9D4722568AFC00348529 /* Frameworks */,
				9E3A9D4822568AFC00348529 /* CopyFiles */,
			);
			buildRules = (
			);
			dependencies = (
				9E741EDA22C1431F009680E8 /* PBXTargetDependency */,
			);
			name = DreamLispShell;
			productName = DreamLispShell;
			productReference = 9E3A9D4A22568AFC00348529 /* dlisp */;
			productType = "com.apple.product-type.tool";
		};
		9E3A9D5722568B1300348529 /* DreamLispShellTests */ = {
			isa = PBXNativeTarget;
			buildConfigurationList = 9E3A9D5D22568B1300348529 /* Build configuration list for PBXNativeTarget "DreamLispShellTests" */;
			buildPhases = (
				9E3A9D5422568B1300348529 /* Sources */,
				9E3A9D5522568B1300348529 /* Frameworks */,
				9E3A9D5622568B1300348529 /* Resources */,
			);
			buildRules = (
			);
			dependencies = (
			);
			name = DreamLispShellTests;
			productName = DreamLispShellTests;
			productReference = 9E3A9D5822568B1300348529 /* DreamLispShellTests.xctest */;
			productType = "com.apple.product-type.bundle.unit-test";
		};
		9E7942CE22C12A310086A47F /* DreamLisp */ = {
			isa = PBXNativeTarget;
			buildConfigurationList = 9E7942E422C12A320086A47F /* Build configuration list for PBXNativeTarget "DreamLisp" */;
			buildPhases = (
				9E7942CA22C12A310086A47F /* Headers */,
				9E7942CB22C12A310086A47F /* Sources */,
				9E7942CC22C12A310086A47F /* Frameworks */,
				9E7942CD22C12A310086A47F /* Resources */,
			);
			buildRules = (
			);
			dependencies = (
			);
			name = DreamLisp;
			productName = DreamLisp;
			productReference = 9E7942CF22C12A310086A47F /* DreamLisp.framework */;
			productType = "com.apple.product-type.framework";
		};
		9E7942D622C12A310086A47F /* DreamLispTests */ = {
			isa = PBXNativeTarget;
			buildConfigurationList = 9E7942E522C12A320086A47F /* Build configuration list for PBXNativeTarget "DreamLispTests" */;
			buildPhases = (
				9E7942D322C12A310086A47F /* Sources */,
				9E7942D422C12A310086A47F /* Frameworks */,
				9E7942D522C12A310086A47F /* Resources */,
			);
			buildRules = (
			);
			dependencies = (
				9E7942DA22C12A310086A47F /* PBXTargetDependency */,
			);
			name = DreamLispTests;
			productName = DreamLispTests;
			productReference = 9E7942D722C12A310086A47F /* DreamLispTests.xctest */;
			productType = "com.apple.product-type.bundle.unit-test";
		};
/* End PBXNativeTarget section */

/* Begin PBXProject section */
		9E3A9D4222568AFC00348529 /* Project object */ = {
			isa = PBXProject;
			attributes = {
				LastUpgradeCheck = 1020;
				ORGANIZATIONNAME = DreamLisp;
				TargetAttributes = {
					9E3A9D4922568AFC00348529 = {
						CreatedOnToolsVersion = 10.2;
						LastSwiftMigration = 1020;
					};
					9E3A9D5722568B1300348529 = {
						CreatedOnToolsVersion = 10.2;
						LastSwiftMigration = 1020;
					};
					9E7942CE22C12A310086A47F = {
						CreatedOnToolsVersion = 10.2.1;
					};
					9E7942D622C12A310086A47F = {
						CreatedOnToolsVersion = 10.2.1;
					};
				};
			};
			buildConfigurationList = 9E3A9D4522568AFC00348529 /* Build configuration list for PBXProject "DreamLisp" */;
			compatibilityVersion = "Xcode 9.3";
			developmentRegion = en;
			hasScannedForEncodings = 0;
			knownRegions = (
				en,
				Base,
			);
			mainGroup = 9E3A9D4122568AFC00348529;
			productRefGroup = 9E3A9D4B22568AFC00348529 /* Products */;
			projectDirPath = "";
			projectRoot = "";
			targets = (
				9E7942CE22C12A310086A47F /* DreamLisp */,
				9E7942D622C12A310086A47F /* DreamLispTests */,
				9E3A9D4922568AFC00348529 /* DreamLispShell */,
				9E3A9D5722568B1300348529 /* DreamLispShellTests */,
			);
		};
/* End PBXProject section */

/* Begin PBXResourcesBuildPhase section */
		9E3A9D5622568B1300348529 /* Resources */ = {
			isa = PBXResourcesBuildPhase;
			buildActionMask = 2147483647;
			files = (
				9E3F324B227B694400B56B6A /* core.dlisp in Resources */,
				9E70861A22ACF2A200ADD464 /* test.dlisp in Resources */,
			);
			runOnlyForDeploymentPostprocessing = 0;
		};
		9E7942CD22C12A310086A47F /* Resources */ = {
			isa = PBXResourcesBuildPhase;
			buildActionMask = 2147483647;
			files = (
				9E741EC922C1325C009680E8 /* test.dlisp in Resources */,
				9E741EC822C13257009680E8 /* core.dlisp in Resources */,
			);
			runOnlyForDeploymentPostprocessing = 0;
		};
		9E7942D522C12A310086A47F /* Resources */ = {
			isa = PBXResourcesBuildPhase;
			buildActionMask = 2147483647;
			files = (
				9E741ED022C13A13009680E8 /* collatz.dlisp in Resources */,
				9E69232D2325A31C00B12A65 /* dlisp-test.dlisp in Resources */,
				9E741ED122C13A13009680E8 /* i.test.dlisp in Resources */,
				9E741ED222C13A13009680E8 /* module-test.dlisp in Resources */,
				9E741ED322C13A13009680E8 /* scope.dlisp in Resources */,
			);
			runOnlyForDeploymentPostprocessing = 0;
		};
/* End PBXResourcesBuildPhase section */

/* Begin PBXSourcesBuildPhase section */
		9E3A9D4622568AFC00348529 /* Sources */ = {
			isa = PBXSourcesBuildPhase;
			buildActionMask = 2147483647;
			files = (
				9E5D7B4B225B947E00970453 /* Terminal.m in Sources */,
				9E741EE322C150DA009680E8 /* ShellConst.m in Sources */,
				9E3A9D4E22568AFC00348529 /* main.m in Sources */,
			);
			runOnlyForDeploymentPostprocessing = 0;
		};
		9E3A9D5422568B1300348529 /* Sources */ = {
			isa = PBXSourcesBuildPhase;
			buildActionMask = 2147483647;
			files = (
				9E741EDC22C14556009680E8 /* DLShellTests.m in Sources */,
				9E741EE422C150DA009680E8 /* ShellConst.m in Sources */,
				9E5D7B4C225B947E00970453 /* Terminal.m in Sources */,
				9E326C8F22C7598F00B456A2 /* MockStdIOService.m in Sources */,
			);
			runOnlyForDeploymentPostprocessing = 0;
		};
		9E7942CB22C12A310086A47F /* Sources */ = {
			isa = PBXSourcesBuildPhase;
			buildActionMask = 2147483647;
			files = (
				9E741E7C22C12C07009680E8 /* NSDecimalNumber+DLDataProtocol.m in Sources */,
				9E741E8A22C12C23009680E8 /* DLNumber.m in Sources */,
				9E69232723255FA900B12A65 /* NetworkSessionTable.m in Sources */,
				9E741E7D22C12C12009680E8 /* NSMapTable+DLHashMap.m in Sources */,
				9E741E9A22C12C38009680E8 /* State.m in Sources */,
				9E741E8822C12C23009680E8 /* DLList.m in Sources */,
				9E741E8422C12C23009680E8 /* DLFault.m in Sources */,
				9E741E9922C12C38009680E8 /* Reader.m in Sources */,
				9E741E9022C12C38009680E8 /* Const.m in Sources */,
				9E28E344232451030024A414 /* DLTable.m in Sources */,
				9E741E8E22C12C23009680E8 /* TypeUtils.m in Sources */,
				9E8FEB5B22D243FD00717127 /* Algorithm.m in Sources */,
				9E741E8222C12C23009680E8 /* DLAtom.m in Sources */,
				9E741E8522C12C23009680E8 /* DLFunction.m in Sources */,
				9E741E9422C12C38009680E8 /* DLError.m in Sources */,
				9E741E9B22C12C38009680E8 /* SymbolTable.m in Sources */,
				9E741E9222C12C38009680E8 /* Env.m in Sources */,
				9E741E7E22C12C12009680E8 /* NSMutableArray+DLList.m in Sources */,
				9E741E9822C12C38009680E8 /* Printer.m in Sources */,
				9E741E8922C12C23009680E8 /* DLNil.m in Sources */,
				9E741E7B22C12C00009680E8 /* NSArray+DLDataProtocol.m in Sources */,
				9E741E8122C12C12009680E8 /* NSString+DLDataProtocol.m in Sources */,
				9E741E7F22C12C12009680E8 /* NSMutableDictionary+DLHashMap.m in Sources */,
				9E741E8B22C12C23009680E8 /* DLString.m in Sources */,
				9E741E9122C12C38009680E8 /* Core.m in Sources */,
				9E741E8D22C12C23009680E8 /* DLVector.m in Sources */,
				9E741E9622C12C38009680E8 /* Logger.m in Sources */,
				9E741E9722C12C38009680E8 /* ModuleTable.m in Sources */,
				9E741E8722C12C23009680E8 /* DLKeyword.m in Sources */,
				9E326C9322C7891800B456A2 /* DLLazySequence.m in Sources */,
				9E741E8F22C12C38009680E8 /* CacheTable.m in Sources */,
				9E69232B23255FDC00B12A65 /* NotificationData.m in Sources */,
				9E28ABA9232413F400133494 /* NotificationTable.m in Sources */,
				9E28ABB52324293D00133494 /* DLData.m in Sources */,
				9E741E8C22C12C23009680E8 /* DLSymbol.m in Sources */,
				9E326C9822C8C5D300B456A2 /* DLLazyFunction.m in Sources */,
				9E741E8622C12C23009680E8 /* DLHashMap.m in Sources */,
				9E741E8022C12C12009680E8 /* NSNumber+DLDataProtocol.m in Sources */,
				9E741E9522C12C38009680E8 /* DreamLisp.m in Sources */,
				9E741E8322C12C23009680E8 /* DLBool.m in Sources */,
				9E741E9322C12C38009680E8 /* FileOps.m in Sources */,
				9E69232223255DFF00B12A65 /* Network.m in Sources */,
				9E28ABA12323FE9A00133494 /* DLRegex.m in Sources */,
				9E741E9C22C12C38009680E8 /* Utils.m in Sources */,
				9E1E697F22C53EAB00E52162 /* IOService.m in Sources */,
			);
			runOnlyForDeploymentPostprocessing = 0;
		};
		9E7942D322C12A310086A47F /* Sources */ = {
			isa = PBXSourcesBuildPhase;
			buildActionMask = 2147483647;
			files = (
				9E741E9E22C12C47009680E8 /* DreamLispPerfTests.m in Sources */,
				9E741E9D22C12C42009680E8 /* CacheTableTests.m in Sources */,
				9E741EA022C12D17009680E8 /* DreamLispTests.m in Sources */,
				9E326C8C22C7524900B456A2 /* MockStdIOService.m in Sources */,
				9E8FEB5722D1223F00717127 /* AlgorithmTest.m in Sources */,
			);
			runOnlyForDeploymentPostprocessing = 0;
		};
/* End PBXSourcesBuildPhase section */

/* Begin PBXTargetDependency section */
		9E741EDA22C1431F009680E8 /* PBXTargetDependency */ = {
			isa = PBXTargetDependency;
			target = 9E7942CE22C12A310086A47F /* DreamLisp */;
			targetProxy = 9E741ED922C1431F009680E8 /* PBXContainerItemProxy */;
		};
		9E7942DA22C12A310086A47F /* PBXTargetDependency */ = {
			isa = PBXTargetDependency;
			target = 9E7942CE22C12A310086A47F /* DreamLisp */;
			targetProxy = 9E7942D922C12A310086A47F /* PBXContainerItemProxy */;
		};
/* End PBXTargetDependency section */

/* Begin XCBuildConfiguration section */
		9E3A9D4F22568AFC00348529 /* Debug */ = {
			isa = XCBuildConfiguration;
			buildSettings = {
				ALWAYS_SEARCH_USER_PATHS = NO;
				CLANG_ANALYZER_NONNULL = YES;
				CLANG_ANALYZER_NUMBER_OBJECT_CONVERSION = YES_AGGRESSIVE;
				CLANG_CXX_LANGUAGE_STANDARD = "gnu++14";
				CLANG_CXX_LIBRARY = "libc++";
				CLANG_ENABLE_MODULES = YES;
				CLANG_ENABLE_OBJC_ARC = YES;
				CLANG_ENABLE_OBJC_WEAK = YES;
				CLANG_WARN_BLOCK_CAPTURE_AUTORELEASING = YES;
				CLANG_WARN_BOOL_CONVERSION = YES;
				CLANG_WARN_COMMA = YES;
				CLANG_WARN_CONSTANT_CONVERSION = YES;
				CLANG_WARN_DEPRECATED_OBJC_IMPLEMENTATIONS = YES;
				CLANG_WARN_DIRECT_OBJC_ISA_USAGE = YES_ERROR;
				CLANG_WARN_DOCUMENTATION_COMMENTS = YES;
				CLANG_WARN_EMPTY_BODY = YES;
				CLANG_WARN_ENUM_CONVERSION = YES;
				CLANG_WARN_INFINITE_RECURSION = YES;
				CLANG_WARN_INT_CONVERSION = YES;
				CLANG_WARN_NON_LITERAL_NULL_CONVERSION = YES;
				CLANG_WARN_OBJC_IMPLICIT_RETAIN_SELF = YES;
				CLANG_WARN_OBJC_LITERAL_CONVERSION = YES;
				CLANG_WARN_OBJC_ROOT_CLASS = YES_ERROR;
				CLANG_WARN_RANGE_LOOP_ANALYSIS = YES;
				CLANG_WARN_STRICT_PROTOTYPES = YES;
				CLANG_WARN_SUSPICIOUS_MOVE = YES;
				CLANG_WARN_UNGUARDED_AVAILABILITY = YES_AGGRESSIVE;
				CLANG_WARN_UNREACHABLE_CODE = YES;
				CLANG_WARN__DUPLICATE_METHOD_MATCH = YES;
				CODE_SIGN_IDENTITY = "Mac Developer";
				COPY_PHASE_STRIP = NO;
				DEBUG_INFORMATION_FORMAT = dwarf;
				ENABLE_STRICT_OBJC_MSGSEND = YES;
				ENABLE_TESTABILITY = YES;
				GCC_C_LANGUAGE_STANDARD = gnu11;
				GCC_DYNAMIC_NO_PIC = NO;
				GCC_NO_COMMON_BLOCKS = YES;
				GCC_OPTIMIZATION_LEVEL = 0;
				GCC_PREPROCESSOR_DEFINITIONS = (
					"DEBUG=1",
					"VERBOSE=1",
					"$(inherited)",
				);
				GCC_WARN_64_TO_32_BIT_CONVERSION = YES;
				GCC_WARN_ABOUT_RETURN_TYPE = YES_ERROR;
				GCC_WARN_UNDECLARED_SELECTOR = YES;
				GCC_WARN_UNINITIALIZED_AUTOS = YES_AGGRESSIVE;
				GCC_WARN_UNUSED_FUNCTION = YES;
				GCC_WARN_UNUSED_VARIABLE = YES;
				MACOSX_DEPLOYMENT_TARGET = 10.14;
				MTL_ENABLE_DEBUG_INFO = INCLUDE_SOURCE;
				MTL_FAST_MATH = YES;
				ONLY_ACTIVE_ARCH = YES;
				SDKROOT = macosx;
			};
			name = Debug;
		};
		9E3A9D5022568AFC00348529 /* Release */ = {
			isa = XCBuildConfiguration;
			buildSettings = {
				ALWAYS_SEARCH_USER_PATHS = NO;
				CLANG_ANALYZER_NONNULL = YES;
				CLANG_ANALYZER_NUMBER_OBJECT_CONVERSION = YES_AGGRESSIVE;
				CLANG_CXX_LANGUAGE_STANDARD = "gnu++14";
				CLANG_CXX_LIBRARY = "libc++";
				CLANG_ENABLE_MODULES = YES;
				CLANG_ENABLE_OBJC_ARC = YES;
				CLANG_ENABLE_OBJC_WEAK = YES;
				CLANG_WARN_BLOCK_CAPTURE_AUTORELEASING = YES;
				CLANG_WARN_BOOL_CONVERSION = YES;
				CLANG_WARN_COMMA = YES;
				CLANG_WARN_CONSTANT_CONVERSION = YES;
				CLANG_WARN_DEPRECATED_OBJC_IMPLEMENTATIONS = YES;
				CLANG_WARN_DIRECT_OBJC_ISA_USAGE = YES_ERROR;
				CLANG_WARN_DOCUMENTATION_COMMENTS = YES;
				CLANG_WARN_EMPTY_BODY = YES;
				CLANG_WARN_ENUM_CONVERSION = YES;
				CLANG_WARN_INFINITE_RECURSION = YES;
				CLANG_WARN_INT_CONVERSION = YES;
				CLANG_WARN_NON_LITERAL_NULL_CONVERSION = YES;
				CLANG_WARN_OBJC_IMPLICIT_RETAIN_SELF = YES;
				CLANG_WARN_OBJC_LITERAL_CONVERSION = YES;
				CLANG_WARN_OBJC_ROOT_CLASS = YES_ERROR;
				CLANG_WARN_RANGE_LOOP_ANALYSIS = YES;
				CLANG_WARN_STRICT_PROTOTYPES = YES;
				CLANG_WARN_SUSPICIOUS_MOVE = YES;
				CLANG_WARN_UNGUARDED_AVAILABILITY = YES_AGGRESSIVE;
				CLANG_WARN_UNREACHABLE_CODE = YES;
				CLANG_WARN__DUPLICATE_METHOD_MATCH = YES;
				CODE_SIGN_IDENTITY = "Mac Developer";
				COPY_PHASE_STRIP = NO;
				DEBUG_INFORMATION_FORMAT = "dwarf-with-dsym";
				ENABLE_NS_ASSERTIONS = NO;
				ENABLE_STRICT_OBJC_MSGSEND = YES;
				GCC_C_LANGUAGE_STANDARD = gnu11;
				GCC_NO_COMMON_BLOCKS = YES;
				GCC_WARN_64_TO_32_BIT_CONVERSION = YES;
				GCC_WARN_ABOUT_RETURN_TYPE = YES_ERROR;
				GCC_WARN_UNDECLARED_SELECTOR = YES;
				GCC_WARN_UNINITIALIZED_AUTOS = YES_AGGRESSIVE;
				GCC_WARN_UNUSED_FUNCTION = YES;
				GCC_WARN_UNUSED_VARIABLE = YES;
				MACOSX_DEPLOYMENT_TARGET = 10.14;
				MTL_ENABLE_DEBUG_INFO = NO;
				MTL_FAST_MATH = YES;
				SDKROOT = macosx;
			};
			name = Release;
		};
		9E3A9D5222568AFC00348529 /* Debug */ = {
			isa = XCBuildConfiguration;
			buildSettings = {
				CLANG_ENABLE_MODULES = YES;
				CODE_SIGN_STYLE = Automatic;
				CREATE_INFOPLIST_SECTION_IN_BINARY = YES;
				DEVELOPMENT_TEAM = 7S7UE44956;
				ENABLE_STRICT_OBJC_MSGSEND = NO;
				GCC_PREPROCESSOR_DEFINITIONS = (
					"DEBUG=1",
					"$(inherited)",
				);
				INFOPLIST_FILE = "$(SRCROOT)/DreamLispShell/Info.plist";
				LD_RUNPATH_SEARCH_PATHS = (
					"$(inherited)",
					"@executable_path/../Frameworks",
					"@loader_path/../Frameworks",
				);
				PRODUCT_BUNDLE_IDENTIFIER = net.jsloop.dlisp.shell;
				PRODUCT_NAME = dlisp;
				SWIFT_OPTIMIZATION_LEVEL = "-Onone";
				SWIFT_VERSION = 5.0;
			};
			name = Debug;
		};
		9E3A9D5322568AFC00348529 /* Release */ = {
			isa = XCBuildConfiguration;
			buildSettings = {
				CLANG_ENABLE_MODULES = YES;
				CODE_SIGN_STYLE = Automatic;
				CREATE_INFOPLIST_SECTION_IN_BINARY = YES;
				DEVELOPMENT_TEAM = 7S7UE44956;
				ENABLE_STRICT_OBJC_MSGSEND = NO;
				INFOPLIST_FILE = "$(SRCROOT)/DreamLispShell/Info.plist";
				LD_RUNPATH_SEARCH_PATHS = (
					"$(inherited)",
					"@executable_path/../Frameworks",
					"@loader_path/../Frameworks",
				);
				PRODUCT_BUNDLE_IDENTIFIER = net.jsloop.dlisp.shell;
				PRODUCT_NAME = dlisp;
				SWIFT_VERSION = 5.0;
			};
			name = Release;
		};
		9E3A9D5E22568B1300348529 /* Debug */ = {
			isa = XCBuildConfiguration;
			buildSettings = {
				CLANG_ENABLE_MODULES = YES;
				CODE_SIGN_STYLE = Automatic;
				COMBINE_HIDPI_IMAGES = YES;
				DEVELOPMENT_TEAM = 7S7UE44956;
				ENABLE_STRICT_OBJC_MSGSEND = NO;
				INFOPLIST_FILE = "${PRODUCT_NAME}/Info.plist";
				LD_RUNPATH_SEARCH_PATHS = (
					"$(inherited)",
					"@executable_path/../Frameworks",
					"@loader_path/../Frameworks",
				);
				PRODUCT_BUNDLE_IDENTIFIER = com.dreamlisp.dlisp.DreamLispShellTests;
				PRODUCT_NAME = "$(TARGET_NAME)";
				SWIFT_OPTIMIZATION_LEVEL = "-Onone";
				SWIFT_VERSION = 5.0;
			};
			name = Debug;
		};
		9E3A9D5F22568B1300348529 /* Release */ = {
			isa = XCBuildConfiguration;
			buildSettings = {
				CLANG_ENABLE_MODULES = YES;
				CODE_SIGN_STYLE = Automatic;
				COMBINE_HIDPI_IMAGES = YES;
				DEVELOPMENT_TEAM = 7S7UE44956;
				ENABLE_STRICT_OBJC_MSGSEND = NO;
				INFOPLIST_FILE = "${PRODUCT_NAME}/Info.plist";
				LD_RUNPATH_SEARCH_PATHS = (
					"$(inherited)",
					"@executable_path/../Frameworks",
					"@loader_path/../Frameworks",
				);
				PRODUCT_BUNDLE_IDENTIFIER = com.dreamlisp.dlisp.DreamLispShellTests;
				PRODUCT_NAME = "$(TARGET_NAME)";
				SWIFT_VERSION = 5.0;
			};
			name = Release;
		};
		9E7942E022C12A320086A47F /* Debug */ = {
			isa = XCBuildConfiguration;
			buildSettings = {
				CODE_SIGN_IDENTITY = "";
				CODE_SIGN_STYLE = Automatic;
				COMBINE_HIDPI_IMAGES = YES;
				CURRENT_PROJECT_VERSION = 1;
				DEFINES_MODULE = YES;
				DEVELOPMENT_TEAM = 7S7UE44956;
				DYLIB_COMPATIBILITY_VERSION = 1;
				DYLIB_CURRENT_VERSION = 1;
				DYLIB_INSTALL_NAME_BASE = "@rpath";
				ENABLE_STRICT_OBJC_MSGSEND = NO;
				FRAMEWORK_VERSION = A;
				GCC_PREPROCESSOR_DEFINITIONS = (
					"DEBUG=1",
					"$(inherited)",
				);
				INFOPLIST_FILE = "$(SRCROOT)/DreamLisp/Info.plist";
				INSTALL_PATH = "$(LOCAL_LIBRARY_DIR)/Frameworks";
				LD_RUNPATH_SEARCH_PATHS = (
					"$(inherited)",
					"@executable_path/../Frameworks",
					"@loader_path/Frameworks",
				);
				PRODUCT_BUNDLE_IDENTIFIER = net.jsloop.dlisp;
				PRODUCT_NAME = "$(TARGET_NAME:c99extidentifier)";
				SKIP_INSTALL = YES;
				VERSIONING_SYSTEM = "apple-generic";
				VERSION_INFO_PREFIX = "";
			};
			name = Debug;
		};
		9E7942E122C12A320086A47F /* Release */ = {
			isa = XCBuildConfiguration;
			buildSettings = {
				CODE_SIGN_IDENTITY = "";
				CODE_SIGN_STYLE = Automatic;
				COMBINE_HIDPI_IMAGES = YES;
				CURRENT_PROJECT_VERSION = 1;
				DEFINES_MODULE = YES;
				DEVELOPMENT_TEAM = 7S7UE44956;
				DYLIB_COMPATIBILITY_VERSION = 1;
				DYLIB_CURRENT_VERSION = 1;
				DYLIB_INSTALL_NAME_BASE = "@rpath";
				ENABLE_STRICT_OBJC_MSGSEND = NO;
				FRAMEWORK_VERSION = A;
				INFOPLIST_FILE = "$(SRCROOT)/DreamLisp/Info.plist";
				INSTALL_PATH = "$(LOCAL_LIBRARY_DIR)/Frameworks";
				LD_RUNPATH_SEARCH_PATHS = (
					"$(inherited)",
					"@executable_path/../Frameworks",
					"@loader_path/Frameworks",
				);
				PRODUCT_BUNDLE_IDENTIFIER = net.jsloop.dlisp;
				PRODUCT_NAME = "$(TARGET_NAME:c99extidentifier)";
				SKIP_INSTALL = YES;
				VERSIONING_SYSTEM = "apple-generic";
				VERSION_INFO_PREFIX = "";
			};
			name = Release;
		};
		9E7942E222C12A320086A47F /* Debug */ = {
			isa = XCBuildConfiguration;
			buildSettings = {
				CODE_SIGN_STYLE = Automatic;
				COMBINE_HIDPI_IMAGES = YES;
				DEVELOPMENT_TEAM = 7S7UE44956;
				ENABLE_STRICT_OBJC_MSGSEND = NO;
				GCC_PREPROCESSOR_DEFINITIONS = (
					"DEBUG=1",
					"$(inherited)",
				);
				INFOPLIST_FILE = "$(PRODUCT_NAME)/Info.plist";
				LD_RUNPATH_SEARCH_PATHS = (
					"$(inherited)",
					"@executable_path/../Frameworks",
					"@loader_path/../Frameworks",
				);
				PRODUCT_BUNDLE_IDENTIFIER = com.dreamlisp.dlisp.DreamLispTests;
				PRODUCT_NAME = "$(TARGET_NAME)";
			};
			name = Debug;
		};
		9E7942E322C12A320086A47F /* Release */ = {
			isa = XCBuildConfiguration;
			buildSettings = {
				CODE_SIGN_STYLE = Automatic;
				COMBINE_HIDPI_IMAGES = YES;
				DEVELOPMENT_TEAM = 7S7UE44956;
				ENABLE_STRICT_OBJC_MSGSEND = NO;
				INFOPLIST_FILE = "$(PRODUCT_NAME)/Info.plist";
				LD_RUNPATH_SEARCH_PATHS = (
					"$(inherited)",
					"@executable_path/../Frameworks",
					"@loader_path/../Frameworks",
				);
				PRODUCT_BUNDLE_IDENTIFIER = com.dreamlisp.dlisp.DreamLispTests;
				PRODUCT_NAME = "$(TARGET_NAME)";
			};
			name = Release;
		};
/* End XCBuildConfiguration section */

/* Begin XCConfigurationList section */
		9E3A9D4522568AFC00348529 /* Build configuration list for PBXProject "DreamLisp" */ = {
			isa = XCConfigurationList;
			buildConfigurations = (
				9E3A9D4F22568AFC00348529 /* Debug */,
				9E3A9D5022568AFC00348529 /* Release */,
			);
			defaultConfigurationIsVisible = 0;
			defaultConfigurationName = Release;
		};
		9E3A9D5122568AFC00348529 /* Build configuration list for PBXNativeTarget "DreamLispShell" */ = {
			isa = XCConfigurationList;
			buildConfigurations = (
				9E3A9D5222568AFC00348529 /* Debug */,
				9E3A9D5322568AFC00348529 /* Release */,
			);
			defaultConfigurationIsVisible = 0;
			defaultConfigurationName = Release;
		};
		9E3A9D5D22568B1300348529 /* Build configuration list for PBXNativeTarget "DreamLispShellTests" */ = {
			isa = XCConfigurationList;
			buildConfigurations = (
				9E3A9D5E22568B1300348529 /* Debug */,
				9E3A9D5F22568B1300348529 /* Release */,
			);
			defaultConfigurationIsVisible = 0;
			defaultConfigurationName = Release;
		};
		9E7942E422C12A320086A47F /* Build configuration list for PBXNativeTarget "DreamLisp" */ = {
			isa = XCConfigurationList;
			buildConfigurations = (
				9E7942E022C12A320086A47F /* Debug */,
				9E7942E122C12A320086A47F /* Release */,
			);
			defaultConfigurationIsVisible = 0;
			defaultConfigurationName = Release;
		};
		9E7942E522C12A320086A47F /* Build configuration list for PBXNativeTarget "DreamLispTests" */ = {
			isa = XCConfigurationList;
			buildConfigurations = (
				9E7942E222C12A320086A47F /* Debug */,
				9E7942E322C12A320086A47F /* Release */,
			);
			defaultConfigurationIsVisible = 0;
			defaultConfigurationName = Release;
		};
/* End XCConfigurationList section */
	};
	rootObject = 9E3A9D4222568AFC00348529 /* Project object */;
}
